# Generated by conda-lock.
# platform: osx-64
# input_hash: 233d2ca3931ec31b5a3cdbac69d08bf0eeef1c058281b75ee73f0bba5a7a22d2
@EXPLICIT
https://conda.anaconda.org/conda-forge/noarch/mscorefonts-0.0.1-3.tar.bz2#1e88c07eb93ef0b423c0acc694adcbef
https://conda.anaconda.org/conda-forge/osx-64/ca-certificates-2021.10.8-h033912b_0.tar.bz2#bb82d0243db9882b509702ecb69e38f0
https://conda.anaconda.org/main/noarch/font-ttf-dejavu-sans-mono-2.37-hd3eb1b0_0.tar.bz2#801b4743a301a4e11cbd9609d418e101
https://conda.anaconda.org/conda-forge/noarch/font-ttf-inconsolata-3.000-h77eed37_0.tar.bz2#34893075a5c9e55cdafac56607368fc6
https://conda.anaconda.org/conda-forge/noarch/font-ttf-source-code-pro-2.038-h77eed37_0.tar.bz2#4d59c254e01d9cde7957100457e2d5fb
https://conda.anaconda.org/main/noarch/font-ttf-ubuntu-0.83-h8b1ccd4_0.tar.bz2#0b017158a7cd7c1683e00b4ae688dce4
https://conda.anaconda.org/main/osx-64/fribidi-1.0.10-haf1e3a3_0.tar.bz2#58df1c8d8878f3fe462eb75826d5fbd7
https://conda.anaconda.org/main/osx-64/giflib-5.2.1-haf1e3a3_0.tar.bz2#f7566353480520d8664525672d680538
https://conda.anaconda.org/main/osx-64/jbig-2.1-h4d881f8_0.tar.bz2#46d73d4693f37ce7455d1c01677165fa
https://conda.anaconda.org/main/osx-64/jpeg-9d-h9ed2024_0.tar.bz2#87fd4272cbe959b39df6b4b4a19f1c94
https://conda.anaconda.org/conda-forge/osx-64/libcxx-12.0.1-habf9029_0.tar.bz2#49c188a7f9c7c9ddabafc80cc5625bb7
https://conda.anaconda.org/main/osx-64/libdeflate-1.8-h9ed2024_5.tar.bz2#de57f72e50f345c08abbc808088cfae9
https://conda.anaconda.org/main/osx-64/libiconv-1.16-h1de35cc_0.tar.bz2#958cd626d57ef8782b14e5e64c0cc6e1
https://conda.anaconda.org/main/osx-64/libtool-2.4.6-haf1e3a3_1005.tar.bz2#02ab7bb481ac82cba7f99d0e15cd25f4
https://conda.anaconda.org/conda-forge/osx-64/libwebp-base-1.2.1-h0d85af4_0.tar.bz2#8c6f05a6655b7911c62910343ba806d1
https://conda.anaconda.org/conda-forge/osx-64/libzlib-1.2.11-h9173be1_1013.tar.bz2#a3a6a53beaa92c5cfe52ee3a198e78cc
https://conda.anaconda.org/conda-forge/osx-64/llvm-openmp-12.0.1-hda6cdc1_1.tar.bz2#35b1fd6ed9f0f1c68583dc9c9f672513
https://conda.anaconda.org/conda-forge/osx-64/perl-5.32.1-1_h0d85af4_perl5.tar.bz2#500b89467a589a52ba33a64095aea9c2
https://conda.anaconda.org/main/osx-64/pixman-0.40.0-h9ed2024_1.tar.bz2#ecb58f854cae469740631c23643c9c95
https://conda.anaconda.org/main/osx-64/xz-5.2.5-h1de35cc_0.tar.bz2#9ae05a921d148dc61b64b2685145cf82
https://conda.anaconda.org/main/osx-64/brotli-1.0.9-hb1e8313_2.tar.bz2#2a310a7f0f0337a3953900be08438b06
https://conda.anaconda.org/main/osx-64/expat-2.4.1-h23ab428_2.tar.bz2#66171859c5276727cf03ee082f7596b0
https://conda.anaconda.org/main/noarch/fonts-anaconda-1-h8fa9717_0.tar.bz2#7a445a2d9fbe2a88de8f09e9527f4ce1
https://conda.anaconda.org/main/osx-64/graphite2-1.3.14-h38d11af_0.tar.bz2#c6099339add3abafd5d969778699cc2d
https://conda.anaconda.org/main/osx-64/icu-68.1-h23ab428_0.tar.bz2#aa8486cbdfa5f499508f682a55ce8493
https://conda.anaconda.org/conda-forge/osx-64/lerc-3.0-he49afe7_0.tar.bz2#a1d21f85e4b0d5e27a88ecab5e3961da
https://conda.anaconda.org/main/osx-64/libffi-3.4.2-h23ab428_0.tar.bz2#72a14366fe20e4e47135499d836d50e5
https://conda.anaconda.org/conda-forge/osx-64/libgfortran5-9.3.0-h6c81a4c_23.tar.bz2#a6956ceb628b14594613cefee5127a7a
https://conda.anaconda.org/main/osx-64/lz4-c-1.9.3-h23ab428_1.tar.bz2#8ddb19388a0a9a6b9860d9dc495b5049
https://conda.anaconda.org/main/osx-64/ncurses-6.2-h0a44026_1.tar.bz2#f9b0393a71549899f7b20e100da46904
https://conda.anaconda.org/main/osx-64/ninja-1.10.2-hf7b0b51_1.tar.bz2#2dcab14d91cfe0732acf3c11e830132c
https://conda.anaconda.org/main/osx-64/nodejs-10.13.0-h0a44026_0.tar.bz2#ca49dbaa292548979f85f35378502471
https://conda.anaconda.org/main/osx-64/openssl-1.1.1l-h9ed2024_0.tar.bz2#925300f4cd85e273345086ecfa1ede6e
https://conda.anaconda.org/main/osx-64/pcre-8.45-h23ab428_0.tar.bz2#843db1a9eb10fcc9604c90b2e63272ee
https://conda.anaconda.org/main/osx-64/pkg-config-0.29.2-h3efe00b_8.tar.bz2#3b186bff02439ca4238d5119a6db2606
https://conda.anaconda.org/main/osx-64/tbb-2020.3-h879752b_0.tar.bz2#495f2debd589d580e6d768bc497d8b9d
https://conda.anaconda.org/conda-forge/osx-64/zlib-1.2.11-h9173be1_1013.tar.bz2#cf985617d679990418c380099620b01a
https://conda.anaconda.org/bioconda/osx-64/fastp-0.22.0-hfd59bb5_0.tar.bz2#347389523f2ca1721f38be4f1467812b
https://conda.anaconda.org/main/noarch/fonts-conda-ecosystem-1-hd3eb1b0_0.tar.bz2#81135874e3942ccc48b79c12ec094849
https://conda.anaconda.org/conda-forge/osx-64/libgfortran-5.0.0-9_3_0_h6c81a4c_23.tar.bz2#60f48cef2d50674e0428c5579b6c3f66
https://conda.anaconda.org/main/osx-64/libpng-1.6.37-ha441bb4_0.tar.bz2#256b1d19857d350dc549c64d6857c9a9
https://conda.anaconda.org/conda-forge/osx-64/libxml2-2.9.12-h93ec3fd_0.tar.bz2#3bb7e5cd72ee6520ce6e26600a1283db
https://conda.anaconda.org/main/osx-64/readline-8.1-h9ed2024_0.tar.bz2#837571deab2ef7edabfa8e734889e548
https://conda.anaconda.org/main/osx-64/tk-8.6.11-h7bc2e8c_0.tar.bz2#15c65455e45c51b5f750ee3ebb5593ff
https://conda.anaconda.org/conda-forge/osx-64/zstd-1.5.0-h582d3a0_0.tar.bz2#96a04eeb0146059f0c2d63491f77d6d0
https://conda.anaconda.org/main/osx-64/freetype-2.10.4-ha233b18_0.tar.bz2#14cea7d53c920e67bbd73edaf07d057e
https://conda.anaconda.org/main/osx-64/gettext-0.21.0-h7535e17_0.tar.bz2#ea416bbaf2bd162d9dcc580f33bfe2fd
https://conda.anaconda.org/conda-forge/osx-64/libopenblas-0.3.18-openmp_h3351f45_0.tar.bz2#a0636ed965924977a848fd0d0258cf17
https://conda.anaconda.org/conda-forge/osx-64/libtiff-4.3.0-hd146c10_2.tar.bz2#f83e9c7a6f2458e85a267df87cd57ca1
https://conda.anaconda.org/conda-forge/osx-64/libxslt-1.1.33-h5739fc3_2.tar.bz2#14333dae9eef1116162a1bb6119d3537
https://conda.anaconda.org/main/osx-64/sqlite-3.36.0-hce871da_0.tar.bz2#103625cbd666d5e054ca50e7123d8e6f
https://conda.anaconda.org/main/osx-64/fontconfig-2.13.1-ha9ee91d_0.tar.bz2#be71e4fc79d21cc67605ed0efb61ce4f
https://conda.anaconda.org/main/osx-64/lcms2-2.12-hf1fd2bf_0.tar.bz2#819762fdace9397c0e14a9ed2dcdb829
https://conda.anaconda.org/conda-forge/osx-64/libblas-3.9.0-12_osx64_openblas.tar.bz2#3d38a706f06849a4b08f8a3f642bec93
https://conda.anaconda.org/conda-forge/osx-64/libglib-2.70.0-hf1fb8c0_1.tar.bz2#22121690c99cc2dd4b6a34b7e0dd345b
https://conda.anaconda.org/conda-forge/osx-64/libwebp-1.2.1-h28dabe5_0.tar.bz2#2617773cd4b8e37efec571f2bf93e646
https://conda.anaconda.org/conda-forge/osx-64/openblas-0.3.18-openmp_h12da7db_0.tar.bz2#f0aabc33cb8f811952e338045bc3ea0f
https://conda.anaconda.org/conda-forge/osx-64/python-3.7.12-haf480d7_100_cpython.tar.bz2#058bace71590dc856684ac8d7e75fb07
https://conda.anaconda.org/conda-forge/noarch/bagit-1.8.1-pyhd8ed1ab_0.tar.bz2#fb50f22b353ed3a12f5e8b7c01b58832
https://conda.anaconda.org/bioconda/osx-64/bowtie-1.2.3-py37h770b8ee_0.tar.bz2#d3b93e718eb02fc649d72b7ddd1e7666
https://conda.anaconda.org/main/osx-64/certifi-2021.10.8-py37hecd8cb5_0.tar.bz2#d2ff184180b00c825a5c6200810647a9
https://conda.anaconda.org/conda-forge/noarch/charset-normalizer-2.0.7-pyhd8ed1ab_0.tar.bz2#e273b79412fceb8e8599e2074519012b
https://conda.anaconda.org/main/noarch/click-8.0.3-pyhd3eb1b0_0.tar.bz2#1f6b29974f6c61bc361919fe92bf58cd
https://conda.anaconda.org/main/noarch/dataclasses-0.8-pyh6d0b6a4_7.tar.bz2#c8c177c84b3e5e6145156045660868e9
https://conda.anaconda.org/conda-forge/osx-64/glib-tools-2.70.0-hcf210ce_1.tar.bz2#e9d3351a53682b811fea47ad4d6281f4
https://conda.anaconda.org/main/noarch/idna-3.2-pyhd3eb1b0_0.tar.bz2#446c2327cab1f48ed9f7313e155363ab
https://conda.anaconda.org/conda-forge/osx-64/libcblas-3.9.0-12_osx64_openblas.tar.bz2#0cb9afc4cfdc6e95aa38328fc1befa05
https://conda.anaconda.org/conda-forge/osx-64/libgd-2.3.3-h311d3fc_0.tar.bz2#e0f98f3658d7c759a6017f5357cff411
https://conda.anaconda.org/conda-forge/osx-64/liblapack-3.9.0-12_osx64_openblas.tar.bz2#ca35c8b85ced3a53059c7a001518cbae
https://conda.anaconda.org/main/osx-64/lockfile-0.12.2-py37hecd8cb5_0.tar.bz2#4647a8b0adfe535e983874683e1773ff
https://conda.anaconda.org/main/osx-64/mistune-0.8.4-py37h1de35cc_0.tar.bz2#d1d60c6bb2b142ad18cb2052ff79212b
https://conda.anaconda.org/main/osx-64/msgpack-python-1.0.2-py37hf7b0b51_1.tar.bz2#a0c0a6b1b5ef917e40d1d9d25fca964b
https://conda.anaconda.org/main/noarch/munkres-1.1.4-py_0.tar.bz2#67857cc5e9044770d2b15f9d94a4521d
https://conda.anaconda.org/main/osx-64/mypy_extensions-0.4.3-py37_0.tar.bz2#287402ab3c0eb745ecb763a691a464aa
https://conda.anaconda.org/main/noarch/networkx-2.6.3-pyhd3eb1b0_0.tar.bz2#24cf78aaef1174bff5b6e7ed18364c12
https://conda.anaconda.org/main/osx-64/olefile-0.46-py37_0.tar.bz2#8ccdf16277b606cebea5461777ba3787
https://conda.anaconda.org/conda-forge/noarch/pathspec-0.9.0-pyhd8ed1ab_0.tar.bz2#f93dc0ccbc0a8472624165f6e256c7d1
https://conda.anaconda.org/conda-forge/noarch/platformdirs-2.3.0-pyhd8ed1ab_0.tar.bz2#7bc119135be2a43e1701432399d8c28a
https://conda.anaconda.org/main/noarch/pycparser-2.20-py_2.tar.bz2#bc20c885814700fdc0187918f9aff9ac
https://conda.anaconda.org/conda-forge/noarch/pyparsing-3.0.2-pyhd8ed1ab_0.tar.bz2#db40d5d452ac79d6e9850ba20dbcd17d
https://conda.anaconda.org/main/osx-64/pysocks-1.7.1-py37hecd8cb5_0.tar.bz2#cf526aaa629cea4681f394b64c843732
https://conda.anaconda.org/conda-forge/osx-64/python_abi-3.7-2_cp37m.tar.bz2#4b564389f52917cfe8fbc537284d42e6
https://conda.anaconda.org/main/noarch/pytz-2021.3-pyhd3eb1b0_0.tar.bz2#9d6c5d80787e35781e862f0a5f1492f8
https://conda.anaconda.org/main/osx-64/ruamel.yaml.clib-0.2.2-py37haf1e3a3_0.tar.bz2#87b85cad61f2b8b30fbec0b67cf9efb9
https://conda.anaconda.org/bioconda/noarch/shellescape-3.4.1-py_1.tar.bz2#fe54078488e8cb18154999306fa28742
https://conda.anaconda.org/main/noarch/six-1.16.0-pyhd3eb1b0_0.tar.bz2#4b46cefc41f565ce5a7a5d572d851c49
https://conda.anaconda.org/conda-forge/noarch/tomli-1.2.2-pyhd8ed1ab_0.tar.bz2#1c8a2f9ea18c267414e244cee668cd00
https://conda.anaconda.org/main/osx-64/tornado-6.1-py37h9ed2024_0.tar.bz2#cb076bc030b0b2a3dfdb275a2f7f04ce
https://conda.anaconda.org/main/osx-64/typed-ast-1.4.3-py37h9ed2024_1.tar.bz2#4c6891c12bba600f67ba0a77d6316a72
https://conda.anaconda.org/main/noarch/typing_extensions-3.10.0.2-pyh06a4308_0.tar.bz2#d09d17d9b56d0a70bc42ef11789570ce
https://conda.anaconda.org/main/osx-64/unicodedata2-13.0.0.post2-py37h9ed2024_0.tar.bz2#0f2313776da2278f222a62c9e87404aa
https://conda.anaconda.org/main/osx-64/webencodings-0.5.1-py37_1.tar.bz2#a14bd3b5746f475e9235e249131ab4e4
https://conda.anaconda.org/main/noarch/wheel-0.37.0-pyhd3eb1b0_1.tar.bz2#df67d909e48e4bc8ea0792ece2cae16d
https://conda.anaconda.org/main/noarch/zipp-3.6.0-pyhd3eb1b0_0.tar.bz2#aadbefd3008013a40b76321d79b790e2
https://conda.anaconda.org/conda-forge/osx-64/cffi-1.14.6-py37h446072c_1.tar.bz2#1e296122b54b1084c123176e272a1819
https://conda.anaconda.org/main/osx-64/cycler-0.10.0-py37_0.tar.bz2#d49cf75c0f16d48fc655c179f08b59e2
https://conda.anaconda.org/conda-forge/osx-64/fonttools-4.27.1-py37h271585c_0.tar.bz2#5a8ac0bad0b7cdaecf4ec577f05571c0
https://conda.anaconda.org/conda-forge/osx-64/g-ir-build-tools-1.70.0-py37h4645836_0.tar.bz2#8f3b4e5f8673973ac94d9fa5dff0fcdc
https://conda.anaconda.org/conda-forge/osx-64/glib-2.70.0-hcf210ce_1.tar.bz2#6ec0c46ea7bd755f2ac7a8e23e3ac10e
https://conda.anaconda.org/main/noarch/html5lib-1.1-pyhd3eb1b0_0.tar.bz2#7a9fa936878258757f23ffe4b2e8ecf7
https://conda.anaconda.org/conda-forge/osx-64/humanfriendly-10.0-py37hf985489_0.tar.bz2#3fe31fc2031ff63c4522869eb099e230
https://conda.anaconda.org/main/osx-64/importlib-metadata-4.8.1-py37hecd8cb5_0.tar.bz2#0bfa6924299badfc72990350d1df2d9b
https://conda.anaconda.org/main/noarch/isodate-0.6.0-pyhd3eb1b0_1.tar.bz2#847e7f71e050f3f8e168105822a950c4
https://conda.anaconda.org/conda-forge/osx-64/keepalive-0.5-py37hf985489_5.tar.bz2#6ab2ff6e2328a2f2c7dc835513f798ac
https://conda.anaconda.org/conda-forge/osx-64/kiwisolver-1.3.2-py37h737db71_0.tar.bz2#6f9b5633d87d1b1fa7548558b0d4819a
https://conda.anaconda.org/conda-forge/osx-64/liblapacke-3.9.0-12_osx64_openblas.tar.bz2#39a6086d52da37fdea582d214e86cc5e
https://conda.anaconda.org/conda-forge/osx-64/lxml-4.6.3-py37h250624f_0.tar.bz2#02183c97499e7414f3feee2384d99fb3
https://conda.anaconda.org/main/osx-64/pillow-8.4.0-py37h98e4679_0.tar.bz2#7c33e6236f9cde98cbc7be9efc8f9dd5
https://conda.anaconda.org/conda-forge/osx-64/psutil-5.8.0-py37h271585c_1.tar.bz2#35d263c1450238f58a6f25a779762cf8
https://conda.anaconda.org/main/noarch/python-dateutil-2.8.2-pyhd3eb1b0_0.tar.bz2#2eb923cc014094f4acf7f849d67d73f8
https://conda.anaconda.org/conda-forge/osx-64/regex-2021.10.23-py37h271585c_0.tar.bz2#0aec27d8571c39fb70e7e34d6c28859b
https://conda.anaconda.org/main/osx-64/setuptools-52.0.0-py37hecd8cb5_1.tar.bz2#055fa360d1c8e1aba52caac17581c8df
https://conda.anaconda.org/conda-forge/noarch/black-21.9b0-pyhd8ed1ab_1.tar.bz2#e5c67c8b879d4abcee559838b1920fba
https://conda.anaconda.org/conda-forge/osx-64/blas-devel-3.9.0-12_osx64_openblas.tar.bz2#ba0f3eef3dac039962e627b3d7ae298e
https://conda.anaconda.org/main/osx-64/brotlipy-0.7.0-py37h9ed2024_1003.tar.bz2#410378dfab9b88406e864a1a89b6a4cc
https://conda.anaconda.org/main/osx-64/cairo-1.16.0-h8023c5d_1.tar.bz2#6773b4a22f7d6dceef607adf48ad156d
https://conda.anaconda.org/main/osx-64/coloredlogs-15.0.1-py37hecd8cb5_0.tar.bz2#226b92e10c3e51458da783dd545542bb
https://conda.anaconda.org/conda-forge/osx-64/cryptography-35.0.0-py37h5e77fcc_1.tar.bz2#70fb5cae36e42b7846a73f6cb3817f86
https://conda.anaconda.org/main/osx-64/gts-0.7.6-hd732f65_2.tar.bz2#de1d02ee4d5e3f562328bf84f9a670e7
https://conda.anaconda.org/main/noarch/importlib_metadata-4.8.1-hd3eb1b0_0.tar.bz2#43a1b0f52d5f0bfadeacaadbe689e6f2
https://conda.anaconda.org/conda-forge/noarch/pip-21.2.4-pyhd8ed1ab_0.tar.bz2#4104ada314dd5639ea36cc12bce0a2cd
https://conda.anaconda.org/main/osx-64/ruamel.yaml-0.16.5-py37h1de35cc_1.tar.bz2#cccc012817b21594fa1fdba57144964e
https://conda.anaconda.org/conda-forge/osx-64/sparqlwrapper-1.8.5-py37hf985489_1006.tar.bz2#e72b958011ec77e7c64ec9bcc6b441b1
https://conda.anaconda.org/main/noarch/argcomplete-1.12.3-pyhd3eb1b0_0.tar.bz2#81ddda1312e9afe03a448f7b6a68dd50
https://conda.anaconda.org/conda-forge/osx-64/blas-2.112-openblas.tar.bz2#a46a805cadd68764a955518c8f407581
https://conda.anaconda.org/conda-forge/osx-64/harfbuzz-3.0.0-h159f659_1.tar.bz2#a66f3a32f19f91a61e18b55cee3a0aa8
https://conda.anaconda.org/conda-forge/osx-64/libgirepository-1.70.0-h128b86d_0.tar.bz2#ea0e69e0192f216722187fd9acc93122
https://conda.anaconda.org/conda-forge/noarch/pyopenssl-21.0.0-pyhd8ed1ab_0.tar.bz2#8c49efecb7dca466e18b06015e8c88ce
https://conda.anaconda.org/conda-forge/osx-64/rdflib-4.2.2-py37_1000.tar.bz2#e7ab0b207d288522f889ba7b5e893423
https://conda.anaconda.org/conda-forge/osx-64/g-ir-host-tools-1.70.0-h7190600_0.tar.bz2#873cc7085a27390e3106b19ba490b7e5
https://conda.anaconda.org/main/osx-64/numpy-base-1.19.2-py37h68fea81_0.tar.bz2#7fe181b50a4fc9d6c4954b06dbf90544
https://conda.anaconda.org/conda-forge/osx-64/pango-1.48.10-h056538c_2.tar.bz2#223f4846f40a8c14467bddb24f652985
https://conda.anaconda.org/main/noarch/urllib3-1.26.7-pyhd3eb1b0_0.tar.bz2#9f82a6d1ee4c69359f6cc7e169602eb1
https://conda.anaconda.org/conda-forge/osx-64/gobject-introspection-1.70.0-py37h899b35e_0.tar.bz2#c6d264ae1e0c37aa720065305fc84934
https://conda.anaconda.org/main/osx-64/numpy-1.19.2-py37h63973fd_0.tar.bz2#52d3d552560c42c93cbeb8c9da698aa8
https://conda.anaconda.org/main/noarch/requests-2.26.0-pyhd3eb1b0_0.tar.bz2#84222158477f12beee8a80aac433e669
https://conda.anaconda.org/main/osx-64/atk-1.0-2.36.0-hb642b71_0.tar.bz2#b8eac97ee6c0f859891a17db8677688e
https://conda.anaconda.org/main/noarch/cachecontrol-0.12.6-pyhd3eb1b0_0.tar.bz2#e36a9e71750412b2fcc045ff97953585
https://conda.anaconda.org/main/osx-64/gdk-pixbuf-2.42.6-h712c34a_5.tar.bz2#905500e87c2b282dae52d256bb6c9e4a
https://conda.anaconda.org/main/osx-64/matplotlib-base-3.4.3-py37h0a11d32_0.tar.bz2#07c5167213d8f1ff1b1e35aae270316e
https://conda.anaconda.org/main/osx-64/pandas-1.2.4-py37h23ab428_0.tar.bz2#ffc06ce2739512da9b982a58ef847bb4
https://conda.anaconda.org/conda-forge/osx-64/gtk2-2.24.33-h675d97a_1.tar.bz2#5042a5243c79120f5970ddf050e60bb4
https://conda.anaconda.org/conda-forge/osx-64/librsvg-2.52.3-h02b643e_0.tar.bz2#609b28af67610009a33b057e177bae3e
https://conda.anaconda.org/conda-forge/osx-64/matplotlib-3.4.3-py37hf985489_1.tar.bz2#3685bcb573b031ce59f1ebe7aef91c15
https://conda.anaconda.org/conda-forge/osx-64/schema-salad-8.2.20211020114435-py37h271585c_0.tar.bz2#90f5df70af72a0dc72b4a707de09cfb6
https://conda.anaconda.org/conda-forge/osx-64/graphviz-2.49.1-h77de9ca_0.tar.bz2#277e7399cedcb9202336667a026d39f3
https://conda.anaconda.org/conda-forge/osx-64/pydot-1.4.2-py37hf985489_0.tar.bz2#3e724aca2da69ba4f6ff40eeea36799c
https://conda.anaconda.org/main/noarch/pydotplus-2.0.2-py_3.tar.bz2#cfb123d1e6b3375ae2acab4c290390ae
https://conda.anaconda.org/conda-forge/noarch/prov-1.5.1-py_1.tar.bz2#66e578dc9f4bfe65728ad547a81cd6dd
https://conda.anaconda.org/conda-forge/osx-64/cwltool-3.1.20211001174446-py37h6871eb5_0.tar.bz2#c2fa00f2e43d7c9cfaa8364d6046dcf2
