# Generated by conda-lock.
# platform: linux-64
# input_hash: ef26dba2670179c6605442a613aa0567cc43b352efe64eaefbb5399ddc41e110
@EXPLICIT
https://conda.anaconda.org/conda-forge/linux-64/_libgcc_mutex-0.1-conda_forge.tar.bz2#d7c89558ba9fa0495403155b64376d81
https://conda.anaconda.org/conda-forge/noarch/_r-mutex-1.0.1-anacondar_1.tar.bz2#19f9db5f4f1b7f5ef5f6d67207f25f38
https://conda.anaconda.org/conda-forge/linux-64/ca-certificates-2022.9.24-ha878542_0.tar.bz2#41e4e87062433e283696cf384f952ef6
https://conda.anaconda.org/main/noarch/font-ttf-dejavu-sans-mono-2.37-hd3eb1b0_0.tar.bz2#801b4743a301a4e11cbd9609d418e101
https://conda.anaconda.org/conda-forge/noarch/font-ttf-inconsolata-3.000-h77eed37_0.tar.bz2#34893075a5c9e55cdafac56607368fc6
https://conda.anaconda.org/conda-forge/noarch/font-ttf-source-code-pro-2.038-h77eed37_0.tar.bz2#4d59c254e01d9cde7957100457e2d5fb
https://conda.anaconda.org/main/noarch/font-ttf-ubuntu-0.83-h8b1ccd4_0.tar.bz2#0b017158a7cd7c1683e00b4ae688dce4
https://conda.anaconda.org/conda-forge/noarch/kernel-headers_linux-64-2.6.32-he073ed8_15.tar.bz2#5dd5127afd710f91f6a75821bac0a4f0
https://conda.anaconda.org/conda-forge/linux-64/ld_impl_linux-64-2.36.1-hea4e1c9_2.tar.bz2#bd4f2e711b39af170e7ff15163fe87ee
https://conda.anaconda.org/conda-forge/linux-64/libgcc-devel_linux-64-9.5.0-h367e8d2_16.tar.bz2#b2f784aca08d3e45288c8ea6c7602b86
https://conda.anaconda.org/conda-forge/linux-64/libgfortran5-12.1.0-hdcd56e2_16.tar.bz2#b02605b875559ff99f04351fd5040760
https://conda.anaconda.org/conda-forge/linux-64/libstdcxx-devel_linux-64-9.5.0-h367e8d2_16.tar.bz2#e5cfd476f10829efccf955635377cfba
https://conda.anaconda.org/conda-forge/linux-64/libstdcxx-ng-12.1.0-ha89aaad_16.tar.bz2#6f5ba041a41eb102a1027d9e68731be7
https://conda.anaconda.org/conda-forge/linux-64/mscorefonts-0.0.1-2.tar.bz2#c9fd57fc9f2c51ff7b049b64fba8a7df
https://conda.anaconda.org/conda-forge/noarch/tzdata-2022d-h191b570_0.tar.bz2#456b5b1d99e7a9654b331bcd82e71042
https://conda.anaconda.org/main/noarch/fonts-anaconda-1-h8fa9717_0.tar.bz2#7a445a2d9fbe2a88de8f09e9527f4ce1
https://conda.anaconda.org/conda-forge/linux-64/libgfortran-ng-12.1.0-h69a702a_16.tar.bz2#6bf15e29a20f614b18ae89368260d0a2
https://conda.anaconda.org/conda-forge/linux-64/libgomp-12.1.0-h8d9b700_16.tar.bz2#f013cf7749536ce43d82afbffdf499ab
https://conda.anaconda.org/conda-forge/noarch/sysroot_linux-64-2.12-he073ed8_15.tar.bz2#66c192522eacf5bb763568b4e415d133
https://conda.anaconda.org/conda-forge/linux-64/_openmp_mutex-4.5-2_gnu.tar.bz2#73aaf86a425cc6e73fcf236a5a46396d
https://conda.anaconda.org/conda-forge/linux-64/binutils_impl_linux-64-2.36.1-h193b22a_2.tar.bz2#32aae4265554a47ea77f7c09f86aeb3b
https://conda.anaconda.org/main/noarch/fonts-conda-ecosystem-1-hd3eb1b0_0.tar.bz2#81135874e3942ccc48b79c12ec094849
https://conda.anaconda.org/conda-forge/linux-64/binutils_linux-64-2.36-hf3e587d_10.tar.bz2#9d5cdbfe24b182d4c749b86d500ac9d2
https://conda.anaconda.org/conda-forge/linux-64/libgcc-ng-12.1.0-h8d9b700_16.tar.bz2#4f05bc9844f7c101e6e147dab3c88d5c
https://conda.anaconda.org/conda-forge/linux-64/alsa-lib-1.2.3.2-h166bdaf_0.tar.bz2#b7607b7b62dce55c194ad84f99464e5f
https://conda.anaconda.org/main/linux-64/bzip2-1.0.8-h7b6447c_0.tar.bz2#f52e60deb7f4c82821be9a868e889348
https://conda.anaconda.org/main/linux-64/c-ares-1.18.1-h7f8727e_0.tar.bz2#62ca289a9704ed465d3324295ef851d9
https://conda.anaconda.org/main/linux-64/expat-2.4.9-h6a678d5_0.tar.bz2#d254ca6cf5c657cecd6912b0671379cd
https://conda.anaconda.org/main/linux-64/fribidi-1.0.10-h7b6447c_0.tar.bz2#65d93572c4ff2ee0cc8241221aee7f12
https://conda.anaconda.org/main/linux-64/giflib-5.2.1-h7b6447c_0.tar.bz2#299bf4271d710651a1d71d3795580c2d
https://conda.anaconda.org/main/linux-64/graphite2-1.3.14-h295c915_1.tar.bz2#09fcddfe703ce76b4b2d7dd0b6d2f928
https://conda.anaconda.org/main/linux-64/gsl-2.7.1-h6e86dc7_1.tar.bz2#2b007d0d86d2bc680c640e51aa4ae2ce
https://conda.anaconda.org/conda-forge/linux-64/icu-68.2-h9c3ff4c_0.tar.bz2#6618c9b191638993f2a818c6529e1b49
https://conda.anaconda.org/conda-forge/linux-64/isa-l-2.30.0-ha770c72_4.tar.bz2#e9f011f428f6a0bba8a2613d7c107b88
https://conda.anaconda.org/main/linux-64/jpeg-9e-h7f8727e_0.tar.bz2#6e1c0fb5260c590f7ef5235cb3d05863
https://conda.anaconda.org/conda-forge/linux-64/keyutils-1.6.1-h166bdaf_0.tar.bz2#30186d27e2c9fa62b45fb1476b7200e3
https://conda.anaconda.org/conda-forge/linux-64/lerc-4.0.0-h27087fc_0.tar.bz2#76bbff344f0134279f225174e9064c8f
https://conda.anaconda.org/main/linux-64/libbrotlicommon-1.0.9-h5eee18b_7.tar.bz2#787927eff72e62c270f614cbcba9479c
https://conda.anaconda.org/conda-forge/linux-64/libdeflate-1.13-h166bdaf_0.tar.bz2#4b5bee2e957570197327d0b20a718891
https://conda.anaconda.org/main/linux-64/libev-4.33-h7f8727e_1.tar.bz2#eeca774c6154c49340dd403b1928d5e9
https://conda.anaconda.org/main/linux-64/libffi-3.3-he6710b0_2.tar.bz2#822b5201dde61bc838072dc5b670c88c
https://conda.anaconda.org/conda-forge/linux-64/libiconv-1.17-h166bdaf_0.tar.bz2#b62b52da46c39ee2bc3c162ac7f1804d
https://conda.anaconda.org/conda-forge/linux-64/libnsl-2.0.0-h7f98852_0.tar.bz2#39b1328babf85c7c3a61636d9cd50206
https://conda.anaconda.org/main/linux-64/libogg-1.3.5-h27cfd23_1.tar.bz2#48ff183e45bf81c02fa5f9ce1ad669dc
https://conda.anaconda.org/conda-forge/linux-64/libopenblas-0.3.21-pthreads_h78a6416_3.tar.bz2#8c5963a49b6035c40646a763293fbb35
https://conda.anaconda.org/main/linux-64/libopus-1.3.1-h7b6447c_0.tar.bz2#049062fe7765952d7db02925f43e8fe5
https://conda.anaconda.org/conda-forge/linux-64/libsanitizer-9.5.0-hf86b28c_16.tar.bz2#ec3fd069cef36cc9d3a8ad258e7fe3ed
https://conda.anaconda.org/main/linux-64/libtool-2.4.6-h295c915_1008.tar.bz2#501f0b2e570c92def56f3f3290b886d2
https://conda.anaconda.org/conda-forge/linux-64/libuuid-2.32.1-h7f98852_1000.tar.bz2#772d69f030955d9646d3d0eaf21d859d
https://conda.anaconda.org/main/linux-64/libuv-1.40.0-h7b6447c_0.tar.bz2#440323c587792bbd97e2b3e62e214176
https://conda.anaconda.org/conda-forge/linux-64/libwebp-base-1.2.4-h166bdaf_0.tar.bz2#ac2ccf7323d21f2994e4d1f5da664f37
https://conda.anaconda.org/main/linux-64/libxcb-1.15-h7f8727e_0.tar.bz2#49e523de8d364b7fabc3850eccbe9bda
https://conda.anaconda.org/conda-forge/linux-64/libzlib-1.2.12-h166bdaf_3.tar.bz2#29b2d63b0e21b765da0418bc452538c9
https://conda.anaconda.org/main/linux-64/lz4-c-1.9.3-h295c915_1.tar.bz2#f35d4bf2fbb39e334992f6dd39f8721e
https://conda.anaconda.org/conda-forge/linux-64/make-4.3-hd18ef5c_1.tar.bz2#4049ebfd3190b580dffe76daed26155a
https://conda.anaconda.org/main/linux-64/ncurses-6.3-h5eee18b_3.tar.bz2#c5ca7fea42593496aa508ba8171f53fb
https://conda.anaconda.org/conda-forge/linux-64/ninja-1.11.0-h924138e_0.tar.bz2#18c563c26253a21c1aa9d662e874b0cd
https://conda.anaconda.org/main/linux-64/nspr-4.33-h295c915_0.tar.bz2#28808460055d2c42c58edd8639ce530c
https://conda.anaconda.org/main/linux-64/openssl-1.1.1q-h7f8727e_0.tar.bz2#ad51928702694e3f6d25b7d4229c84e6
https://conda.anaconda.org/main/linux-64/pcre-8.45-h295c915_0.tar.bz2#4bac8a874e62f41ebab8345ca6076eb6
https://conda.anaconda.org/main/linux-64/pixman-0.40.0-h7f8727e_1.tar.bz2#c197093127a4cca3bb3227aab1a68573
https://conda.anaconda.org/conda-forge/linux-64/tbb-2021.6.0-h924138e_0.tar.bz2#d2f40df5cf33c6885428d0d33b8ea3c8
https://conda.anaconda.org/conda-forge/linux-64/xorg-kbproto-1.0.7-h7f98852_1002.tar.bz2#4b230e8381279d76131116660f5a241a
https://conda.anaconda.org/conda-forge/linux-64/xorg-libice-1.0.10-h7f98852_0.tar.bz2#d6b0b50b49eccfe0be0373be628be0f3
https://conda.anaconda.org/main/linux-64/xorg-xproto-7.0.31-h27cfd23_1007.tar.bz2#7638aa708e96e15149bb713633c2cdf7
https://conda.anaconda.org/main/linux-64/xz-5.2.6-h5eee18b_0.tar.bz2#82ef85822b3b1deca12197d9db565aee
https://conda.anaconda.org/main/linux-64/zlib-1.2.12-h5eee18b_3.tar.bz2#e3aea5293bc691638d2de998a6dff9f8
https://conda.anaconda.org/bioconda/linux-64/fastp-0.23.2-h5f740d0_3.tar.bz2#001589355bded3e913b0c7740d39ac10
https://conda.anaconda.org/conda-forge/linux-64/gcc_impl_linux-64-9.5.0-h6c5bc03_16.tar.bz2#5be4a0800b96a0cbfcac8b56e2b1177e
https://conda.anaconda.org/conda-forge/linux-64/libblas-3.9.0-16_linux64_openblas.tar.bz2#d9b7a8639171f6c6fa0a983edabcfe2b
https://conda.anaconda.org/main/linux-64/libbrotlidec-1.0.9-h5eee18b_7.tar.bz2#c0608d376a30b5aa4d2f2c22978135db
https://conda.anaconda.org/main/linux-64/libbrotlienc-1.0.9-h5eee18b_7.tar.bz2#cc6a6d362912a2d112310bd3f8acd44e
https://conda.anaconda.org/main/linux-64/libedit-3.1.20210910-h7f8727e_0.tar.bz2#5f295795bb8e419eacb4d6ffbba68ceb
https://conda.anaconda.org/conda-forge/linux-64/libevent-2.1.10-h9b69904_4.tar.bz2#390026683aef81db27ff1b8570ca1336
https://conda.anaconda.org/main/linux-64/libllvm11-11.1.0-h9e868ea_5.tar.bz2#12707b0bf5a1096840b088925de5e27d
https://conda.anaconda.org/conda-forge/linux-64/libnghttp2-1.47.0-hdcd2b5c_1.tar.bz2#6fe9e31c2b8d0b022626ccac13e6ca3c
https://conda.anaconda.org/conda-forge/linux-64/libpng-1.6.38-h753d276_0.tar.bz2#575078de1d3a3114b3ce131bd1508d0c
https://conda.anaconda.org/main/linux-64/libssh2-1.10.0-h8f2d780_0.tar.bz2#f99f13daacf379a329e041ec148c4db7
https://conda.anaconda.org/main/linux-64/libvorbis-1.3.7-h7b6447c_0.tar.bz2#e2260ef2263c0747bb17dc3622620928
https://conda.anaconda.org/conda-forge/linux-64/libxml2-2.9.12-h72842e0_0.tar.bz2#bd14fdf5b9ee5568056a40a6a2f41866
https://conda.anaconda.org/conda-forge/linux-64/mysql-common-8.0.30-haf5c9bc_1.tar.bz2#62b588b2a313ac3d9c2ead767baa3b5d
https://conda.anaconda.org/main/linux-64/nodejs-16.13.1-hb931c9a_0.tar.bz2#05d36c77b57cfdb28928728874e4aa04
https://conda.anaconda.org/conda-forge/linux-64/openblas-0.3.21-pthreads_h320a7e8_3.tar.bz2#29155b9196b9d78022f11d86733e25a7
https://conda.anaconda.org/main/linux-64/pcre2-10.37-he7ceb23_1.tar.bz2#e4045830821b30220cde347dff25e772
https://conda.anaconda.org/conda-forge/linux-64/perl-5.32.1-2_h7f98852_perl5.tar.bz2#09ba115862623f00962e9809ea248f1a
https://conda.anaconda.org/main/linux-64/readline-8.1.2-h7f8727e_1.tar.bz2#150ac0eb929bab9dec912797bdfc7b95
https://conda.anaconda.org/main/linux-64/tk-8.6.12-h1ccaba5_0.tar.bz2#5b8375e2092012db69d2123dc0c68630
https://conda.anaconda.org/conda-forge/linux-64/xorg-libsm-1.2.3-hd9c2040_1000.tar.bz2#9e856f78d5c80d5a78f61e72d1d473a3
https://conda.anaconda.org/conda-forge/linux-64/xorg-libx11-1.7.2-h7f98852_0.tar.bz2#12a61e640b8894504326aadafccbb790
https://conda.anaconda.org/main/linux-64/zstd-1.5.2-ha4553b6_0.tar.bz2#b1737dfd2e06ad69ec5cfec341e207c6
https://conda.anaconda.org/conda-forge/linux-64/blas-1.1-openblas.tar.bz2#c259e7a3ea775c6dcba191072cab3adb
https://conda.anaconda.org/main/linux-64/brotli-bin-1.0.9-h5eee18b_7.tar.bz2#d9d570587ccfd7158b66feb823c990c6
https://conda.anaconda.org/conda-forge/linux-64/bwidget-1.9.14-ha770c72_1.tar.bz2#5746d6202ba2abad4a4707f2a2462795
https://conda.anaconda.org/conda-forge/linux-64/freetype-2.12.1-hca18f0e_0.tar.bz2#4e54cbfc47b8c74c2ecc1e7730d8edce
https://conda.anaconda.org/conda-forge/linux-64/gcc_linux-64-9.5.0-h4258300_10.tar.bz2#897012edfc84de8c62de3d29a5c6bc9b
https://conda.anaconda.org/main/linux-64/gettext-0.21.0-hf68c758_0.tar.bz2#7b50d8014e3ffd9258944e356c2fec93
https://conda.anaconda.org/conda-forge/linux-64/gfortran_impl_linux-64-9.5.0-h3c9b8b6_16.tar.bz2#794900c13250baa8cd3404d70606cfb0
https://conda.anaconda.org/conda-forge/linux-64/gxx_impl_linux-64-9.5.0-h6c5bc03_16.tar.bz2#49d1d0e8f97e628be5b448fe71cd4f82
https://conda.anaconda.org/conda-forge/linux-64/krb5-1.19.3-h3790be6_0.tar.bz2#7d862b05445123144bec92cb1acc8ef8
https://conda.anaconda.org/conda-forge/linux-64/libclang-11.1.0-default_ha53f305_1.tar.bz2#b9b71585ca4fcb5d442c5a9df5dd7e98
https://conda.anaconda.org/conda-forge/linux-64/liblapack-3.9.0-16_linux64_openblas.tar.bz2#955d993f41f9354bf753d29864ea20ad
https://conda.anaconda.org/conda-forge/linux-64/libtiff-4.4.0-h0e0dad5_3.tar.bz2#5627d42c13a9b117ae1701c6e195624f
https://conda.anaconda.org/conda-forge/linux-64/libxkbcommon-1.0.3-he3ba5ed_0.tar.bz2#f9dbabc7e01c459ed7a1d1d64b206e9b
https://conda.anaconda.org/conda-forge/linux-64/libxslt-1.1.33-h15afd5d_2.tar.bz2#811bb9f5437fc6a04ba30d10f7a0c3eb
https://conda.anaconda.org/conda-forge/linux-64/mysql-libs-8.0.30-h28c427c_1.tar.bz2#0bd292db365c83624316efc2764d9f16
https://conda.anaconda.org/main/linux-64/sqlite-3.39.3-h5082296_0.tar.bz2#34fa0120fc3c9719213dbe2eb443e63d
https://conda.anaconda.org/main/linux-64/tktable-2.10-h14c3975_0.tar.bz2#6814c3b5b7f94675eddb272a9c2496ca
https://conda.anaconda.org/conda-forge/linux-64/xorg-libxt-1.2.1-h7f98852_2.tar.bz2#60d6eec5273f1c9af096c10c268912e3
https://conda.anaconda.org/main/linux-64/brotli-1.0.9-h5eee18b_7.tar.bz2#712827b1699cc71e6240626c413408f3
https://conda.anaconda.org/conda-forge/linux-64/fontconfig-2.14.0-hc2a2eb6_1.tar.bz2#139ace7da04f011abbd531cb2a9840ee
https://conda.anaconda.org/conda-forge/linux-64/gfortran_linux-64-9.5.0-hdb51d14_10.tar.bz2#05c8e77b0910e2551582ad509f5d82bc
https://conda.anaconda.org/conda-forge/linux-64/gxx_linux-64-9.5.0-h43f449f_10.tar.bz2#082df69bef15ac548ed328686fe99da5
https://conda.anaconda.org/main/linux-64/lcms2-2.12-h3be6417_0.tar.bz2#653b4f425f6d4a21f04619b1f5f8aa43
https://conda.anaconda.org/main/linux-64/libcurl-7.84.0-h91b91d3_0.tar.bz2#0609d762533acd27ac555f3d3f06034c
https://conda.anaconda.org/conda-forge/linux-64/libglib-2.68.4-h3e27bee_0.tar.bz2#23767bef4fd0fb2bda64405df72c9454
https://conda.anaconda.org/conda-forge/linux-64/libpq-13.5-hd57d9b9_1.tar.bz2#a0f425d61c7df890d6381ea352c3f1d7
https://conda.anaconda.org/conda-forge/linux-64/libwebp-1.2.4-h522a892_0.tar.bz2#802e43f480122a85ae6a34c1909f8f98
https://conda.anaconda.org/conda-forge/linux-64/nss-3.78-h2350873_0.tar.bz2#ab3df39f96742e6f1a9878b09274c1dc
https://conda.anaconda.org/main/linux-64/python-3.9.13-haa1d7c7_1.tar.bz2#19b599ad36b65ad4fdb59b5237cdf8b1
https://conda.anaconda.org/main/linux-64/sed-4.8-h7b6447c_0.tar.bz2#cf7fd03eb1f493dfed4d65ef7f1da70c
https://conda.anaconda.org/conda-forge/noarch/bagit-1.8.1-pyhd8ed1ab_0.tar.bz2#fb50f22b353ed3a12f5e8b7c01b58832
https://conda.anaconda.org/conda-forge/noarch/certifi-2022.9.24-pyhd8ed1ab_0.tar.bz2#f66309b099374af91369e67e84af397d
https://conda.anaconda.org/conda-forge/noarch/charset-normalizer-2.1.1-pyhd8ed1ab_0.tar.bz2#c1d5b294fbf9a795dec349a6f4d8be8e
https://conda.anaconda.org/main/linux-64/curl-7.84.0-h5eee18b_0.tar.bz2#8e227be6ade98ae6572c9f23d7b34f35
https://conda.anaconda.org/main/noarch/cycler-0.11.0-pyhd3eb1b0_0.tar.bz2#dfb0ca8055c9a72aaca7b845a6edea17
https://conda.anaconda.org/main/linux-64/cython-0.29.24-py39hdbfa776_0.tar.bz2#52d886d72dc4d2cb19dbbf9bbf6e20e6
https://conda.anaconda.org/conda-forge/linux-64/gdk-pixbuf-2.42.6-h04a7f16_0.tar.bz2#b24a1e18325a6e8f8b6b4a2ec5860ce2
https://conda.anaconda.org/conda-forge/linux-64/glib-tools-2.68.4-h9c3ff4c_0.tar.bz2#1e3e305bf1db79b99c3255b557751519
https://conda.anaconda.org/conda-forge/linux-64/gstreamer-1.18.5-h76c114f_0.tar.bz2#2372f6206f9861a1af8e3b086a053b2b
https://conda.anaconda.org/conda-forge/linux-64/gts-0.7.6-h64030ff_2.tar.bz2#112eb9b5b93f0c02e59aea4fd1967363
https://conda.anaconda.org/main/linux-64/humanfriendly-10.0-py39h06a4308_0.tar.bz2#df148e261d4e930e99f6a8a27a822455
https://conda.anaconda.org/conda-forge/noarch/idna-3.4-pyhd8ed1ab_0.tar.bz2#34272b248891bddccc64479f9a7fffed
https://conda.anaconda.org/main/linux-64/libgd-2.3.3-h695aa2c_1.tar.bz2#e17d73f9dbc6791d2462d0b3ea348c65
https://conda.anaconda.org/main/linux-64/lockfile-0.12.2-py39h06a4308_0.tar.bz2#34a76c18f0ccc3ad6f0f5d37f1c9fd25
https://conda.anaconda.org/main/linux-64/mistune-0.8.4-py39h27cfd23_1000.tar.bz2#f6c734d73e6e3dbc1b62766cf18ff3e4
https://conda.anaconda.org/main/noarch/munkres-1.1.4-py_0.tar.bz2#67857cc5e9044770d2b15f9d94a4521d
https://conda.anaconda.org/main/linux-64/mypy_extensions-0.4.3-py39h06a4308_1.tar.bz2#763d81e8d77153a6fd3b1981d20023b1
https://conda.anaconda.org/conda-forge/noarch/networkx-2.8.6-pyhd8ed1ab_0.tar.bz2#52243eec8c5b9d22924d1c463b01a1d8
https://conda.anaconda.org/main/linux-64/numpy-base-1.23.1-py39h1e6e340_0.tar.bz2#bd603c793e710951545e12011b88a0d5
https://conda.anaconda.org/conda-forge/noarch/pathspec-0.10.1-pyhd8ed1ab_0.tar.bz2#2357d88e11ea38523d50b9e2fc98dfcf
https://conda.anaconda.org/main/linux-64/pillow-9.2.0-py39hace64e9_1.tar.bz2#f916184be2f9f18cb1add691f7588d57
https://conda.anaconda.org/main/linux-64/platformdirs-2.5.2-py39h06a4308_0.tar.bz2#5f63c002eb6d388263c9df043fdcb973
https://conda.anaconda.org/main/noarch/pycparser-2.21-pyhd3eb1b0_0.tar.bz2#e70944ff53d19af4f65073a4f21c7b05
https://conda.anaconda.org/main/linux-64/pyparsing-3.0.9-py39h06a4308_0.tar.bz2#ffceed627867508d73af1636ab5ebf42
https://conda.anaconda.org/main/linux-64/pysocks-1.7.1-py39h06a4308_0.tar.bz2#c5f3f7f10ad30f0945e75252615ab6e5
https://conda.anaconda.org/conda-forge/linux-64/python_abi-3.9-2_cp39.tar.bz2#39adde4247484de2bb4000122fdcf665
https://conda.anaconda.org/conda-forge/noarch/pytz-2022.2.1-pyhd8ed1ab_0.tar.bz2#974bca71d00364630f63f31fa7e059cb
https://conda.anaconda.org/main/linux-64/ruamel.yaml.clib-0.2.6-py39h7f8727e_0.tar.bz2#3d402ae0b182259d07f8cd7723bec2e3
https://conda.anaconda.org/bioconda/noarch/shellescape-3.4.1-py_1.tar.bz2#fe54078488e8cb18154999306fa28742
https://conda.anaconda.org/main/noarch/six-1.16.0-pyhd3eb1b0_1.tar.bz2#0a3ab834ba49016e183e715bff48a2b6
https://conda.anaconda.org/main/linux-64/tomli-2.0.1-py39h06a4308_0.tar.bz2#3c925f0e6cbc92a445946470f9d3732e
https://conda.anaconda.org/main/linux-64/tornado-6.2-py39h5eee18b_0.tar.bz2#97a705471f27f23009d060bf8e7a66a2
https://conda.anaconda.org/main/linux-64/typing_extensions-4.3.0-py39h06a4308_0.tar.bz2#259aebda0d152d106e7243bd9fc946af
https://conda.anaconda.org/main/linux-64/webencodings-0.5.1-py39h06a4308_1.tar.bz2#f8d03a15b974fc7810d9f54ae849fc8e
https://conda.anaconda.org/main/noarch/wheel-0.37.1-pyhd3eb1b0_0.tar.bz2#9800fd2a86354f58731a7ad0eb5dd537
https://conda.anaconda.org/conda-forge/noarch/zipp-3.8.1-pyhd8ed1ab_0.tar.bz2#a3508a0c850745b875de88aea4c40cc5
https://conda.anaconda.org/bioconda/linux-64/bowtie-1.3.1-py39h0991082_4.tar.bz2#464484255f7a4159d24a2244cabab374
https://conda.anaconda.org/main/linux-64/cffi-1.15.1-py39h74dc2b5_0.tar.bz2#2953f22399cb56381016d7a039d0c5ac
https://conda.anaconda.org/conda-forge/linux-64/click-8.1.3-py39hf3d152e_0.tar.bz2#40edd9ebc04e4b4ec27c1008e5e3f99d
https://conda.anaconda.org/main/linux-64/coloredlogs-15.0.1-py39h06a4308_0.tar.bz2#7a05a5dc89479b0acb12d6fca220aae6
https://conda.anaconda.org/conda-forge/linux-64/glib-2.68.4-h9c3ff4c_0.tar.bz2#8b8a2eca3496b279cd4f45888490437f
https://conda.anaconda.org/conda-forge/linux-64/gst-plugins-base-1.18.5-hf529b03_0.tar.bz2#b1f3d74a3b66432adddfc118ff02238a
https://conda.anaconda.org/main/noarch/html5lib-1.1-pyhd3eb1b0_0.tar.bz2#7a9fa936878258757f23ffe4b2e8ecf7
https://conda.anaconda.org/conda-forge/linux-64/importlib-metadata-4.11.4-py39hf3d152e_0.tar.bz2#4c2a0eabf0b8980b2c755646a6f750eb
https://conda.anaconda.org/conda-forge/noarch/isodate-0.6.1-pyhd8ed1ab_0.tar.bz2#4a62c93c1b5c0b920508ae3fd285eaf5
https://conda.anaconda.org/conda-forge/linux-64/keepalive-0.5-py39hf3d152e_5.tar.bz2#0a9f3703df2366cff969c59e5db5cd4b
https://conda.anaconda.org/conda-forge/linux-64/kiwisolver-1.4.4-py39hf939315_0.tar.bz2#e8d1310648c189d6d11a2e13f73da1fe
https://conda.anaconda.org/conda-forge/linux-64/lxml-4.8.0-py39hb9d737c_2.tar.bz2#4372febe83f17a2e2cc9d9cac95357f0
https://conda.anaconda.org/conda-forge/linux-64/msgpack-python-1.0.4-py39hf939315_0.tar.bz2#35b4a1a56408657cd2c6ce7145c21ecf
https://conda.anaconda.org/main/linux-64/numpy-1.23.1-py39hf838250_0.tar.bz2#02e526bc277f6fb1759628d874aae8c1
https://conda.anaconda.org/main/noarch/packaging-21.3-pyhd3eb1b0_0.tar.bz2#e482aa236f5541461d285cc979323035
https://conda.anaconda.org/conda-forge/linux-64/psutil-5.9.1-py39hb9d737c_0.tar.bz2#5852c69cad74811dc3c95f9ab6a184ef
https://conda.anaconda.org/conda-forge/linux-64/pyqt5-sip-4.19.18-py39he80948d_8.tar.bz2#9dbac74c150d2542eca77c02da307168
https://conda.anaconda.org/bioconda/linux-64/pysam-0.19.1-py39h9abd093_1.tar.bz2#5c6ce222fa4a9bce08fcb9b54302809f
https://conda.anaconda.org/main/noarch/python-dateutil-2.8.2-pyhd3eb1b0_0.tar.bz2#2eb923cc014094f4acf7f849d67d73f8
https://conda.anaconda.org/conda-forge/linux-64/setuptools-63.1.0-py39hf3d152e_0.tar.bz2#7014afab44a0e69fba02c8bf8d084e7f
https://conda.anaconda.org/conda-forge/linux-64/unicodedata2-14.0.0-py39hb9d737c_1.tar.bz2#ef84376736d1e8a814ccb06d1d814e6f
https://conda.anaconda.org/conda-forge/linux-64/black-22.8.0-py39hf3d152e_0.tar.bz2#0f3f74e247a7e3bdaff3dcb1e82da1e9
https://conda.anaconda.org/main/linux-64/bottleneck-1.3.5-py39h7deecbd_0.tar.bz2#14dc3c2e8eb68b1111a08de9a3ce8a00
https://conda.anaconda.org/main/linux-64/brotlipy-0.7.0-py39h27cfd23_1003.tar.bz2#c203ffc7bbba991c7089d4b383cfd92c
https://conda.anaconda.org/main/linux-64/cairo-1.16.0-hf32fb01_1.tar.bz2#4c1adb402948673d3fc537e8a41a14fc
https://conda.anaconda.org/conda-forge/linux-64/cryptography-37.0.4-py39hd97740a_0.tar.bz2#edc3668e7b71657237f94cf25e286478
https://conda.anaconda.org/main/linux-64/dbus-1.13.18-hb2f20db_0.tar.bz2#498d0788982ec4c5d13a44359b9c7afb
https://conda.anaconda.org/conda-forge/linux-64/fonttools-4.37.3-py39hb9d737c_0.tar.bz2#21622fe576fcce5b861036e8d7282470
https://conda.anaconda.org/main/linux-64/gobject-introspection-1.68.0-py39h2109141_1.tar.bz2#b7fc8ab104ca2e2348de248c5db56bde
https://conda.anaconda.org/conda-forge/noarch/importlib_metadata-4.11.4-hd8ed1ab_0.tar.bz2#9a1925fdb91c81437b8012e48ede6851
https://conda.anaconda.org/main/linux-64/numexpr-2.8.3-py39hd2a5715_0.tar.bz2#854304a1c6108c9536816d55577d7fe0
https://conda.anaconda.org/main/linux-64/pip-22.1.2-py39h06a4308_0.tar.bz2#7b64a88c719bbdac8d60467d4d8c2b0a
https://conda.anaconda.org/conda-forge/linux-64/ruamel.yaml-0.17.16-py39h3811e60_0.tar.bz2#9deea133cdd90530091e26db39acfac4
https://conda.anaconda.org/conda-forge/linux-64/sparqlwrapper-1.8.5-py39hf3d152e_1006.tar.bz2#413eb7275e941588d6eaeb5d78b06210
https://conda.anaconda.org/conda-forge/noarch/argcomplete-2.0.0-pyhd8ed1ab_0.tar.bz2#e3ba29a61c20f2c9d085db29ea657406
https://conda.anaconda.org/main/linux-64/atk-1.0-2.36.0-h28cd5cc_0.tar.bz2#e403106108523a94d9f013c072faae7a
https://conda.anaconda.org/conda-forge/linux-64/harfbuzz-3.0.0-h83ec7ef_1.tar.bz2#5dbf3f949c17cc12482e5440b8c4770e
https://conda.anaconda.org/main/linux-64/matplotlib-base-3.5.2-py39hf590b9c_0.tar.bz2#a356ab9537c19bd6bae34f381b20a26c
https://conda.anaconda.org/main/linux-64/pandas-1.4.3-py39h6a678d5_0.tar.bz2#1bd58a0c08f2e66684eccb3eab870226
https://conda.anaconda.org/main/noarch/pyopenssl-22.0.0-pyhd3eb1b0_0.tar.bz2#24300c22dced4609b77f3ace93b5beeb
https://conda.anaconda.org/conda-forge/linux-64/qt-5.12.9-hda022c4_4.tar.bz2#afebab1f5049d66baaaec67d9ce893f0
https://conda.anaconda.org/bioconda/linux-64/htseq-2.0.2-py39h919a90d_0.tar.bz2#05348cda39a1b7a2d955aa4c7828de89
https://conda.anaconda.org/conda-forge/linux-64/pango-1.48.10-h54213e6_2.tar.bz2#b7ed7c76c9360db1f91afba2e220007b
https://conda.anaconda.org/conda-forge/linux-64/pyqt-impl-5.12.3-py39hde8b62d_8.tar.bz2#4863d6734a1bd7a86ac5ede53bf9b3c7
https://conda.anaconda.org/main/linux-64/urllib3-1.26.11-py39h06a4308_0.tar.bz2#3763a6d835897d9817ebc9a9e3d29631
https://conda.anaconda.org/conda-forge/linux-64/gtk2-2.24.33-h539f30e_1.tar.bz2#606777b4da3664d5c9415f5f165349fd
https://conda.anaconda.org/conda-forge/linux-64/librsvg-2.52.2-hc3c00ef_0.tar.bz2#3cd7a9c521da1d3dbfdc37fc62ea9e47
https://conda.anaconda.org/conda-forge/linux-64/pyqtchart-5.12-py39h0fcd23e_8.tar.bz2#d7d18728be87fdc0ddda3e65d41caa53
https://conda.anaconda.org/conda-forge/linux-64/pyqtwebengine-5.12.1-py39h0fcd23e_8.tar.bz2#2098c2b2c9a38b43678a27819ff9433f
https://conda.anaconda.org/conda-forge/linux-64/r-base-4.1.1-hb93adac_1.tar.bz2#393858be0a91b3df02d3cba3f0ad4b60
https://conda.anaconda.org/main/linux-64/requests-2.28.1-py39h06a4308_0.tar.bz2#022a67a9547db5fdfa024f8bf69ab2ad
https://conda.anaconda.org/bioconda/noarch/bioconductor-biocgenerics-0.40.0-r41hdfd78af_0.tar.bz2#73c383d354e038bb8b4de75715747071
https://conda.anaconda.org/bioconda/noarch/bioconductor-genomeinfodbdata-1.2.7-r41hdfd78af_2.tar.bz2#b23c1905f6ee6dddcfa3af515aa4844f
https://conda.anaconda.org/bioconda/linux-64/bioconductor-zlibbioc-1.40.0-r41hc0cfd56_2.tar.bz2#b363f6e6159be35bbea95b978c8ef3fe
https://conda.anaconda.org/conda-forge/noarch/cachecontrol-0.12.11-pyhd8ed1ab_0.tar.bz2#6eefee9888f33f150b5d44d616b1a613
https://conda.anaconda.org/conda-forge/linux-64/graphviz-2.49.1-h85b4f2f_0.tar.bz2#9705e060a5e6395db9b0784220aa0b92
https://conda.anaconda.org/conda-forge/linux-64/pyqt-5.12.3-py39hf3d152e_8.tar.bz2#466425e3ee3b190e06b8a5a7098421aa
https://conda.anaconda.org/conda-forge/linux-64/r-backports-1.4.1-r41hcfec24a_0.tar.bz2#f431d585821313884e52d64b5ef0d8cd
https://conda.anaconda.org/conda-forge/noarch/r-bh-1.78.0_0-r41hc72bb7e_0.tar.bz2#4963f5da888bdbfb202b3612e11ba972
https://conda.anaconda.org/conda-forge/linux-64/r-bit-4.0.4-r41hcfec24a_0.tar.bz2#f1a85a1b4a48261f3cbf3f2d1ee1f4a2
https://conda.anaconda.org/conda-forge/linux-64/r-bitops-1.0_7-r41h06615bd_0.tar.bz2#d7f815a58bd19e21e2f8e380d53f0059
https://conda.anaconda.org/conda-forge/linux-64/r-brio-1.1.3-r41hcfec24a_0.tar.bz2#8b244d9227122b63ca1191228e1e31c9
https://conda.anaconda.org/conda-forge/linux-64/r-colorspace-2.0_3-r41h06615bd_0.tar.bz2#0d8361af2384668b542faaa293862086
https://conda.anaconda.org/conda-forge/noarch/r-crayon-1.5.1-r41hc72bb7e_0.tar.bz2#ac6c74e4a346d5aab9d8eac94b32bf62
https://conda.anaconda.org/conda-forge/linux-64/r-curl-4.3.2-r41hcfec24a_0.tar.bz2#18de0d29e4da1b0c3d2200896a7c5cf8
https://conda.anaconda.org/conda-forge/noarch/r-dbi-1.1.3-r41hc72bb7e_0.tar.bz2#844d1b00d0665a78c7a0bc55c5c038b2
https://conda.anaconda.org/conda-forge/linux-64/r-digest-0.6.29-r41h03ef668_0.tar.bz2#9b5bcee4e903920236c5911fdd3478d8
https://conda.anaconda.org/conda-forge/noarch/r-evaluate-0.16-r41hc72bb7e_0.tar.bz2#4e6d48071b7aee6d8f4e82b72f082fc6
https://conda.anaconda.org/conda-forge/linux-64/r-fansi-1.0.3-r41h06615bd_0.tar.bz2#f7eb22307beab0fdd027497ad586238d
https://conda.anaconda.org/conda-forge/linux-64/r-farver-2.1.1-r41h7525677_0.tar.bz2#06cbfe381a5f7eefd7bce35be1a7a643
https://conda.anaconda.org/conda-forge/linux-64/r-fastmap-1.1.0-r41h03ef668_0.tar.bz2#93b346ace02eba68f1f6c772e796b41d
https://conda.anaconda.org/conda-forge/noarch/r-formatr-1.12-r41hc72bb7e_0.tar.bz2#3aa132cda23e9734ebd01d12b67fb810
https://conda.anaconda.org/conda-forge/linux-64/r-fs-1.5.2-r41h7525677_1.tar.bz2#79e6d70cc797f5534d3375ebd0f0f5f5
https://conda.anaconda.org/conda-forge/noarch/r-futile.options-1.0.1-r41hc72bb7e_1002.tar.bz2#d8ce292272b4a660fe3ac7ee93c13c9f
https://conda.anaconda.org/conda-forge/linux-64/r-glue-1.6.2-r41h06615bd_0.tar.bz2#ac6fda8a0ebf198ee98252c60146c548
https://conda.anaconda.org/conda-forge/noarch/r-gtable-0.3.1-r41hc72bb7e_0.tar.bz2#db42f11efeba36388f28393a629c8fde
https://conda.anaconda.org/conda-forge/linux-64/r-jsonlite-1.8.0-r41h06615bd_0.tar.bz2#4d063eba6eabed26214bb23f18f891d2
https://conda.anaconda.org/conda-forge/noarch/r-labeling-0.4.2-r41hc72bb7e_1.tar.bz2#7536c98f2faf4bf5faf4334fb79f1328
https://conda.anaconda.org/conda-forge/linux-64/r-lattice-0.20_45-r41hcfec24a_0.tar.bz2#895ccbaf82eba857612be799cd5744b4
https://conda.anaconda.org/conda-forge/linux-64/r-magrittr-2.0.3-r41h06615bd_0.tar.bz2#08ef457aa9684c94036fb5e9e2753a9f
https://conda.anaconda.org/conda-forge/linux-64/r-mass-7.3_58.1-r41h06615bd_0.tar.bz2#86d5c685acac50458692d96775c71d2f
https://conda.anaconda.org/conda-forge/linux-64/r-matrixstats-0.62.0-r41h06615bd_0.tar.bz2#55eb496da17cdfb0ed1f1d9610be5c00
https://conda.anaconda.org/conda-forge/linux-64/r-mime-0.12-r41hcfec24a_0.tar.bz2#f40c9f8645ea54ce0709a5436d569e2d
https://conda.anaconda.org/conda-forge/noarch/r-pkgconfig-2.0.3-r41hc72bb7e_1.tar.bz2#2c4f78477753ad83700a1f9d605a3002
https://conda.anaconda.org/conda-forge/noarch/r-plogr-0.2.0-r41hc72bb7e_1003.tar.bz2#d83d4dfa58015db479f525e2a4c4da48
https://conda.anaconda.org/conda-forge/linux-64/r-png-0.1_7-r41hcfec24a_1004.tar.bz2#4c6cf1ab47937c35dda6802473db7eab
https://conda.anaconda.org/conda-forge/noarch/r-praise-1.0.0-r41hc72bb7e_1005.tar.bz2#39585efa1172490943314141c133467b
https://conda.anaconda.org/conda-forge/linux-64/r-ps-1.7.1-r41h06615bd_0.tar.bz2#6c1e615b4e0767020c37c17252dd614a
https://conda.anaconda.org/conda-forge/noarch/r-r6-2.5.1-r41hc72bb7e_0.tar.bz2#a560798c2d5ab0dbb30feddc6b8e63fb
https://conda.anaconda.org/conda-forge/noarch/r-rcolorbrewer-1.1_3-r41h785f33e_0.tar.bz2#579b6792713b6c8538c1aa8e4ce636c0
https://conda.anaconda.org/conda-forge/linux-64/r-rcpp-1.0.9-r41h7525677_1.tar.bz2#d7ad5262178fb2572c21ebe09f887379
https://conda.anaconda.org/conda-forge/linux-64/r-rlang-1.0.6-r41h7525677_0.tar.bz2#14a6afa005c9d409845bf6ba66dc69a1
https://conda.anaconda.org/conda-forge/noarch/r-snow-0.4_4-r41hc72bb7e_0.tar.bz2#6e7a0c895d09c4e035262a850d69a994
https://conda.anaconda.org/conda-forge/linux-64/r-sys-3.4-r41hcfec24a_0.tar.bz2#bdf70442cc075fb748f874f4ebe922a8
https://conda.anaconda.org/conda-forge/linux-64/r-utf8-1.2.2-r41hcfec24a_0.tar.bz2#3b958ecf41127b730cc0f0865cc8953e
https://conda.anaconda.org/conda-forge/noarch/r-viridislite-0.4.1-r41hc72bb7e_0.tar.bz2#9e845780dbd53f680cc9d7a2602dca53
https://conda.anaconda.org/conda-forge/noarch/r-withr-2.5.0-r41hc72bb7e_0.tar.bz2#53558bed67c14dc998209e5a567b6cfd
https://conda.anaconda.org/conda-forge/linux-64/r-xml-3.99_0.9-r41h06615bd_0.tar.bz2#e77ce67280ce31650de5a28b9745c1b6
https://conda.anaconda.org/conda-forge/noarch/r-xtable-1.8_4-r41hc72bb7e_3.tar.bz2#f44d2ad79a8d084f757cefd24156bdfc
https://conda.anaconda.org/conda-forge/linux-64/rdflib-6.0.2-py39hf3d152e_0.tar.bz2#3be2b7263f9f7864492c3841036dac3a
https://conda.anaconda.org/bioconda/linux-64/bioconductor-biobase-2.54.0-r41hc0cfd56_2.tar.bz2#d69c5574021a948b27f1c0403366bad4
https://conda.anaconda.org/bioconda/noarch/bioconductor-matrixgenerics-1.6.0-r41hdfd78af_0.tar.bz2#69613f3c312fb36021947f3359e89435
https://conda.anaconda.org/bioconda/linux-64/bioconductor-s4vectors-0.32.4-r41hc0cfd56_0.tar.bz2#666dc31cccc2dab8ae2ff7414104c6dc
https://conda.anaconda.org/conda-forge/linux-64/matplotlib-3.5.2-py39hf3d152e_1.tar.bz2#7a3ff2d1e66e674631a65ea32d5cdbbd
https://conda.anaconda.org/conda-forge/linux-64/pydot-1.4.2-py39hf3d152e_2.tar.bz2#74c8563d1af0163f52220ce86401547b
https://conda.anaconda.org/main/noarch/pydotplus-2.0.2-py_3.tar.bz2#cfb123d1e6b3375ae2acab4c290390ae
https://conda.anaconda.org/conda-forge/linux-64/r-askpass-1.1-r41hcfec24a_2.tar.bz2#58e1d05890607b8534f1933bbc847901
https://conda.anaconda.org/conda-forge/linux-64/r-bit64-4.0.5-r41hcfec24a_0.tar.bz2#f632c48178171d62f2817b5e09bf2e97
https://conda.anaconda.org/conda-forge/linux-64/r-cachem-1.0.6-r41hcfec24a_0.tar.bz2#83ee52abba53943baba543605f3ebd91
https://conda.anaconda.org/conda-forge/linux-64/r-cli-3.4.1-r41h7525677_0.tar.bz2#fc4295f25cb07e43ad24328f6d3d04c3
https://conda.anaconda.org/conda-forge/linux-64/r-diffobj-0.3.5-r41hcfec24a_0.tar.bz2#01693a46ed0b5a2e355aefdffc626d67
https://conda.anaconda.org/conda-forge/linux-64/r-ellipsis-0.3.2-r41hcfec24a_0.tar.bz2#44d25949d98811e21e9d19527b6e3cfe
https://conda.anaconda.org/conda-forge/noarch/r-lambda.r-1.2.4-r41hc72bb7e_1.tar.bz2#0cdb436f2dd68815329b28ba9ffce962
https://conda.anaconda.org/conda-forge/noarch/r-lifecycle-1.0.2-r41hc72bb7e_0.tar.bz2#b22d5a6a675d3a2ce268b5f7a913e41e
https://conda.anaconda.org/conda-forge/linux-64/r-locfit-1.5_9.6-r41h06615bd_0.tar.bz2#2e5180f51d32c4fdcda341f3feaf322d
https://conda.anaconda.org/conda-forge/linux-64/r-matrix-1.4_1-r41h0154571_0.tar.bz2#46bdce8fcf422c4b74e0af3091ddfdfc
https://conda.anaconda.org/conda-forge/noarch/r-munsell-0.5.0-r41hc72bb7e_1004.tar.bz2#f5bd0c85c189a1797f29f2731c13a4dd
https://conda.anaconda.org/conda-forge/linux-64/r-nlme-3.1_159-r41h8da6f51_0.tar.bz2#e562ef41913c6cf417bf6f93527c7e4e
https://conda.anaconda.org/conda-forge/linux-64/r-processx-3.7.0-r41h06615bd_0.tar.bz2#b03077eb7df7e79e05ed2ccf5e2276a1
https://conda.anaconda.org/conda-forge/linux-64/r-rcpparmadillo-0.11.2.3.1-r41h9f5de39_0.tar.bz2#758f62b21b99de95a10f59f0b1ed1f02
https://conda.anaconda.org/conda-forge/linux-64/r-rcurl-1.98_1.8-r41h06615bd_0.tar.bz2#585dbbd460ca7570d4b617c59423a4b5
https://conda.anaconda.org/conda-forge/noarch/r-rprojroot-2.0.3-r41hc72bb7e_0.tar.bz2#4c97577b6f80853234f34b548d8140ec
https://conda.anaconda.org/conda-forge/linux-64/schema-salad-8.3.20220916115321-py39hb9d737c_0.tar.bz2#b48c63610dff3fca5cc9d07ad45080cd
https://conda.anaconda.org/bioconda/linux-64/bioconductor-iranges-2.28.0-r41hc0cfd56_2.tar.bz2#27ab085114c78a2ea0a60d6dcaf0da5a
https://conda.anaconda.org/conda-forge/noarch/prov-1.5.1-py_1.tar.bz2#66e578dc9f4bfe65728ad547a81cd6dd
https://conda.anaconda.org/conda-forge/noarch/r-callr-3.7.2-r41hc72bb7e_0.tar.bz2#0493d6ed1666106a66d218c0eb44d475
https://conda.anaconda.org/conda-forge/noarch/r-desc-1.4.2-r41hc72bb7e_0.tar.bz2#b63a8a0a0fa2fd16a324d50b4df98238
https://conda.anaconda.org/conda-forge/noarch/r-futile.logger-1.4.3-r41hc72bb7e_1003.tar.bz2#c29b2d0547e44751529e51f667d39b19
https://conda.anaconda.org/conda-forge/noarch/r-memoise-2.0.1-r41hc72bb7e_0.tar.bz2#ba52e00d6d8b5bd8edd1c164b74cca9d
https://conda.anaconda.org/conda-forge/linux-64/r-mgcv-1.8_40-r41h0154571_0.tar.bz2#94ba55d80afb3db8a19d598e313ce078
https://conda.anaconda.org/conda-forge/linux-64/r-openssl-2.0.3-r41hfaab4ff_0.tar.bz2#4f16c420be4db502ec617f87f060d224
https://conda.anaconda.org/conda-forge/noarch/r-scales-1.2.1-r41hc72bb7e_0.tar.bz2#9ba5c1de3a9758871584ba40c378db14
https://conda.anaconda.org/conda-forge/linux-64/r-survival-3.4_0-r41h06615bd_0.tar.bz2#eca911448f3b42b6d2194589dcbe0800
https://conda.anaconda.org/conda-forge/linux-64/r-vctrs-0.4.1-r41h7525677_0.tar.bz2#5bc4133cae4a09d70dd11f3c29c57a4c
https://conda.anaconda.org/bioconda/linux-64/bioconductor-biocparallel-1.28.3-r41hc247a5b_1.tar.bz2#24b82b4c32a49a8d65211f587ff8d24e
https://conda.anaconda.org/bioconda/linux-64/bioconductor-delayedarray-0.20.0-r41hc0cfd56_2.tar.bz2#2118a38cef98b4db68f33c9632b28272
https://conda.anaconda.org/bioconda/noarch/bioconductor-genomeinfodb-1.30.0-r41hdfd78af_0.tar.bz2#c55150adbc50b1d923d48d9bb126cf0f
https://conda.anaconda.org/bioconda/linux-64/bioconductor-xvector-0.34.0-r41hc0cfd56_2.tar.bz2#be67668685ff98dc2d348ea17f43a1ab
https://conda.anaconda.org/conda-forge/noarch/cwltool-3.1.20220628170238-pyhc268e32_0.tar.bz2#b8780347d56585db8c9323522cbe9118
https://conda.anaconda.org/conda-forge/noarch/r-blob-1.2.3-r41hc72bb7e_0.tar.bz2#6ab0e11ba8562a5bb418e63e30013448
https://conda.anaconda.org/conda-forge/noarch/r-httr-1.4.4-r41hc72bb7e_0.tar.bz2#0f25e3d569e80378216435d8f324c1f5
https://conda.anaconda.org/conda-forge/noarch/r-pillar-1.8.1-r41hc72bb7e_0.tar.bz2#88ffc0fd48cf9bb5501bf54a8c885124
https://conda.anaconda.org/conda-forge/noarch/r-pkgload-1.3.0-r41hc72bb7e_0.tar.bz2#ad902132cde9da724b8c200b0e15e015
https://conda.anaconda.org/bioconda/linux-64/bioconductor-biostrings-2.62.0-r41hc0cfd56_2.tar.bz2#397b7450e63f6cdb9d9ad82b4a056959
https://conda.anaconda.org/bioconda/linux-64/bioconductor-genomicranges-1.46.1-r41hc0cfd56_1.tar.bz2#244ae6ab8cd592e58e18ddc8a740c3fc
https://conda.anaconda.org/conda-forge/linux-64/r-rsqlite-2.2.8-r41h03ef668_0.tar.bz2#d2ffb5023b6587e998eaaa4bf2f94046
https://conda.anaconda.org/conda-forge/linux-64/r-tibble-3.1.8-r41h06615bd_0.tar.bz2#702c8e30bf36644c2c558729b9a3570e
https://conda.anaconda.org/bioconda/noarch/bioconductor-keggrest-1.34.0-r41hdfd78af_0.tar.bz2#54056f47634552568aa26b1b09a2e16a
https://conda.anaconda.org/bioconda/noarch/bioconductor-summarizedexperiment-1.24.0-r41hdfd78af_0.tar.bz2#f21eb229b8ee58680cb0179ef6d51f7e
https://conda.anaconda.org/conda-forge/noarch/r-rematch2-2.1.2-r41hc72bb7e_1.tar.bz2#5c26fbf849007fc5022745ec14e38822
https://conda.anaconda.org/bioconda/noarch/bioconductor-annotationdbi-1.56.1-r41hdfd78af_0.tar.bz2#182f445903618187b8f657644da1a335
https://conda.anaconda.org/conda-forge/noarch/r-waldo-0.4.0-r41hc72bb7e_0.tar.bz2#974972fb4e38703ed8e1722f45600e8b
https://conda.anaconda.org/bioconda/noarch/bioconductor-annotate-1.72.0-r41hdfd78af_0.tar.bz2#9594dd679fb3f7296b25dce8ebd387e4
https://conda.anaconda.org/conda-forge/linux-64/r-testthat-3.1.4-r41h7525677_0.tar.bz2#ca36c7db9d50f7481e2742454b32ad92
https://conda.anaconda.org/bioconda/linux-64/bioconductor-genefilter-1.76.0-r41h38f54d8_2.tar.bz2#3e046b31c7d616dd436a2653bcb893e8
https://conda.anaconda.org/bioconda/noarch/bioconductor-geneplotter-1.72.0-r41hdfd78af_0.tar.bz2#32c0e22a0095ad9b592a6bf7e16a835a
https://conda.anaconda.org/conda-forge/linux-64/r-isoband-0.2.5-r41h03ef668_0.tar.bz2#dfd1983b86abb444e3ae58e3b97cd148
https://conda.anaconda.org/conda-forge/noarch/r-ggplot2-3.3.6-r41hc72bb7e_0.tar.bz2#e305660b2a4c78aea808bc5c2aa910a3
https://conda.anaconda.org/bioconda/linux-64/bioconductor-deseq2-1.34.0-r41hc247a5b_2.tar.bz2#85c15836de685e191335897422b3a280
