# Generated by conda-lock.
# platform: linux-64
# input_hash: 9a68f2c4db8b18a532977dd14726aa80d160fe03552947c9340b6768c94b163d
@EXPLICIT
https://conda.anaconda.org/conda-forge/noarch/mscorefonts-0.0.1-3.tar.bz2#1e88c07eb93ef0b423c0acc694adcbef
https://conda.anaconda.org/conda-forge/linux-64/_libgcc_mutex-0.1-conda_forge.tar.bz2#d7c89558ba9fa0495403155b64376d81
https://conda.anaconda.org/conda-forge/noarch/_r-mutex-1.0.1-anacondar_1.tar.bz2#19f9db5f4f1b7f5ef5f6d67207f25f38
https://conda.anaconda.org/main/linux-64/ca-certificates-2021.10.26-h06a4308_2.tar.bz2#b07e1a7b6ec2e923247ed7481c05b436
https://conda.anaconda.org/main/noarch/font-ttf-dejavu-sans-mono-2.37-hd3eb1b0_0.tar.bz2#801b4743a301a4e11cbd9609d418e101
https://conda.anaconda.org/conda-forge/noarch/font-ttf-inconsolata-3.000-h77eed37_0.tar.bz2#34893075a5c9e55cdafac56607368fc6
https://conda.anaconda.org/conda-forge/noarch/font-ttf-source-code-pro-2.038-h77eed37_0.tar.bz2#4d59c254e01d9cde7957100457e2d5fb
https://conda.anaconda.org/main/noarch/font-ttf-ubuntu-0.83-h8b1ccd4_0.tar.bz2#0b017158a7cd7c1683e00b4ae688dce4
https://conda.anaconda.org/conda-forge/noarch/kernel-headers_linux-64-2.6.32-he073ed8_15.tar.bz2#5dd5127afd710f91f6a75821bac0a4f0
https://conda.anaconda.org/conda-forge/linux-64/ld_impl_linux-64-2.36.1-hea4e1c9_2.tar.bz2#bd4f2e711b39af170e7ff15163fe87ee
https://conda.anaconda.org/conda-forge/linux-64/libgcc-devel_linux-64-9.4.0-hd854feb_11.tar.bz2#db20b3d6b359c3ca9674ad3f33562bab
https://conda.anaconda.org/conda-forge/linux-64/libgfortran5-11.2.0-h5c6108e_11.tar.bz2#2dcb18a9a0fa31f4f29e5a9b3eade394
https://conda.anaconda.org/conda-forge/linux-64/libstdcxx-devel_linux-64-9.4.0-hd854feb_11.tar.bz2#74ffe15d508b9d20e5a8ed33ebfc5481
https://conda.anaconda.org/conda-forge/linux-64/libstdcxx-ng-11.2.0-he4da1e4_11.tar.bz2#0bf83958e788f1e75ba26154cb702afe
https://conda.anaconda.org/conda-forge/linux-64/llvm-openmp-12.0.1-h4bd325d_1.tar.bz2#9e6b84c1805fd0a182fcc32bd3f93e07
https://conda.anaconda.org/conda-forge/linux-64/mysql-common-8.0.27-ha770c72_1.tar.bz2#ca56dd3e2768f99f9e19869efb3434ec
https://conda.anaconda.org/conda-forge/linux-64/_openmp_mutex-4.5-1_llvm.tar.bz2#fa8d764c883a53d22ce622bea830c818
https://conda.anaconda.org/main/noarch/fonts-anaconda-1-h8fa9717_0.tar.bz2#7a445a2d9fbe2a88de8f09e9527f4ce1
https://conda.anaconda.org/conda-forge/linux-64/libgfortran-ng-11.2.0-h69a702a_11.tar.bz2#4ea2f9f83b617a7682e8aa05dcb37c6a
https://conda.anaconda.org/conda-forge/linux-64/libgomp-11.2.0-h1d223b6_11.tar.bz2#1d16527c76842bf9c41e9399d39d8097
https://conda.anaconda.org/conda-forge/noarch/sysroot_linux-64-2.12-he073ed8_15.tar.bz2#66c192522eacf5bb763568b4e415d133
https://conda.anaconda.org/conda-forge/linux-64/binutils_impl_linux-64-2.36.1-h193b22a_2.tar.bz2#32aae4265554a47ea77f7c09f86aeb3b
https://conda.anaconda.org/main/noarch/fonts-conda-ecosystem-1-hd3eb1b0_0.tar.bz2#81135874e3942ccc48b79c12ec094849
https://conda.anaconda.org/conda-forge/linux-64/libgcc-ng-11.2.0-h1d223b6_11.tar.bz2#e3495f4f93cfd6b68021cbe2b5844cd5
https://conda.anaconda.org/conda-forge/linux-64/binutils_linux-64-2.36-hf3e587d_1.tar.bz2#7d750bafc3cc7121170387583ecf0ff1
https://conda.anaconda.org/main/linux-64/brotli-1.0.9-he6710b0_2.tar.bz2#bdc971e2a9affb5125b68ad708172dab
https://conda.anaconda.org/main/linux-64/bzip2-1.0.8-h7b6447c_0.tar.bz2#f52e60deb7f4c82821be9a868e889348
https://conda.anaconda.org/conda-forge/linux-64/c-ares-1.18.1-h7f98852_0.tar.bz2#f26ef8098fab1f719c91eb760d63381a
https://conda.anaconda.org/main/linux-64/expat-2.4.1-h2531618_2.tar.bz2#11e97b6cb9080e4eca9de20d47a9eefb
https://conda.anaconda.org/main/linux-64/fribidi-1.0.10-h7b6447c_0.tar.bz2#65d93572c4ff2ee0cc8241221aee7f12
https://conda.anaconda.org/main/linux-64/giflib-5.2.1-h7b6447c_0.tar.bz2#299bf4271d710651a1d71d3795580c2d
https://conda.anaconda.org/main/linux-64/graphite2-1.3.14-h23475e2_0.tar.bz2#fcb3180b5b9e59ab6748f29d7388f4a2
https://conda.anaconda.org/conda-forge/linux-64/icu-68.2-h9c3ff4c_0.tar.bz2#6618c9b191638993f2a818c6529e1b49
https://conda.anaconda.org/main/linux-64/jbig-2.1-hdba287a_0.tar.bz2#e9aca70f11e42d8ab5d4e111e0dfb03b
https://conda.anaconda.org/main/linux-64/jpeg-9d-h7f8727e_0.tar.bz2#b3d8b4bf24d3ac7bd969f0ab0a131d4a
https://conda.anaconda.org/main/linux-64/lerc-3.0-h295c915_0.tar.bz2#88199c75f2ac211728febced7785c24e
https://conda.anaconda.org/main/linux-64/libdeflate-1.8-h7f8727e_5.tar.bz2#88cd43eece362464d4842f1b2f92a1de
https://conda.anaconda.org/main/linux-64/libev-4.33-h7f8727e_1.tar.bz2#eeca774c6154c49340dd403b1928d5e9
https://conda.anaconda.org/main/linux-64/libffi-3.4.2-h295c915_0.tar.bz2#ba6b559eddad1de9b1e57cf7447427f8
https://conda.anaconda.org/conda-forge/linux-64/libiconv-1.16-h516909a_0.tar.bz2#5c0f338a513a2943c659ae619fca9211
https://conda.anaconda.org/conda-forge/linux-64/libnsl-2.0.0-h7f98852_0.tar.bz2#39b1328babf85c7c3a61636d9cd50206
https://conda.anaconda.org/main/linux-64/libogg-1.3.5-h27cfd23_1.tar.bz2#48ff183e45bf81c02fa5f9ce1ad669dc
https://conda.anaconda.org/conda-forge/linux-64/libopenblas-0.3.18-pthreads_h8fe5266_0.tar.bz2#41532e4448c0cce086d6570f95e4e12e
https://conda.anaconda.org/main/linux-64/libopus-1.3.1-h7b6447c_0.tar.bz2#049062fe7765952d7db02925f43e8fe5
https://conda.anaconda.org/conda-forge/linux-64/libsanitizer-9.4.0-h79bfe98_11.tar.bz2#25da5fb8de6c9fd7eb5b465acd87a5b3
https://conda.anaconda.org/main/linux-64/libtool-2.4.6-h7b6447c_1005.tar.bz2#5c0a8f19dc76f2de77670f63addb4985
https://conda.anaconda.org/conda-forge/linux-64/libuuid-2.32.1-h7f98852_1000.tar.bz2#772d69f030955d9646d3d0eaf21d859d
https://conda.anaconda.org/conda-forge/linux-64/libwebp-base-1.2.1-h7f98852_0.tar.bz2#90607c4c0247f04ec98b48997de71c1a
https://conda.anaconda.org/main/linux-64/libxcb-1.14-h7b6447c_0.tar.bz2#abeb20ac13d2cd53eaaa889c3267c8c2
https://conda.anaconda.org/conda-forge/linux-64/libzlib-1.2.11-h36c2ea0_1013.tar.bz2#dcddf696ff5dfcab567100d691678e18
https://conda.anaconda.org/main/linux-64/lz4-c-1.9.3-h295c915_1.tar.bz2#f35d4bf2fbb39e334992f6dd39f8721e
https://conda.anaconda.org/conda-forge/linux-64/make-4.3-hd18ef5c_1.tar.bz2#4049ebfd3190b580dffe76daed26155a
https://conda.anaconda.org/main/linux-64/ncurses-6.2-he6710b0_1.tar.bz2#e8ca84eda38cda3b462addd143a2e7b7
https://conda.anaconda.org/main/linux-64/ninja-1.10.2-hff7bd54_1.tar.bz2#2d3ac10d4ff532b79d19f7ccda9cfeea
https://conda.anaconda.org/main/linux-64/nodejs-10.13.0-he6710b0_0.tar.bz2#f321c1ade4d4c6486c2469d368a44a61
https://conda.anaconda.org/conda-forge/linux-64/nspr-4.32-h9c3ff4c_0.tar.bz2#9755925f0db9168b2b54eb7478a49ed4
https://conda.anaconda.org/main/linux-64/openssl-1.1.1l-h7f8727e_0.tar.bz2#991c8f07775e59c214a21a776fb9ed94
https://conda.anaconda.org/main/linux-64/pcre-8.45-h295c915_0.tar.bz2#4bac8a874e62f41ebab8345ca6076eb6
https://conda.anaconda.org/conda-forge/linux-64/perl-5.32.1-1_h7f98852_perl5.tar.bz2#fd3af8340768b6e562bf0308077162df
https://conda.anaconda.org/main/linux-64/pixman-0.40.0-h7f8727e_1.tar.bz2#c197093127a4cca3bb3227aab1a68573
https://conda.anaconda.org/main/linux-64/pkg-config-0.29.2-h1bed415_8.tar.bz2#b3165258ae86c7e235a8a171eda1c0a9
https://conda.anaconda.org/main/linux-64/tbb-2020.3-hfd86e86_0.tar.bz2#925e0f059d35762aaee4d4ae28c9f6b7
https://conda.anaconda.org/conda-forge/linux-64/xorg-kbproto-1.0.7-h7f98852_1002.tar.bz2#4b230e8381279d76131116660f5a241a
https://conda.anaconda.org/conda-forge/linux-64/xorg-libice-1.0.10-h7f98852_0.tar.bz2#d6b0b50b49eccfe0be0373be628be0f3
https://conda.anaconda.org/main/linux-64/xorg-xproto-7.0.31-h27cfd23_1007.tar.bz2#7638aa708e96e15149bb713633c2cdf7
https://conda.anaconda.org/main/linux-64/xz-5.2.5-h7b6447c_0.tar.bz2#e17620ef8fc8654e77f53b4f2995b288
https://conda.anaconda.org/conda-forge/linux-64/gcc_impl_linux-64-9.4.0-h03d3576_11.tar.bz2#af63ecae331d9d8f40727eb7db93eeee
https://conda.anaconda.org/conda-forge/linux-64/libblas-3.9.0-12_linux64_openblas.tar.bz2#4f93ba28c628a2c27cf39c055e6b219c
https://conda.anaconda.org/main/linux-64/libedit-3.1.20210714-h7f8727e_0.tar.bz2#c4d6a9395eee6a809d424734ea109eb0
https://conda.anaconda.org/conda-forge/linux-64/libevent-2.1.10-h9b69904_4.tar.bz2#390026683aef81db27ff1b8570ca1336
https://conda.anaconda.org/main/linux-64/libvorbis-1.3.7-h7b6447c_0.tar.bz2#e2260ef2263c0747bb17dc3622620928
https://conda.anaconda.org/conda-forge/linux-64/openblas-0.3.18-pthreads_h4748800_0.tar.bz2#a3a79eea3e4565fc89c556a9042c801f
https://conda.anaconda.org/main/linux-64/readline-8.1-h27cfd23_0.tar.bz2#b3a5e0e61af068595cfd411db9960e1f
https://conda.anaconda.org/conda-forge/linux-64/xorg-libsm-1.2.3-hd9c2040_1000.tar.bz2#9e856f78d5c80d5a78f61e72d1d473a3
https://conda.anaconda.org/conda-forge/linux-64/xorg-libx11-1.7.2-h7f98852_0.tar.bz2#12a61e640b8894504326aadafccbb790
https://conda.anaconda.org/conda-forge/linux-64/zlib-1.2.11-h36c2ea0_1013.tar.bz2#cf7190238072a41e9579e4476a6a60b8
https://conda.anaconda.org/bioconda/linux-64/fastp-0.22.0-h2e03b76_0.tar.bz2#ff4960508f3e3bef8bcc99108ae9a8cb
https://conda.anaconda.org/conda-forge/linux-64/gcc_linux-64-9.4.0-h391b98a_1.tar.bz2#1dc00eab8ce4b3341aae9f54c19b810a
https://conda.anaconda.org/conda-forge/linux-64/gfortran_impl_linux-64-9.4.0-h0003116_11.tar.bz2#2c21b8ffe4c2ce138ec56943ac7a95f8
https://conda.anaconda.org/conda-forge/linux-64/gxx_impl_linux-64-9.4.0-h03d3576_11.tar.bz2#c0c0f0e29f95fa2d9ca1e62d1ea81dcc
https://conda.anaconda.org/main/linux-64/krb5-1.19.2-hac12032_0.tar.bz2#fe9cc044a22b2fc3a5a0699e2fde72fd
https://conda.anaconda.org/conda-forge/linux-64/libcblas-3.9.0-12_linux64_openblas.tar.bz2#2e5082d4a9a18c21100e6ce5b6bcb4ec
https://conda.anaconda.org/conda-forge/linux-64/liblapack-3.9.0-12_linux64_openblas.tar.bz2#9f401a6807a97e0c859d7522ae3d51ec
https://conda.anaconda.org/main/linux-64/libllvm11-11.1.0-h3826bc1_0.tar.bz2#418f3d701f43dd02505005c6d1706d98
https://conda.anaconda.org/conda-forge/linux-64/libnghttp2-1.43.0-h812cca2_1.tar.bz2#d0a7846b7b3b8fb0d8b36904a53b8155
https://conda.anaconda.org/main/linux-64/libpng-1.6.37-hbc83047_0.tar.bz2#9cb85601944ca7383b1769bff74b94e8
https://conda.anaconda.org/conda-forge/linux-64/libssh2-1.10.0-ha56f1ee_2.tar.bz2#6ab4eaa11ff01801cffca0a27489dc04
https://conda.anaconda.org/conda-forge/linux-64/libxml2-2.9.12-h72842e0_0.tar.bz2#bd14fdf5b9ee5568056a40a6a2f41866
https://conda.anaconda.org/conda-forge/linux-64/pcre2-10.37-h032f7d1_0.tar.bz2#6469e4602e914febe6f057ad2271a54e
https://conda.anaconda.org/main/linux-64/sqlite-3.36.0-hc218d9a_0.tar.bz2#7147fbe9c210388a7603df8168184535
https://conda.anaconda.org/main/linux-64/tk-8.6.11-h1ccaba5_0.tar.bz2#a7bd5edf919b9a24f4f4ed5b23bf62a3
https://conda.anaconda.org/conda-forge/linux-64/xorg-libxt-1.2.1-h7f98852_2.tar.bz2#60d6eec5273f1c9af096c10c268912e3
https://conda.anaconda.org/main/linux-64/zstd-1.5.0-ha4553b6_1.tar.bz2#423776deda168563f71daf4bd3127862
https://conda.anaconda.org/conda-forge/linux-64/bwidget-1.9.14-ha770c72_1.tar.bz2#5746d6202ba2abad4a4707f2a2462795
https://conda.anaconda.org/main/linux-64/freetype-2.11.0-h70c0345_0.tar.bz2#d2b24736491290a6c6d0138932111150
https://conda.anaconda.org/main/linux-64/gettext-0.21.0-hf68c758_0.tar.bz2#7b50d8014e3ffd9258944e356c2fec93
https://conda.anaconda.org/conda-forge/linux-64/gfortran_linux-64-9.4.0-hf0ab688_1.tar.bz2#a78f3dc7f1318710899565c50734c0f0
https://conda.anaconda.org/conda-forge/linux-64/gsl-2.7-he838d99_0.tar.bz2#fec079ba39c9cca093bf4c00001825de
https://conda.anaconda.org/conda-forge/linux-64/gxx_linux-64-9.4.0-h0316aca_1.tar.bz2#8c020fd66512f59c968546a840af6112
https://conda.anaconda.org/conda-forge/linux-64/libclang-11.1.0-default_ha53f305_1.tar.bz2#b9b71585ca4fcb5d442c5a9df5dd7e98
https://conda.anaconda.org/conda-forge/linux-64/libcurl-7.79.1-h2574ce0_1.tar.bz2#7df45d44314d8ed15453dbe9f6c125db
https://conda.anaconda.org/conda-forge/linux-64/liblapacke-3.9.0-12_linux64_openblas.tar.bz2#7f38bdd334d93ebea8176d12f81cf0de
https://conda.anaconda.org/conda-forge/linux-64/libpq-13.3-hd57d9b9_3.tar.bz2#3882b459a3c08029088197318acd3a21
https://conda.anaconda.org/conda-forge/linux-64/libtiff-4.3.0-h6f004c6_2.tar.bz2#34fda41ca84e67232888c9a885903055
https://conda.anaconda.org/conda-forge/linux-64/libxkbcommon-1.0.3-he3ba5ed_0.tar.bz2#f9dbabc7e01c459ed7a1d1d64b206e9b
https://conda.anaconda.org/conda-forge/linux-64/libxslt-1.1.33-h15afd5d_2.tar.bz2#811bb9f5437fc6a04ba30d10f7a0c3eb
https://conda.anaconda.org/conda-forge/linux-64/mysql-libs-8.0.27-hfa10184_1.tar.bz2#577ac13be280c34b2f0cfd44267d2eac
https://conda.anaconda.org/conda-forge/linux-64/nss-3.71-hb5efdd6_0.tar.bz2#a2109f76ebafb68c0889453cbb39e1c1
https://conda.anaconda.org/conda-forge/linux-64/python-3.7.12-hb7a2778_100_cpython.tar.bz2#2d94b3e6a9fdaf83f6955d008c8011a7
https://conda.anaconda.org/main/linux-64/tktable-2.10-h14c3975_0.tar.bz2#6814c3b5b7f94675eddb272a9c2496ca
https://conda.anaconda.org/conda-forge/noarch/bagit-1.8.1-pyhd8ed1ab_0.tar.bz2#fb50f22b353ed3a12f5e8b7c01b58832
https://conda.anaconda.org/conda-forge/linux-64/blas-devel-3.9.0-12_linux64_openblas.tar.bz2#9cc3c8a887ec0e13a7a2de4476a3afe8
https://conda.anaconda.org/main/linux-64/certifi-2021.10.8-py37h06a4308_0.tar.bz2#53ce22dc29954a689d12ba8c6d53fb86
https://conda.anaconda.org/conda-forge/noarch/charset-normalizer-2.0.7-pyhd8ed1ab_0.tar.bz2#e273b79412fceb8e8599e2074519012b
https://conda.anaconda.org/main/noarch/click-8.0.3-pyhd3eb1b0_0.tar.bz2#1f6b29974f6c61bc361919fe92bf58cd
https://conda.anaconda.org/conda-forge/linux-64/curl-7.79.1-h2574ce0_1.tar.bz2#3696bc993fbd6b316df13ea18b397b92
https://conda.anaconda.org/conda-forge/noarch/cycler-0.11.0-pyhd8ed1ab_0.tar.bz2#a50559fad0affdbb33729a68669ca1cb
https://conda.anaconda.org/main/noarch/dataclasses-0.8-pyh6d0b6a4_7.tar.bz2#c8c177c84b3e5e6145156045660868e9
https://conda.anaconda.org/conda-forge/linux-64/fontconfig-2.13.1-hba837de_1005.tar.bz2#fd3611672eb91bc9d24fd6fb970037eb
https://conda.anaconda.org/main/noarch/idna-3.2-pyhd3eb1b0_0.tar.bz2#446c2327cab1f48ed9f7313e155363ab
https://conda.anaconda.org/conda-forge/noarch/keepalive-0.5-pyhd8ed1ab_6.tar.bz2#aeb847cf3826ac151091766b7a042b69
https://conda.anaconda.org/main/linux-64/lcms2-2.12-h3be6417_0.tar.bz2#653b4f425f6d4a21f04619b1f5f8aa43
https://conda.anaconda.org/conda-forge/linux-64/libglib-2.70.0-h174f98d_1.tar.bz2#923cee7bae6f8dcbe12da21520e3ba4b
https://conda.anaconda.org/conda-forge/linux-64/libwebp-1.2.1-h3452ae3_0.tar.bz2#6d4bf6265d998b6c975c26a6a24062a2
https://conda.anaconda.org/main/linux-64/lockfile-0.12.2-py37h06a4308_0.tar.bz2#df0d6744ea1db0b4cab4b24cf1a36f95
https://conda.anaconda.org/main/linux-64/mistune-0.8.4-py37h14c3975_1001.tar.bz2#ba9aa2cb67c5a833a22b506c7f5393eb
https://conda.anaconda.org/main/linux-64/msgpack-python-1.0.2-py37hff7bd54_1.tar.bz2#38319b484331389d76ebf85939d5a09e
https://conda.anaconda.org/main/noarch/munkres-1.1.4-py_0.tar.bz2#67857cc5e9044770d2b15f9d94a4521d
https://conda.anaconda.org/main/linux-64/mypy_extensions-0.4.3-py37_0.tar.bz2#24fb7514330ebde190ecab2b6c4afc64
https://conda.anaconda.org/main/noarch/networkx-2.6.3-pyhd3eb1b0_0.tar.bz2#24cf78aaef1174bff5b6e7ed18364c12
https://conda.anaconda.org/main/linux-64/olefile-0.46-py37_0.tar.bz2#66eccdf0f485e5ee525ef3becd423067
https://conda.anaconda.org/conda-forge/noarch/pathspec-0.9.0-pyhd8ed1ab_0.tar.bz2#f93dc0ccbc0a8472624165f6e256c7d1
https://conda.anaconda.org/conda-forge/noarch/platformdirs-2.3.0-pyhd8ed1ab_0.tar.bz2#7bc119135be2a43e1701432399d8c28a
https://conda.anaconda.org/main/noarch/pycparser-2.20-py_2.tar.bz2#bc20c885814700fdc0187918f9aff9ac
https://conda.anaconda.org/main/noarch/pyparsing-3.0.4-pyhd3eb1b0_0.tar.bz2#e91ec54770326963c1b7e3641cb91e7a
https://conda.anaconda.org/main/linux-64/pysocks-1.7.1-py37_1.tar.bz2#ed9a2fb08846250c279c0a3b691c1602
https://conda.anaconda.org/conda-forge/linux-64/python_abi-3.7-2_cp37m.tar.bz2#afff88bf9a7048da740c70aeb8cdbb82
https://conda.anaconda.org/main/noarch/pytz-2021.3-pyhd3eb1b0_0.tar.bz2#9d6c5d80787e35781e862f0a5f1492f8
https://conda.anaconda.org/main/linux-64/ruamel.yaml.clib-0.2.2-py37h7b6447c_0.tar.bz2#934928c33fe70d1d81a3a61e8147c2b9
https://conda.anaconda.org/main/linux-64/sed-4.8-h7b6447c_0.tar.bz2#cf7fd03eb1f493dfed4d65ef7f1da70c
https://conda.anaconda.org/bioconda/noarch/shellescape-3.4.1-py_1.tar.bz2#fe54078488e8cb18154999306fa28742
https://conda.anaconda.org/main/noarch/six-1.16.0-pyhd3eb1b0_0.tar.bz2#4b46cefc41f565ce5a7a5d572d851c49
https://conda.anaconda.org/conda-forge/noarch/tomli-1.2.2-pyhd8ed1ab_0.tar.bz2#1c8a2f9ea18c267414e244cee668cd00
https://conda.anaconda.org/main/linux-64/tornado-6.1-py37h27cfd23_0.tar.bz2#5cc070f92a24e4b408bb7c685dd3f342
https://conda.anaconda.org/main/linux-64/typed-ast-1.4.3-py37h7f8727e_1.tar.bz2#12792a5dc4e089fcf16fcfeb9a266ed5
https://conda.anaconda.org/main/noarch/typing_extensions-3.10.0.2-pyh06a4308_0.tar.bz2#d09d17d9b56d0a70bc42ef11789570ce
https://conda.anaconda.org/main/linux-64/unicodedata2-13.0.0.post2-py37h27cfd23_0.tar.bz2#55ee197868c26a7be9d3b9e5041c263e
https://conda.anaconda.org/main/linux-64/webencodings-0.5.1-py37_1.tar.bz2#ad7b6b14717396aab3e6263d9f22817a
https://conda.anaconda.org/main/noarch/wheel-0.37.0-pyhd3eb1b0_1.tar.bz2#df67d909e48e4bc8ea0792ece2cae16d
https://conda.anaconda.org/main/noarch/zipp-3.6.0-pyhd3eb1b0_0.tar.bz2#aadbefd3008013a40b76321d79b790e2
https://conda.anaconda.org/conda-forge/linux-64/blas-2.112-openblas.tar.bz2#98ea2a50cfc65972e13b16a1d9cdbffd
https://conda.anaconda.org/bioconda/linux-64/bowtie-1.2.3-py37h9a982cc_2.tar.bz2#7243d14d48b372b02a9c7aa0eedaa773
https://conda.anaconda.org/conda-forge/linux-64/cffi-1.15.0-py37h036bc23_0.tar.bz2#05ab26c7685bcb7dd8bc8752c121f823
https://conda.anaconda.org/conda-forge/linux-64/fonttools-4.28.0-py37h5e8e339_0.tar.bz2#59205066ec9672eb3a755376a9284bc7
https://conda.anaconda.org/conda-forge/linux-64/g-ir-build-tools-1.70.0-py37h8a2ff1e_1.tar.bz2#faa3130d7a2a6b2529cf8b44b584fe48
https://conda.anaconda.org/conda-forge/linux-64/glib-tools-2.70.0-h780b84a_1.tar.bz2#8f508b75dc7016e1dad9fc6d5c188f6d
https://conda.anaconda.org/main/noarch/html5lib-1.1-pyhd3eb1b0_0.tar.bz2#7a9fa936878258757f23ffe4b2e8ecf7
https://conda.anaconda.org/conda-forge/linux-64/humanfriendly-10.0-py37h89c1867_0.tar.bz2#428e83f0da25b3885c0e94f6a014f51c
https://conda.anaconda.org/main/linux-64/importlib-metadata-4.8.1-py37h06a4308_0.tar.bz2#553df9b7dcf1cc3b3875f116aa0537e5
https://conda.anaconda.org/main/noarch/isodate-0.6.0-pyhd3eb1b0_1.tar.bz2#847e7f71e050f3f8e168105822a950c4
https://conda.anaconda.org/conda-forge/linux-64/kiwisolver-1.3.2-py37h2527ec5_1.tar.bz2#441ac4d93d0d57d21ea9dcac48cb5d0d
https://conda.anaconda.org/conda-forge/linux-64/libgd-2.3.3-h6ad9fb6_0.tar.bz2#45142dc44fcd04934f9ad68ce205e54d
https://conda.anaconda.org/conda-forge/linux-64/lxml-4.6.4-py37h77fd288_0.tar.bz2#892147c582cf9f7a18a837a7d863ac4c
https://conda.anaconda.org/main/linux-64/pillow-8.4.0-py37h5aabda8_0.tar.bz2#3593be24a3e8dd5295e232a28a5f42d8
https://conda.anaconda.org/conda-forge/linux-64/psutil-5.8.0-py37h5e8e339_2.tar.bz2#01e107921a7431734b1120c720786a5f
https://conda.anaconda.org/conda-forge/linux-64/pyqt5-sip-4.19.18-py37hcd2ae1e_7.tar.bz2#f94e01aa4abd458b556d68fdb5f19b99
https://conda.anaconda.org/main/noarch/python-dateutil-2.8.2-pyhd3eb1b0_0.tar.bz2#2eb923cc014094f4acf7f849d67d73f8
https://conda.anaconda.org/conda-forge/linux-64/regex-2021.11.2-py37h5e8e339_0.tar.bz2#ecff21a0b5cabf5a9534eb58b8f6f612
https://conda.anaconda.org/main/linux-64/setuptools-52.0.0-py37h06a4308_1.tar.bz2#1f92951b607597669819f0dcdb158d69
https://conda.anaconda.org/conda-forge/linux-64/sparqlwrapper-1.8.5-py37h89c1867_1006.tar.bz2#be915e170d304828e1c39f85e6ede87a
https://conda.anaconda.org/conda-forge/noarch/black-21.10b0-pyhd8ed1ab_0.tar.bz2#b155ac8dd08d3f52b27cb89eacb2a2aa
https://conda.anaconda.org/main/linux-64/brotlipy-0.7.0-py37h27cfd23_1003.tar.bz2#b105254043bd931b31a5a1c5d47250ed
https://conda.anaconda.org/main/linux-64/coloredlogs-15.0.1-py37h06a4308_0.tar.bz2#57a165473089c821a7586d85115988b7
https://conda.anaconda.org/main/linux-64/cryptography-35.0.0-py37hd23ed53_0.tar.bz2#b0e7e28ae13c23e65a5761e1342737b2
https://conda.anaconda.org/conda-forge/linux-64/glib-2.70.0-h780b84a_1.tar.bz2#2a961904d6185ca631ac82eeadc9323e
https://conda.anaconda.org/main/noarch/importlib_metadata-4.8.1-hd3eb1b0_0.tar.bz2#43a1b0f52d5f0bfadeacaadbe689e6f2
https://conda.anaconda.org/main/linux-64/numpy-base-1.19.2-py37h75fe3a5_0.tar.bz2#1ac2b7326567e2048e3a51745944ab19
https://conda.anaconda.org/conda-forge/noarch/pip-21.2.4-pyhd8ed1ab_0.tar.bz2#4104ada314dd5639ea36cc12bce0a2cd
https://conda.anaconda.org/conda-forge/linux-64/rdflib-4.2.2-py37_1000.tar.bz2#69baa01720202f268bb4741109b4639a
https://conda.anaconda.org/main/linux-64/ruamel.yaml-0.16.5-py37h7b6447c_1.tar.bz2#a37720c1c29ed797f9242e4c3e1b8cdc
https://conda.anaconda.org/main/noarch/argcomplete-1.12.3-pyhd3eb1b0_0.tar.bz2#81ddda1312e9afe03a448f7b6a68dd50
https://conda.anaconda.org/main/linux-64/cairo-1.16.0-hf32fb01_1.tar.bz2#4c1adb402948673d3fc537e8a41a14fc
https://conda.anaconda.org/main/linux-64/dbus-1.13.18-hb2f20db_0.tar.bz2#498d0788982ec4c5d13a44359b9c7afb
https://conda.anaconda.org/main/linux-64/gstreamer-1.18.5-ha1a6a79_0.tar.bz2#473cda6a24471acbfec11ab2bee3d16c
https://conda.anaconda.org/main/linux-64/gts-0.7.6-hb67d8dd_2.tar.bz2#3fbd73feb3ac6f3289cf9b64b1dda928
https://conda.anaconda.org/main/linux-64/numpy-1.19.2-py37h6163131_0.tar.bz2#4b3f51ac7319d9b536a9b83cca05053a
https://conda.anaconda.org/main/noarch/pyopenssl-21.0.0-pyhd3eb1b0_1.tar.bz2#149191e4f3c8a7975d338dd5afbf02b7
https://conda.anaconda.org/main/linux-64/gst-plugins-base-1.18.5-hc549b11_0.tar.bz2#e85c8d6014d04fc5588961be62e10026
https://conda.anaconda.org/conda-forge/linux-64/harfbuzz-3.1.0-h83ec7ef_0.tar.bz2#50f4395dcf74f66ef1d96abced804b65
https://conda.anaconda.org/conda-forge/linux-64/libgirepository-1.70.0-hb520f89_1.tar.bz2#3bd10a1c08ea219643788737a1a2bc85
https://conda.anaconda.org/main/linux-64/matplotlib-base-3.4.3-py37hbbc1b5f_0.tar.bz2#18341bc452d27358de883c4f5c3372f9
https://conda.anaconda.org/main/linux-64/pandas-1.2.4-py37h2531618_0.tar.bz2#fff684066683e9f28db38a2a08ce412b
https://conda.anaconda.org/main/noarch/urllib3-1.26.7-pyhd3eb1b0_0.tar.bz2#9f82a6d1ee4c69359f6cc7e169602eb1
https://conda.anaconda.org/conda-forge/linux-64/g-ir-host-tools-1.70.0-h601b988_1.tar.bz2#499f4ef4f8e1bf6d938421ad4ff9bfcb
https://conda.anaconda.org/conda-forge/linux-64/pango-1.48.10-h54213e6_2.tar.bz2#b7ed7c76c9360db1f91afba2e220007b
https://conda.anaconda.org/conda-forge/linux-64/qt-5.12.9-hda022c4_4.tar.bz2#afebab1f5049d66baaaec67d9ce893f0
https://conda.anaconda.org/main/noarch/requests-2.26.0-pyhd3eb1b0_0.tar.bz2#84222158477f12beee8a80aac433e669
https://conda.anaconda.org/conda-forge/noarch/cachecontrol-0.12.10-pyhd8ed1ab_0.tar.bz2#db145c90f18ed56d798492b1de1a774b
https://conda.anaconda.org/conda-forge/linux-64/gobject-introspection-1.70.0-py37hc53cd28_1.tar.bz2#57dbdf851200f256ed5da8aa73a7a3bf
https://conda.anaconda.org/conda-forge/linux-64/pyqt-impl-5.12.3-py37he336c9b_7.tar.bz2#303251d6f2b9e60a0cd79480cf8507d2
https://conda.anaconda.org/conda-forge/linux-64/r-base-4.1.1-hb93adac_1.tar.bz2#393858be0a91b3df02d3cba3f0ad4b60
https://conda.anaconda.org/main/linux-64/atk-1.0-2.36.0-ha1a6a79_0.tar.bz2#387649f0dd6e7540ac4ec9ebb40f89c4
https://conda.anaconda.org/main/linux-64/gdk-pixbuf-2.42.6-h8cc273a_5.tar.bz2#22614d5cc3bec318d447f797c7132fc3
https://conda.anaconda.org/conda-forge/linux-64/pyqtchart-5.12-py37he336c9b_7.tar.bz2#2b1959f3a87b5ad66690340ef921323c
https://conda.anaconda.org/conda-forge/linux-64/pyqtwebengine-5.12.1-py37he336c9b_7.tar.bz2#15f5cbcafb4889bb41da2a0a0e338f2a
https://conda.anaconda.org/conda-forge/linux-64/schema-salad-8.2.20211104054942-py37h5e8e339_0.tar.bz2#d663fda568be777f5d63d3651ffe193e
https://conda.anaconda.org/conda-forge/linux-64/gtk2-2.24.33-h539f30e_1.tar.bz2#606777b4da3664d5c9415f5f165349fd
https://conda.anaconda.org/conda-forge/linux-64/librsvg-2.52.3-hc3c00ef_0.tar.bz2#6eecc995e05cb77fd2878ab0aa03ea52
https://conda.anaconda.org/conda-forge/linux-64/pyqt-5.12.3-py37h89c1867_7.tar.bz2#1754ec587a9ac26e9507fea7eb6bebc2
https://conda.anaconda.org/conda-forge/linux-64/graphviz-2.49.3-h85b4f2f_0.tar.bz2#71062453180260ef85c861996b29bd6a
https://conda.anaconda.org/conda-forge/linux-64/matplotlib-3.4.3-py37h89c1867_1.tar.bz2#0f4b55d86f989450108f272290bf11ff
https://conda.anaconda.org/conda-forge/linux-64/pydot-1.4.2-py37h89c1867_1.tar.bz2#78c43529d17edfce7eb0a2dcd5d1bc6f
https://conda.anaconda.org/main/noarch/pydotplus-2.0.2-py_3.tar.bz2#cfb123d1e6b3375ae2acab4c290390ae
https://conda.anaconda.org/conda-forge/noarch/prov-1.5.1-py_1.tar.bz2#66e578dc9f4bfe65728ad547a81cd6dd
https://conda.anaconda.org/conda-forge/linux-64/cwltool-3.1.20211001174446-py37h830b720_0.tar.bz2#7aee432599079403d5cf5fb2dcaf2680
