# Generated by conda-lock.
# platform: osx-64
# input_hash: aa536c9750cc555218e1c792a2ed52764dab7748905fac0d76456af8b8e19346
@EXPLICIT
https://conda.anaconda.org/conda-forge/noarch/_r-mutex-1.0.1-anacondar_1.tar.bz2#19f9db5f4f1b7f5ef5f6d67207f25f38
https://conda.anaconda.org/main/osx-64/bzip2-1.0.8-h1de35cc_0.tar.bz2#ab3b4e83407001e7f1603ca1fa0f4873
https://conda.anaconda.org/main/osx-64/c-ares-1.18.1-hca72f7f_0.tar.bz2#c2c4131562aa7944a9bf6afc137bf576
https://conda.anaconda.org/main/osx-64/ca-certificates-2022.07.19-hecd8cb5_0.tar.bz2#4883cd1a4f0c8aa3508d5c05e4c07d2e
https://conda.anaconda.org/main/noarch/font-ttf-dejavu-sans-mono-2.37-hd3eb1b0_0.tar.bz2#801b4743a301a4e11cbd9609d418e101
https://conda.anaconda.org/conda-forge/noarch/font-ttf-inconsolata-3.000-h77eed37_0.tar.bz2#34893075a5c9e55cdafac56607368fc6
https://conda.anaconda.org/conda-forge/noarch/font-ttf-source-code-pro-2.038-h77eed37_0.tar.bz2#4d59c254e01d9cde7957100457e2d5fb
https://conda.anaconda.org/main/noarch/font-ttf-ubuntu-0.83-h8b1ccd4_0.tar.bz2#0b017158a7cd7c1683e00b4ae688dce4
https://conda.anaconda.org/main/osx-64/fribidi-1.0.10-haf1e3a3_0.tar.bz2#58df1c8d8878f3fe462eb75826d5fbd7
https://conda.anaconda.org/main/osx-64/giflib-5.2.1-haf1e3a3_0.tar.bz2#f7566353480520d8664525672d680538
https://conda.anaconda.org/main/osx-64/gsl-2.7.1-hdbe807d_1.tar.bz2#8d10f1c94483a865799b8166386cba71
https://conda.anaconda.org/conda-forge/osx-64/isa-l-2.30.0-h0d85af4_4.tar.bz2#e3b807a1a87e622538a5cd31be11fbf9
https://conda.anaconda.org/main/osx-64/jpeg-9e-hca72f7f_0.tar.bz2#60dd44b4f8b09370ebd52eca5b72a6c7
https://conda.anaconda.org/conda-forge/osx-64/libcxx-14.0.6-hce7ea42_0.tar.bz2#ac504a8074ae8add8b837a93d7bc33ca
https://conda.anaconda.org/conda-forge/osx-64/libdeflate-1.10-h0d85af4_0.tar.bz2#98a4bf0073c56678453dd86845d3bcc9
https://conda.anaconda.org/main/osx-64/libev-4.33-h9ed2024_1.tar.bz2#849fdd014c201a9d2c2aa7c7db38a778
https://conda.anaconda.org/conda-forge/noarch/libgfortran-devel_osx-64-9.3.0-h6c81a4c_23.tar.bz2#d66ac79367c179bf53520066430565e8
https://conda.anaconda.org/main/osx-64/libgfortran-ng-3.0.1-h93005f0_2.tar.bz2#b9ee195bc9f08f7f301ba89753cf3e59
https://conda.anaconda.org/main/osx-64/libiconv-1.16-hca72f7f_2.tar.bz2#c90372428e1e4eed4fdcd790979d06b4
https://conda.anaconda.org/main/osx-64/libtool-2.4.6-he9d5cce_1008.tar.bz2#919ef1cd3aa226d54ec682e936fe8910
https://conda.anaconda.org/main/osx-64/libuv-1.40.0-haf1e3a3_0.tar.bz2#619d1739110dd21b6c6d5f497fb843c7
https://conda.anaconda.org/conda-forge/osx-64/libwebp-base-1.2.3-hac89ed1_2.tar.bz2#61aed82bca4746f9d201712ca10a2c07
https://conda.anaconda.org/conda-forge/osx-64/libzlib-1.2.12-hfe4f2af_2.tar.bz2#1d676bbaa2599f22121dd5bbea455c2e
https://conda.anaconda.org/conda-forge/osx-64/llvm-openmp-14.0.4-ha654fa7_0.tar.bz2#5d5ab9ab83ce21422be84ecfd3142201
https://conda.anaconda.org/conda-forge/osx-64/make-4.3-h22f3db7_1.tar.bz2#ac4a1dd58e6d821c518ae0011e8592b7
https://conda.anaconda.org/conda-forge/noarch/mscorefonts-0.0.1-3.tar.bz2#1e88c07eb93ef0b423c0acc694adcbef
https://conda.anaconda.org/main/osx-64/ncurses-6.3-hca72f7f_3.tar.bz2#d561cc3036563ea3e25df461cba3cc52
https://conda.anaconda.org/conda-forge/osx-64/perl-5.32.1-2_h0d85af4_perl5.tar.bz2#dd13a8c2fac0cd8e102fcdc7bca1f077
https://conda.anaconda.org/main/osx-64/pixman-0.40.0-h9ed2024_1.tar.bz2#ecb58f854cae469740631c23643c9c95
https://conda.anaconda.org/main/noarch/tzdata-2022a-hda174b7_0.tar.bz2#a99750e9650510d276b56d2b000f4569
https://conda.anaconda.org/main/osx-64/xz-5.2.5-hca72f7f_1.tar.bz2#93e0326afd04cd186c1c504186084e70
https://conda.anaconda.org/main/osx-64/zlib-1.2.12-h4dc903c_2.tar.bz2#c229f9e277891bb5d8c41082523cb64d
https://conda.anaconda.org/main/osx-64/brotli-1.0.9-hb1e8313_2.tar.bz2#2a310a7f0f0337a3953900be08438b06
https://conda.anaconda.org/conda-forge/osx-64/expat-2.4.8-h96cf925_0.tar.bz2#529d357c143fb98b9af77d687f82a3e0
https://conda.anaconda.org/bioconda/osx-64/fastp-0.23.2-h1c864af_2.tar.bz2#293a57a060eff6301314594613df6c22
https://conda.anaconda.org/main/noarch/fonts-anaconda-1-h8fa9717_0.tar.bz2#7a445a2d9fbe2a88de8f09e9527f4ce1
https://conda.anaconda.org/main/osx-64/gmp-6.2.1-he9d5cce_3.tar.bz2#e0c3ff3de3d5896b080f777be9badbbc
https://conda.anaconda.org/main/osx-64/graphite2-1.3.14-he9d5cce_1.tar.bz2#620cdc76e94f58e22d16e8c9bbbd331d
https://conda.anaconda.org/conda-forge/osx-64/icu-68.2-he49afe7_0.tar.bz2#c5de93735153d0d334a6b841e763fdb2
https://conda.anaconda.org/main/osx-64/isl-0.22.1-he9d5cce_3.tar.bz2#cd3138f80d8c0dcfff73e0243764aac5
https://conda.anaconda.org/main/osx-64/lerc-3.0-he9d5cce_0.tar.bz2#d9e7e12a2bc017897a1a866e972a04de
https://conda.anaconda.org/main/osx-64/libedit-3.1.20210910-hca72f7f_0.tar.bz2#3c3da5b260a2b361ade4017f7776a9cf
https://conda.anaconda.org/main/osx-64/libffi-3.4.2-he9d5cce_4.tar.bz2#de2045de34211d4fa2d3abe1b4a2c780
https://conda.anaconda.org/main/osx-64/libgfortran5-11.2.0-h246ff09_26.tar.bz2#aec418d4f5f8bf6fd81ee64688c2c6a3
https://conda.anaconda.org/conda-forge/osx-64/libllvm13-13.0.1-h64f94b2_2.tar.bz2#bac1c6f12f44f40e19274e6e04e9bad5
https://conda.anaconda.org/conda-forge/osx-64/libllvm14-14.0.4-h41df66c_0.tar.bz2#fb8b5e6baa2ed5a65a4cfd992acffd04
https://conda.anaconda.org/main/osx-64/libpng-1.6.37-ha441bb4_0.tar.bz2#256b1d19857d350dc549c64d6857c9a9
https://conda.anaconda.org/main/osx-64/lz4-c-1.9.3-h23ab428_1.tar.bz2#8ddb19388a0a9a6b9860d9dc495b5049
https://conda.anaconda.org/conda-forge/osx-64/ninja-1.11.0-h1b54a9f_0.tar.bz2#02e4d7a0d1cda051ddf5e83725c4b2a6
https://conda.anaconda.org/conda-forge/osx-64/openblas-0.3.1-hd130d23_0.tar.bz2#54535f43670ada1d83f75d57a8a0eb6a
https://conda.anaconda.org/main/osx-64/openssl-1.1.1q-hca72f7f_0.tar.bz2#36499eb30b5facd90417ea74b2551c99
https://conda.anaconda.org/main/osx-64/pcre-8.45-h23ab428_0.tar.bz2#843db1a9eb10fcc9604c90b2e63272ee
https://conda.anaconda.org/main/osx-64/pcre2-10.37-he7042d7_1.tar.bz2#9eae60b5dcb24bb8d36304e32cd94a04
https://conda.anaconda.org/main/osx-64/pkg-config-0.29.2-h3efe00b_8.tar.bz2#3b186bff02439ca4238d5119a6db2606
https://conda.anaconda.org/main/osx-64/readline-8.1.2-hca72f7f_1.tar.bz2#59c80f25f83042f591ba630c1a52ca68
https://conda.anaconda.org/main/osx-64/tapi-1100.0.11-h0025ef7_0.tar.bz2#57f7e2d52d273161ee20cced55a425a8
https://conda.anaconda.org/main/osx-64/tbb-2020.3-h879752b_0.tar.bz2#495f2debd589d580e6d768bc497d8b9d
https://conda.anaconda.org/main/osx-64/tk-8.6.12-h5d9f67b_0.tar.bz2#d5b05e38d3bc8fe6d9bcdd91029db1c7
https://conda.anaconda.org/conda-forge/osx-64/blas-1.1-openblas.tar.bz2#794dbf30b6f568889ba6b04a50fd7989
https://conda.anaconda.org/conda-forge/osx-64/bwidget-1.9.14-h694c41f_1.tar.bz2#bfebc1f663c38331b8d0dca32a515e95
https://conda.anaconda.org/main/noarch/fonts-conda-ecosystem-1-hd3eb1b0_0.tar.bz2#81135874e3942ccc48b79c12ec094849
https://conda.anaconda.org/main/osx-64/freetype-2.11.0-hd8bbffd_0.tar.bz2#161a798f97f48e75b94e831cdf75fc41
https://conda.anaconda.org/conda-forge/osx-64/krb5-1.19.3-hb49756b_0.tar.bz2#e60363be26ab2a74326c06195d638447
https://conda.anaconda.org/conda-forge/osx-64/libclang-cpp14-14.0.4-default_h55ffa42_0.tar.bz2#e26b7a841f7c4b1612b8df173bfcb2ad
https://conda.anaconda.org/main/osx-64/libgfortran-5.0.0-11_2_0_h246ff09_26.tar.bz2#08bc8279e746e83bb38dbf815b1ec2a9
https://conda.anaconda.org/conda-forge/osx-64/libnghttp2-1.47.0-h942079c_0.tar.bz2#86fc370e607a269b64ac6fa5d29e55e8
https://conda.anaconda.org/main/osx-64/libssh2-1.10.0-h0a4fc7d_0.tar.bz2#4041fb6cbb94d10dcf1e6dd85e8c0584
https://conda.anaconda.org/conda-forge/osx-64/libxml2-2.9.12-h93ec3fd_0.tar.bz2#3bb7e5cd72ee6520ce6e26600a1283db
https://conda.anaconda.org/conda-forge/osx-64/llvm-tools-14.0.4-h41df66c_0.tar.bz2#766281931b17e3f609abec4e0bbfa282
https://conda.anaconda.org/conda-forge/osx-64/mpfr-4.1.0-h0f52abe_1.tar.bz2#afe26b08c2d2265b4d663d199000e5da
https://conda.anaconda.org/main/osx-64/nodejs-16.13.1-h470481b_0.tar.bz2#e7cf42ec09c1e7e317f715e8fdc274e2
https://conda.anaconda.org/conda-forge/osx-64/sigtool-0.1.3-h57ddcff_0.tar.bz2#e0dcb354df4ad4f79539d57e4f8ec1bd
https://conda.anaconda.org/conda-forge/osx-64/sqlite-3.39.2-hd9f0692_0.tar.bz2#eea4504fd46050a22d482addde6ae7c7
https://conda.anaconda.org/main/osx-64/tktable-2.10-h1de35cc_0.tar.bz2#38711ae78e8c78aaa729be7f8d234122
https://conda.anaconda.org/main/osx-64/zstd-1.5.2-hcb37349_0.tar.bz2#0cf0e49baee6e0bc5c90983826cb22d4
https://conda.anaconda.org/conda-forge/osx-64/clang-14-14.0.4-default_h55ffa42_0.tar.bz2#bb9de1537a65d6dc6a25fb9f81f64bae
https://conda.anaconda.org/conda-forge/osx-64/fontconfig-2.13.94-h10f422b_0.tar.bz2#04362a8c05bc8daac6b004979029a19b
https://conda.anaconda.org/main/osx-64/gettext-0.21.0-h7535e17_0.tar.bz2#ea416bbaf2bd162d9dcc580f33bfe2fd
https://conda.anaconda.org/conda-forge/osx-64/ld64_osx-64-609-h1e06c2b_10.tar.bz2#7923b80d48e60eb74976654192964ee6
https://conda.anaconda.org/conda-forge/osx-64/libcurl-7.83.1-h372c54d_0.tar.bz2#393526f4c307ded911957e3723e34bed
https://conda.anaconda.org/main/osx-64/libopenblas-0.3.20-h9a5756b_1.tar.bz2#edbf06a59784def8303f891fc50f8009
https://conda.anaconda.org/conda-forge/osx-64/libtiff-4.4.0-hfca7e8f_0.tar.bz2#7b6d99d80fa5cbd448d84cbafa026425
https://conda.anaconda.org/conda-forge/osx-64/libxslt-1.1.33-h5739fc3_2.tar.bz2#14333dae9eef1116162a1bb6119d3537
https://conda.anaconda.org/conda-forge/osx-64/mpc-1.2.1-hbb51d92_0.tar.bz2#9f46d6ad4c460679ee997abc10da3bac
https://conda.anaconda.org/conda-forge/osx-64/python-3.9.13-h57e37ff_0_cpython.tar.bz2#0fced1dc8919c66139c45d1e2d8dc6a6
https://conda.anaconda.org/conda-forge/noarch/bagit-1.8.1-pyhd8ed1ab_0.tar.bz2#fb50f22b353ed3a12f5e8b7c01b58832
https://conda.anaconda.org/conda-forge/osx-64/cctools_osx-64-973.0.1-h3eff9a4_10.tar.bz2#a7552b2de2f52bbf8b726d982507b1ef
https://conda.anaconda.org/main/osx-64/certifi-2022.6.15-py39hecd8cb5_0.tar.bz2#f9fef6c73823920f42b9cad0b4ba42bc
https://conda.anaconda.org/conda-forge/noarch/charset-normalizer-2.1.0-pyhd8ed1ab_0.tar.bz2#abc0453b6e7bfbb87d275d58e333fc98
https://conda.anaconda.org/conda-forge/osx-64/clang-14.0.4-h694c41f_0.tar.bz2#7c8851ee02c340f08b9f3d874c3b65a1
https://conda.anaconda.org/conda-forge/osx-64/curl-7.83.1-h372c54d_0.tar.bz2#751e7246045a30deda6aa999c16f6cd4
https://conda.anaconda.org/main/noarch/cycler-0.11.0-pyhd3eb1b0_0.tar.bz2#dfb0ca8055c9a72aaca7b845a6edea17
https://conda.anaconda.org/main/noarch/dataclasses-0.8-pyh6d0b6a4_7.tar.bz2#c8c177c84b3e5e6145156045660868e9
https://conda.anaconda.org/conda-forge/osx-64/gfortran_impl_osx-64-9.3.0-h9cc0e5e_23.tar.bz2#e906ccf40e156c6aa1e7804a1db4b849
https://conda.anaconda.org/main/osx-64/humanfriendly-10.0-py39hecd8cb5_0.tar.bz2#ae9a7721b804ce10ee0323aa59ef19de
https://conda.anaconda.org/main/noarch/idna-3.3-pyhd3eb1b0_0.tar.bz2#f2d821eedf78bfe0e9f1d8faf9c8b23e
https://conda.anaconda.org/main/osx-64/lcms2-2.12-hf1fd2bf_0.tar.bz2#819762fdace9397c0e14a9ed2dcdb829
https://conda.anaconda.org/conda-forge/osx-64/libblas-3.9.0-15_osx64_openblas.tar.bz2#48c26d27a96c71cfae2621311aa06215
https://conda.anaconda.org/main/osx-64/libgd-2.3.3-he7e2580_1.tar.bz2#1256140bf83fffd8eaf48b9cb5036486
https://conda.anaconda.org/conda-forge/osx-64/libglib-2.72.1-hfbcb929_0.tar.bz2#df60046c5ef9df0b5e2b2047915c934d
https://conda.anaconda.org/conda-forge/osx-64/libwebp-1.2.3-hf64df63_1.tar.bz2#6709a2e06240f9112b7185cc2c1dfa7e
https://conda.anaconda.org/main/osx-64/lockfile-0.12.2-py39hecd8cb5_0.tar.bz2#4f00c99cf628547ceb0c9090a3e57988
https://conda.anaconda.org/main/osx-64/mistune-0.8.4-py39h9ed2024_1000.tar.bz2#2a4d604717a647ad21af766289cbbfc3
https://conda.anaconda.org/main/noarch/munkres-1.1.4-py_0.tar.bz2#67857cc5e9044770d2b15f9d94a4521d
https://conda.anaconda.org/main/osx-64/mypy_extensions-0.4.3-py39hecd8cb5_1.tar.bz2#90d6a538bac7eee8a63b436d5c334384
https://conda.anaconda.org/conda-forge/noarch/networkx-2.8.5-pyhd8ed1ab_0.tar.bz2#4359cc8df0609a2b88aec55d6d2fedaf
https://conda.anaconda.org/conda-forge/noarch/pathspec-0.9.0-pyhd8ed1ab_0.tar.bz2#f93dc0ccbc0a8472624165f6e256c7d1
https://conda.anaconda.org/conda-forge/noarch/platformdirs-2.5.2-pyhd8ed1ab_1.tar.bz2#2fb3f88922e7aec26ba652fcdfe13950
https://conda.anaconda.org/main/noarch/pycparser-2.21-pyhd3eb1b0_0.tar.bz2#e70944ff53d19af4f65073a4f21c7b05
https://conda.anaconda.org/conda-forge/noarch/pyparsing-3.0.9-pyhd8ed1ab_0.tar.bz2#e8fbc1b54b25f4b08281467bc13b70cc
https://conda.anaconda.org/main/osx-64/pysocks-1.7.1-py39hecd8cb5_0.tar.bz2#113a443b9c706f9f9c6187c0eaa3de27
https://conda.anaconda.org/conda-forge/osx-64/python_abi-3.9-2_cp39.tar.bz2#262f557ee8ca777fe2190956038024cd
https://conda.anaconda.org/main/osx-64/pytz-2022.1-py39hecd8cb5_0.tar.bz2#a2bbef1b1076826f7c9d3c457da6899c
https://conda.anaconda.org/main/osx-64/ruamel.yaml.clib-0.2.6-py39hca72f7f_0.tar.bz2#1c843886b427eb0491c0b5436909ef30
https://conda.anaconda.org/bioconda/noarch/shellescape-3.4.1-py_1.tar.bz2#fe54078488e8cb18154999306fa28742
https://conda.anaconda.org/main/noarch/six-1.16.0-pyhd3eb1b0_1.tar.bz2#0a3ab834ba49016e183e715bff48a2b6
https://conda.anaconda.org/main/osx-64/tomli-2.0.1-py39hecd8cb5_0.tar.bz2#1aee46dd32a05da622335a3d5dd5c031
https://conda.anaconda.org/conda-forge/noarch/typing_extensions-4.3.0-pyha770c72_0.tar.bz2#a9d85960bc62d53cc4ea0d1d27f73c98
https://conda.anaconda.org/main/osx-64/webencodings-0.5.1-py39hecd8cb5_1.tar.bz2#41f445e36b6b6722a9444508eef069f8
https://conda.anaconda.org/main/noarch/wheel-0.37.1-pyhd3eb1b0_0.tar.bz2#9800fd2a86354f58731a7ad0eb5dd537
https://conda.anaconda.org/main/osx-64/zipp-3.8.0-py39hecd8cb5_0.tar.bz2#b582c0d2087797ff5e9f9165ff33861d
https://conda.anaconda.org/bioconda/osx-64/bowtie-1.3.1-py39h888ac62_2.tar.bz2#9cf9bcf6628214828bced3549f64daf0
https://conda.anaconda.org/conda-forge/osx-64/cffi-1.15.1-py39hae9ecf2_0.tar.bz2#558979c1c4b8d8912e4ec89b711ffe55
https://conda.anaconda.org/conda-forge/osx-64/clangxx-14.0.4-default_h55ffa42_0.tar.bz2#edefb0f4aa4e6dcc7f2d5436edc9e17e
https://conda.anaconda.org/conda-forge/osx-64/click-8.1.3-py39h6e9494a_0.tar.bz2#c33ff559cea7a89797decd6db3716b77
https://conda.anaconda.org/main/osx-64/coloredlogs-15.0.1-py39hecd8cb5_0.tar.bz2#cc4b7bf82eb060071d5b17997cdc2217
https://conda.anaconda.org/conda-forge/osx-64/g-ir-build-tools-1.72.0-py39h22ba2f8_1.tar.bz2#bbb83b9a1adeb457442ffcc3506a50d7
https://conda.anaconda.org/conda-forge/osx-64/glib-tools-2.72.1-h2292cb8_0.tar.bz2#0b18da64eeec4eeedf3f5c9d48a1b5c1
https://conda.anaconda.org/main/noarch/html5lib-1.1-pyhd3eb1b0_0.tar.bz2#7a9fa936878258757f23ffe4b2e8ecf7
https://conda.anaconda.org/conda-forge/osx-64/importlib-metadata-4.11.4-py39h6e9494a_0.tar.bz2#adc0fa796414c4235c3ba372d2c93c26
https://conda.anaconda.org/conda-forge/noarch/isodate-0.6.1-pyhd8ed1ab_0.tar.bz2#4a62c93c1b5c0b920508ae3fd285eaf5
https://conda.anaconda.org/conda-forge/osx-64/keepalive-0.5-py39h6e9494a_5.tar.bz2#43beac10d8293bcf51b3d44804e6c1a0
https://conda.anaconda.org/conda-forge/osx-64/kiwisolver-1.4.4-py39h7c694c3_0.tar.bz2#2c258bc5beb4eeb7dda38e4741869d9c
https://conda.anaconda.org/conda-forge/osx-64/libcblas-3.9.0-15_osx64_openblas.tar.bz2#2d26f8ba1e89bcc2704ac7a38d4cc74c
https://conda.anaconda.org/conda-forge/osx-64/liblapack-3.9.0-15_osx64_openblas.tar.bz2#8679c41f1fcb5b54aaecce18ec3e1875
https://conda.anaconda.org/conda-forge/osx-64/lxml-4.8.0-py39h63b48b0_2.tar.bz2#b0e98d0e6d6d70b707c62824e069ed61
https://conda.anaconda.org/conda-forge/osx-64/msgpack-python-1.0.4-py39h7c694c3_0.tar.bz2#ca68f51fbd9d873d14cf51167d3d9ade
https://conda.anaconda.org/main/noarch/packaging-21.3-pyhd3eb1b0_0.tar.bz2#e482aa236f5541461d285cc979323035
https://conda.anaconda.org/main/osx-64/pillow-9.2.0-py39hde71d04_1.tar.bz2#1becd657bb1462b619cf734d4b546355
https://conda.anaconda.org/conda-forge/osx-64/psutil-5.9.1-py39h701faf5_0.tar.bz2#3c1cb37ed569be8ddf1e26da088b30d2
https://conda.anaconda.org/bioconda/osx-64/pysam-0.19.1-py39h7ab3854_0.tar.bz2#31e20c36976c6312393c4cec3ba13fa0
https://conda.anaconda.org/main/noarch/python-dateutil-2.8.2-pyhd3eb1b0_0.tar.bz2#2eb923cc014094f4acf7f849d67d73f8
https://conda.anaconda.org/conda-forge/osx-64/setuptools-63.1.0-py39h6e9494a_0.tar.bz2#e793bfac1b0a61a8cd88058f98208a6e
https://conda.anaconda.org/conda-forge/osx-64/tornado-6.2-py39h701faf5_0.tar.bz2#b11061c839af942c9f7767b0beb0f254
https://conda.anaconda.org/conda-forge/osx-64/typed-ast-1.5.4-py39h701faf5_0.tar.bz2#9acade6a70c88198b48eb567a2df05d3
https://conda.anaconda.org/conda-forge/osx-64/unicodedata2-14.0.0-py39h63b48b0_1.tar.bz2#19c1ac41e067315d023bed42e214c8ea
https://conda.anaconda.org/conda-forge/noarch/black-22.6.0-pyhd8ed1ab_0.tar.bz2#f8fb78b07826bbf84deda3cf128cfbe2
https://conda.anaconda.org/main/osx-64/brotlipy-0.7.0-py39h9ed2024_1003.tar.bz2#ca2e4f5e0530e1b179958bb1b7116016
https://conda.anaconda.org/conda-forge/noarch/compiler-rt_osx-64-14.0.4-h6df654d_0.tar.bz2#39c0169a3ab059d48b033a389becdfdc
https://conda.anaconda.org/conda-forge/osx-64/cryptography-37.0.4-py39h9c2a9ce_0.tar.bz2#fbda1a6b92bc0a98f2564319682e8988
https://conda.anaconda.org/conda-forge/osx-64/fonttools-4.34.4-py39h701faf5_0.tar.bz2#d4d9ef66a5dca053a1eb3c06069987ba
https://conda.anaconda.org/conda-forge/osx-64/glib-2.72.1-h2292cb8_0.tar.bz2#3a991bc5c03b34f6cbb2acebac885db9
https://conda.anaconda.org/conda-forge/noarch/importlib_metadata-4.11.4-hd8ed1ab_0.tar.bz2#9a1925fdb91c81437b8012e48ede6851
https://conda.anaconda.org/conda-forge/osx-64/numpy-1.23.1-py39hda39a74_0.tar.bz2#211ba9d7690a13e512b118d0576c4551
https://conda.anaconda.org/main/osx-64/pip-22.1.2-py39hecd8cb5_0.tar.bz2#8721239788552789d98dc76295ffeb5f
https://conda.anaconda.org/conda-forge/osx-64/ruamel.yaml-0.17.16-py39h89e85a6_0.tar.bz2#1c5ab4b00996df5579f24c3155b94ed5
https://conda.anaconda.org/conda-forge/osx-64/sparqlwrapper-1.8.5-py39h6e9494a_1006.tar.bz2#e1f785a09fb7ffde303c09e11bef4b94
https://conda.anaconda.org/conda-forge/noarch/argcomplete-2.0.0-pyhd8ed1ab_0.tar.bz2#e3ba29a61c20f2c9d085db29ea657406
https://conda.anaconda.org/main/osx-64/bottleneck-1.3.5-py39h67323c0_0.tar.bz2#0d79760d544d0bd8acb4adc4ef813418
https://conda.anaconda.org/main/osx-64/cairo-1.16.0-h691a603_2.tar.bz2#01b66631664d07946eabb1f1f17c0d36
https://conda.anaconda.org/conda-forge/osx-64/compiler-rt-14.0.4-h7fcd477_0.tar.bz2#d81ce4ea83433bea77d3977c939a6e59
https://conda.anaconda.org/main/osx-64/gdk-pixbuf-2.42.8-hec4cd9e_0.tar.bz2#117ce16772868d877920178bd694a261
https://conda.anaconda.org/main/osx-64/gts-0.7.6-h6759243_3.tar.bz2#ab667044e8133d96e27ff4689dcb86f3
https://conda.anaconda.org/conda-forge/osx-64/matplotlib-base-3.5.2-py39h64a0072_0.tar.bz2#58b54971c408f8c359112350923365e1
https://conda.anaconda.org/main/osx-64/numexpr-2.8.3-py39h0f1bd0b_0.tar.bz2#023ec981560b869c70b3f9be4eaf45a6
https://conda.anaconda.org/main/noarch/pyopenssl-22.0.0-pyhd3eb1b0_0.tar.bz2#24300c22dced4609b77f3ace93b5beeb
https://conda.anaconda.org/conda-forge/osx-64/clang_osx-64-14.0.4-h3a95cd4_2.tar.bz2#a069b871f2df19703e46b0e56626c3c9
https://conda.anaconda.org/conda-forge/osx-64/harfbuzz-3.1.1-h159f659_0.tar.bz2#78bfa25e78c846358a8f7bfd619f926f
https://conda.anaconda.org/bioconda/osx-64/htseq-2.0.2-py39h6041a6e_0.tar.bz2#df827aa362726e693bbcbc127373bb8b
https://conda.anaconda.org/conda-forge/osx-64/libgirepository-1.72.0-h0bde3a9_1.tar.bz2#5d2eba5a95e773cdb80aff961b9a0b76
https://conda.anaconda.org/conda-forge/osx-64/matplotlib-3.5.2-py39h6e9494a_0.tar.bz2#ec60569d63f655c498371e4774ba8b26
https://conda.anaconda.org/main/osx-64/pandas-1.4.3-py39he9d5cce_0.tar.bz2#fcd3e91845db1728f2c64b0c2e26c7d3
https://conda.anaconda.org/conda-forge/noarch/urllib3-1.26.11-pyhd8ed1ab_0.tar.bz2#0738978569b10669bdef41c671252dd1
https://conda.anaconda.org/conda-forge/osx-64/clangxx_osx-64-14.0.4-he1dbc44_2.tar.bz2#a82006ea176018f37f7c34c3c3d08630
https://conda.anaconda.org/conda-forge/osx-64/g-ir-host-tools-1.72.0-h5734cbb_1.tar.bz2#c5bda43b26ba25527ed90babb6837484
https://conda.anaconda.org/conda-forge/osx-64/gfortran_osx-64-9.3.0-h18f7dce_15.tar.bz2#48f985e599ff223cd8acea3595d2cbe5
https://conda.anaconda.org/conda-forge/osx-64/pango-1.48.10-h056538c_2.tar.bz2#223f4846f40a8c14467bddb24f652985
https://conda.anaconda.org/main/osx-64/requests-2.28.1-py39hecd8cb5_0.tar.bz2#06accbedfc64e52e70623173902b5551
https://conda.anaconda.org/conda-forge/noarch/cachecontrol-0.12.11-pyhd8ed1ab_0.tar.bz2#6eefee9888f33f150b5d44d616b1a613
https://conda.anaconda.org/conda-forge/osx-64/gobject-introspection-1.72.0-py39h139ca28_1.tar.bz2#45c46aa64eff9b4083b4be15973e6deb
https://conda.anaconda.org/conda-forge/osx-64/librsvg-2.52.5-h02b643e_1.tar.bz2#de47515a0bf98b4903e65dd53d07996c
https://conda.anaconda.org/conda-forge/osx-64/r-base-4.1.1-h65845f3_1.tar.bz2#224d1b54bf09c33f27427327fa8b5d80
https://conda.anaconda.org/conda-forge/osx-64/rdflib-6.0.2-py39h6e9494a_0.tar.bz2#63879b5da7907f45f78626b6457ea3ae
https://conda.anaconda.org/main/osx-64/atk-1.0-2.36.0-hb642b71_0.tar.bz2#b8eac97ee6c0f859891a17db8677688e
https://conda.anaconda.org/bioconda/noarch/bioconductor-biocgenerics-0.40.0-r41hdfd78af_0.tar.bz2#73c383d354e038bb8b4de75715747071
https://conda.anaconda.org/bioconda/noarch/bioconductor-genomeinfodbdata-1.2.7-r41hdfd78af_2.tar.bz2#b23c1905f6ee6dddcfa3af515aa4844fs
https://conda.anaconda.org/bioconda/osx-64/bioconductor-zlibbioc-1.40.0-r41haba8685_1.tar.bz2#c3eb61b118b5d0962ea3df755c5cd055
https://conda.anaconda.org/conda-forge/osx-64/r-backports-1.4.1-r41h28b5c78_0.tar.bz2#9c442653219c8fa9e4a9ed2a95644a4d
https://conda.anaconda.org/conda-forge/noarch/r-bh-1.78.0_0-r41hc72bb7e_0.tar.bz2#4963f5da888bdbfb202b3612e11ba972
https://conda.anaconda.org/conda-forge/osx-64/r-bit-4.0.4-r41h28b5c78_0.tar.bz2#5a9176c391151c62561dd0d4f8f93abb
https://conda.anaconda.org/conda-forge/osx-64/r-bitops-1.0_7-r41h67d6963_0.tar.bz2#66a598be763425e30dca197c5b63839d
https://conda.anaconda.org/conda-forge/osx-64/r-brio-1.1.3-r41h28b5c78_0.tar.bz2#12b3e0cfbd773a58df6841a9337610d7
https://conda.anaconda.org/conda-forge/osx-64/r-colorspace-2.0_3-r41h0f1d5c4_0.tar.bz2#b7d347589b6f9be82fbb71fa1311f941
https://conda.anaconda.org/conda-forge/noarch/r-crayon-1.5.1-r41hc72bb7e_0.tar.bz2#ac6c74e4a346d5aab9d8eac94b32bf62
https://conda.anaconda.org/conda-forge/osx-64/r-curl-4.3.2-r41h28b5c78_0.tar.bz2#a58249fbbac38b0703b5daefc94c8410
https://conda.anaconda.org/conda-forge/noarch/r-dbi-1.1.3-r41hc72bb7e_0.tar.bz2#844d1b00d0665a78c7a0bc55c5c038b2
https://conda.anaconda.org/conda-forge/osx-64/r-digest-0.6.29-r41h9951f98_0.tar.bz2#be0cbf1e80ee75a3a62ee35437995211
https://conda.anaconda.org/conda-forge/noarch/r-evaluate-0.15-r41hc72bb7e_0.tar.bz2#c85313c76eb5e48dc016402d32567494
https://conda.anaconda.org/conda-forge/osx-64/r-fansi-1.0.3-r41h0f1d5c4_0.tar.bz2#e3abc84adc3f397a9f40f20a223b20ae
https://conda.anaconda.org/conda-forge/osx-64/r-farver-2.1.1-r41h8619c4b_0.tar.bz2#ae637d1b8b18514f16a8f2c9076ce5b7
https://conda.anaconda.org/conda-forge/osx-64/r-fastmap-1.1.0-r41h9951f98_0.tar.bz2#b7a8bb6f3b19006349968d8e371fdf57
https://conda.anaconda.org/conda-forge/noarch/r-formatr-1.12-r41hc72bb7e_0.tar.bz2#3aa132cda23e9734ebd01d12b67fb810
https://conda.anaconda.org/conda-forge/osx-64/r-fs-1.5.2-r41hc4bb905_1.tar.bz2#04bb08d1f7ae127ac52011eb9f372b33
https://conda.anaconda.org/conda-forge/noarch/r-futile.options-1.0.1-r41hc72bb7e_1002.tar.bz2#d8ce292272b4a660fe3ac7ee93c13c9f
https://conda.anaconda.org/conda-forge/osx-64/r-glue-1.6.2-r41h0f1d5c4_0.tar.bz2#0cd33286679ce646aecaf1371f48556e
https://conda.anaconda.org/conda-forge/noarch/r-gtable-0.3.0-r41hc72bb7e_3.tar.bz2#c2265bc91dceb28f25d533e9d93212fa
https://conda.anaconda.org/conda-forge/osx-64/r-jsonlite-1.8.0-r41h0f1d5c4_0.tar.bz2#c9ab2e0fcf48172bcac6a2b7258743b6
https://conda.anaconda.org/conda-forge/noarch/r-labeling-0.4.2-r41hc72bb7e_1.tar.bz2#7536c98f2faf4bf5faf4334fb79f1328
https://conda.anaconda.org/conda-forge/osx-64/r-lattice-0.20_45-r41h28b5c78_0.tar.bz2#2d3f0843eadc140eeaa1240d18cb7a00
https://conda.anaconda.org/conda-forge/osx-64/r-magrittr-2.0.3-r41h0f1d5c4_0.tar.bz2#1f7e4c1ceb1d87918215be62158bf4a3
https://conda.anaconda.org/conda-forge/osx-64/r-mass-7.3_58-r41h67d6963_0.tar.bz2#f2059aeaa6e718ba32fd3059f8eb635f
https://conda.anaconda.org/conda-forge/osx-64/r-matrixstats-0.62.0-r41h0f1d5c4_0.tar.bz2#6aa64de6126f9d2438d76a709dc15673
https://conda.anaconda.org/conda-forge/osx-64/r-mime-0.12-r41h28b5c78_0.tar.bz2#bfa140172a53ceb2df480fa6cce89891
https://conda.anaconda.org/conda-forge/noarch/r-pkgconfig-2.0.3-r41hc72bb7e_1.tar.bz2#2c4f78477753ad83700a1f9d605a3002
https://conda.anaconda.org/conda-forge/noarch/r-plogr-0.2.0-r41hc72bb7e_1003.tar.bz2#d83d4dfa58015db479f525e2a4c4da48
https://conda.anaconda.org/conda-forge/osx-64/r-png-0.1_7-r41h28b5c78_1004.tar.bz2#cd5be7ec8ec9d80aca023119a9f806a5
https://conda.anaconda.org/conda-forge/noarch/r-praise-1.0.0-r41hc72bb7e_1005.tar.bz2#39585efa1172490943314141c133467b
https://conda.anaconda.org/conda-forge/osx-64/r-ps-1.7.1-r41h67d6963_0.tar.bz2#73130fd50411693eef6516435eda8ec5
https://conda.anaconda.org/conda-forge/noarch/r-r6-2.5.1-r41hc72bb7e_0.tar.bz2#a560798c2d5ab0dbb30feddc6b8e63fb
https://conda.anaconda.org/conda-forge/noarch/r-rcolorbrewer-1.1_3-r41h785f33e_0.tar.bz2#579b6792713b6c8538c1aa8e4ce636c0
https://conda.anaconda.org/conda-forge/osx-64/r-rcpp-1.0.9-r41h8619c4b_0.tar.bz2#baed54b731118f5628b6adc6f42a3fb7
https://conda.anaconda.org/conda-forge/osx-64/r-rlang-1.0.4-r41h8619c4b_0.tar.bz2#81fe72b99a2c09d6e7549237d8d1bdd2
https://conda.anaconda.org/conda-forge/noarch/r-snow-0.4_4-r41hc72bb7e_0.tar.bz2#6e7a0c895d09c4e035262a850d69a994
https://conda.anaconda.org/conda-forge/osx-64/r-sys-3.4-r41h28b5c78_0.tar.bz2#3ede777d9ced86093d710f30ea1dd311
https://conda.anaconda.org/conda-forge/osx-64/r-utf8-1.2.2-r41h28b5c78_0.tar.bz2#981a4e229b4ca5b612d308817e1ea551
https://conda.anaconda.org/conda-forge/noarch/r-viridislite-0.4.0-r41hc72bb7e_0.tar.bz2#00ad214f0ade6d1a8e7fedb5eb06add6
https://conda.anaconda.org/conda-forge/noarch/r-withr-2.5.0-r41hc72bb7e_0.tar.bz2#53558bed67c14dc998209e5a567b6cfd
https://conda.anaconda.org/conda-forge/osx-64/r-xml-3.99_0.9-r41h0f1d5c4_0.tar.bz2#cf24f46c1cd397c6ab1b2b89f3445bcf
https://conda.anaconda.org/conda-forge/noarch/r-xtable-1.8_4-r41hc72bb7e_3.tar.bz2#f44d2ad79a8d084f757cefd24156bdfc
https://conda.anaconda.org/conda-forge/osx-64/schema-salad-8.3.20220525163636-py39h701faf5_0.tar.bz2#0e40f1a4e20b51ab569376269c5091bc
https://conda.anaconda.org/bioconda/osx-64/bioconductor-biobase-2.54.0-r41haba8685_1.tar.bz2#8a137b48256ed44fa99b57bd287aae11
https://conda.anaconda.org/bioconda/noarch/bioconductor-matrixgenerics-1.6.0-r41hdfd78af_0.tar.bz2#69613f3c312fb36021947f3359e89435
https://conda.anaconda.org/bioconda/osx-64/bioconductor-s4vectors-0.32.3-r41haba8685_0.tar.bz2#91eff583927c8fe0de8393c0eaa762d4
https://conda.anaconda.org/conda-forge/osx-64/gtk2-2.24.33-h675d97a_1.tar.bz2#5042a5243c79120f5970ddf050e60bb4
https://conda.anaconda.org/conda-forge/osx-64/r-askpass-1.1-r41h28b5c78_2.tar.bz2#36b5930700151476033444f3d0c77984
https://conda.anaconda.org/conda-forge/osx-64/r-bit64-4.0.5-r41h28b5c78_0.tar.bz2#18addcb9663e3a4ddfff2f29cb5f1bfa
https://conda.anaconda.org/conda-forge/osx-64/r-cachem-1.0.6-r41h28b5c78_0.tar.bz2#ec24168081578c8692bef86871d35ef8
https://conda.anaconda.org/conda-forge/osx-64/r-cli-3.3.0-r41h8619c4b_0.tar.bz2#4b18573c99fdadddf706f7a6ff989ef4
https://conda.anaconda.org/conda-forge/osx-64/r-diffobj-0.3.5-r41h28b5c78_0.tar.bz2#5f97027fe102e4843dd1c65d4d132d50
https://conda.anaconda.org/conda-forge/osx-64/r-ellipsis-0.3.2-r41h28b5c78_0.tar.bz2#aab0ff84a4dfb093ffa8ee1ba2649a7f
https://conda.anaconda.org/conda-forge/noarch/r-lambda.r-1.2.4-r41hc72bb7e_1.tar.bz2#0cdb436f2dd68815329b28ba9ffce962
https://conda.anaconda.org/conda-forge/noarch/r-lifecycle-1.0.1-r41hc72bb7e_0.tar.bz2#c7f563a8fc6d5d9c52da2e390fa5f856
https://conda.anaconda.org/conda-forge/osx-64/r-locfit-1.5_9.6-r41h67d6963_0.tar.bz2#3c142b6b96c43064be71363994f8e325
https://conda.anaconda.org/conda-forge/osx-64/r-matrix-1.4_1-r41ha2825d1_0.tar.bz2#db80ef748ae2438cf55677a72b50f6e6
https://conda.anaconda.org/conda-forge/noarch/r-munsell-0.5.0-r41hc72bb7e_1004.tar.bz2#f5bd0c85c189a1797f29f2731c13a4dd
https://conda.anaconda.org/conda-forge/osx-64/r-nlme-3.1_158-r41he3b5f32_0.tar.bz2#4270fb9c7a6259fb0ce7ee1477cfaaff
https://conda.anaconda.org/conda-forge/osx-64/r-processx-3.7.0-r41h67d6963_0.tar.bz2#8f5159cf4e512318ca0eec79f6511829
https://conda.anaconda.org/conda-forge/osx-64/r-rcpparmadillo-0.11.2.0.0-r41h3fca91c_0.tar.bz2#e8a68cb12bcf96bac41bc37e1d7ad9c9
https://conda.anaconda.org/conda-forge/osx-64/r-rcurl-1.98_1.7-r41h67d6963_0.tar.bz2#25453496d913dc4c193e837dc14024e2
https://conda.anaconda.org/conda-forge/noarch/r-rprojroot-2.0.3-r41hc72bb7e_0.tar.bz2#4c97577b6f80853234f34b548d8140ec
https://conda.anaconda.org/bioconda/osx-64/bioconductor-iranges-2.28.0-r41haba8685_1.tar.bz2#a89de4b313bb7e4d43f1dc0150ea2b81
https://conda.anaconda.org/conda-forge/osx-64/graphviz-2.50.0-h77de9ca_1.tar.bz2#af78b515d7c524c24994e1c641d7c8bc
https://conda.anaconda.org/conda-forge/noarch/r-callr-3.7.1-r41hc72bb7e_0.tar.bz2#03d548449f2330be28745ea8be93bf9e
https://conda.anaconda.org/conda-forge/noarch/r-desc-1.4.1-r41hc72bb7e_0.tar.bz2#259389838e07898dbc82ae38fba42541
https://conda.anaconda.org/conda-forge/noarch/r-futile.logger-1.4.3-r41hc72bb7e_1003.tar.bz2#c29b2d0547e44751529e51f667d39b19
https://conda.anaconda.org/conda-forge/noarch/r-memoise-2.0.1-r41hc72bb7e_0.tar.bz2#ba52e00d6d8b5bd8edd1c164b74cca9d
https://conda.anaconda.org/conda-forge/osx-64/r-mgcv-1.8_40-r41h60b693f_0.tar.bz2#8078f5835b30ae9c092145c8ebb8313e
https://conda.anaconda.org/conda-forge/osx-64/r-openssl-2.0.2-r41h2a55822_0.tar.bz2#c5fd66f0ff73ac19d81de6c62aa41ea4
https://conda.anaconda.org/conda-forge/noarch/r-scales-1.2.0-r41hc72bb7e_0.tar.bz2#0fb58a9c9b925c7c5f491d2c7e2b78da
https://conda.anaconda.org/conda-forge/osx-64/r-survival-3.3_1-r41h0f1d5c4_0.tar.bz2#4459dadd6fc675b9ac913f1a019c4812
https://conda.anaconda.org/conda-forge/osx-64/r-vctrs-0.4.1-r41hc4bb905_0.tar.bz2#1693b30f880c5cd8a3cd36eedd2a3cfe
https://conda.anaconda.org/bioconda/osx-64/bioconductor-biocparallel-1.28.3-r41h7cba510_0.tar.bz2#8a1d491b537cd4e886e677ca3463471a
https://conda.anaconda.org/bioconda/osx-64/bioconductor-delayedarray-0.20.0-r41haba8685_1.tar.bz2#18b6dc7e658d6df39f3ea7b350812a8f
https://conda.anaconda.org/bioconda/noarch/bioconductor-genomeinfodb-1.30.0-r41hdfd78af_0.tar.bz2#c55150adbc50b1d923d48d9bb126cf0f
https://conda.anaconda.org/bioconda/osx-64/bioconductor-xvector-0.34.0-r41haba8685_1.tar.bz2#aa8411a873df7f52f75872c75284427f
https://conda.anaconda.org/conda-forge/osx-64/pydot-1.4.2-py39h6e9494a_2.tar.bz2#a28ed8d626bfe443d6f15322c486a04c
https://conda.anaconda.org/main/noarch/pydotplus-2.0.2-py_3.tar.bz2#cfb123d1e6b3375ae2acab4c290390ae
https://conda.anaconda.org/conda-forge/noarch/r-blob-1.2.3-r41hc72bb7e_0.tar.bz2#6ab0e11ba8562a5bb418e63e30013448
https://conda.anaconda.org/conda-forge/noarch/r-httr-1.4.3-r41hc72bb7e_0.tar.bz2#7c69a246584f13167d43bf377d321a1f
https://conda.anaconda.org/conda-forge/noarch/r-pillar-1.8.0-r41hc72bb7e_0.tar.bz2#e7c96c840e76a1bbe8b7e9f0ae2e1f2f
https://conda.anaconda.org/conda-forge/noarch/r-pkgload-1.3.0-r41hc72bb7e_0.tar.bz2#ad902132cde9da724b8c200b0e15e015
https://conda.anaconda.org/bioconda/osx-64/bioconductor-biostrings-2.62.0-r41haba8685_1.tar.bz2#7caa444e64004bc5e02db0e278ad2fa4
https://conda.anaconda.org/bioconda/osx-64/bioconductor-genomicranges-1.46.1-r41haba8685_0.tar.bz2#fa948cc6268f275a7415d9204f3d478b
https://conda.anaconda.org/conda-forge/noarch/prov-1.5.1-py_1.tar.bz2#66e578dc9f4bfe65728ad547a81cd6dd
https://conda.anaconda.org/conda-forge/osx-64/r-rsqlite-2.2.8-r41h9951f98_0.tar.bz2#59ba4d78009ad6a785ce894c63f23f2a
https://conda.anaconda.org/conda-forge/osx-64/r-tibble-3.1.8-r41h67d6963_0.tar.bz2#d1e5896327f1f90c7e3528da19f9ebc6
https://conda.anaconda.org/bioconda/noarch/bioconductor-keggrest-1.34.0-r41hdfd78af_0.tar.bz2#54056f47634552568aa26b1b09a2e16a
https://conda.anaconda.org/bioconda/noarch/bioconductor-summarizedexperiment-1.24.0-r41hdfd78af_0.tar.bz2#f21eb229b8ee58680cb0179ef6d51f7e
https://conda.anaconda.org/conda-forge/noarch/cwltool-3.1.20220628170238-pyhc268e32_0.tar.bz2#b8780347d56585db8c9323522cbe9118
https://conda.anaconda.org/conda-forge/noarch/r-rematch2-2.1.2-r41hc72bb7e_1.tar.bz2#5c26fbf849007fc5022745ec14e38822
https://conda.anaconda.org/bioconda/noarch/bioconductor-annotationdbi-1.56.1-r41hdfd78af_0.tar.bz2#182f445903618187b8f657644da1a335
https://conda.anaconda.org/conda-forge/noarch/r-waldo-0.4.0-r41hc72bb7e_0.tar.bz2#974972fb4e38703ed8e1722f45600e8b
https://conda.anaconda.org/bioconda/noarch/bioconductor-annotate-1.72.0-r41hdfd78af_0.tar.bz2#9594dd679fb3f7296b25dce8ebd387e4
https://conda.anaconda.org/conda-forge/osx-64/r-testthat-3.1.4-r41h8619c4b_0.tar.bz2#2e7da48dc3afdfe252697e576c53eab4
https://conda.anaconda.org/bioconda/osx-64/bioconductor-genefilter-1.76.0-r41h11fee41_1.tar.bz2#5acb48d594ff88047e26b66783683574
https://conda.anaconda.org/bioconda/noarch/bioconductor-geneplotter-1.72.0-r41hdfd78af_0.tar.bz2#32c0e22a0095ad9b592a6bf7e16a835a
https://conda.anaconda.org/conda-forge/osx-64/r-isoband-0.2.5-r41h9951f98_0.tar.bz2#7f3658a3f8a2b98249bc34df1b865f03
https://conda.anaconda.org/conda-forge/noarch/r-ggplot2-3.3.6-r41hc72bb7e_0.tar.bz2#e305660b2a4c78aea808bc5c2aa910a3
https://conda.anaconda.org/bioconda/osx-64/bioconductor-deseq2-1.34.0-r41h7cba510_1.tar.bz2#75a3a591545cbbd603be67ec35c43af8
