# Generated by conda-lock.
# platform: osx-64
# input_hash: 3ab29dc7d4365fd7ffb69d4282c6790a0d7c397940c38d1f49b6ba84163b1daf
@EXPLICIT
https://conda.anaconda.org/conda-forge/noarch/mscorefonts-0.0.1-3.tar.bz2#1e88c07eb93ef0b423c0acc694adcbef
https://conda.anaconda.org/conda-forge/noarch/_r-mutex-1.0.1-anacondar_1.tar.bz2#19f9db5f4f1b7f5ef5f6d67207f25f38
https://conda.anaconda.org/main/osx-64/bzip2-1.0.8-h1de35cc_0.tar.bz2#ab3b4e83407001e7f1603ca1fa0f4873
https://conda.anaconda.org/conda-forge/osx-64/c-ares-1.18.1-h0d85af4_0.tar.bz2#00b3e98a61e6430808fe7a2534681f28
https://conda.anaconda.org/main/osx-64/ca-certificates-2021.10.26-hecd8cb5_2.tar.bz2#a5733b776307df95466cb2a7e258c988
https://conda.anaconda.org/main/noarch/font-ttf-dejavu-sans-mono-2.37-hd3eb1b0_0.tar.bz2#801b4743a301a4e11cbd9609d418e101
https://conda.anaconda.org/conda-forge/noarch/font-ttf-inconsolata-3.000-h77eed37_0.tar.bz2#34893075a5c9e55cdafac56607368fc6
https://conda.anaconda.org/conda-forge/noarch/font-ttf-source-code-pro-2.038-h77eed37_0.tar.bz2#4d59c254e01d9cde7957100457e2d5fb
https://conda.anaconda.org/main/noarch/font-ttf-ubuntu-0.83-h8b1ccd4_0.tar.bz2#0b017158a7cd7c1683e00b4ae688dce4
https://conda.anaconda.org/main/osx-64/fribidi-1.0.10-haf1e3a3_0.tar.bz2#58df1c8d8878f3fe462eb75826d5fbd7
https://conda.anaconda.org/main/osx-64/giflib-5.2.1-haf1e3a3_0.tar.bz2#f7566353480520d8664525672d680538
https://conda.anaconda.org/main/osx-64/jbig-2.1-h4d881f8_0.tar.bz2#46d73d4693f37ce7455d1c01677165fa
https://conda.anaconda.org/main/osx-64/jpeg-9d-h9ed2024_0.tar.bz2#87fd4272cbe959b39df6b4b4a19f1c94
https://conda.anaconda.org/main/osx-64/ldid-2.1.2-h2d21305_2.tar.bz2#da1d8cefd58d40cc50d03712e00bf4e2
https://conda.anaconda.org/conda-forge/osx-64/libcxx-12.0.1-habf9029_0.tar.bz2#49c188a7f9c7c9ddabafc80cc5625bb7
https://conda.anaconda.org/main/osx-64/libdeflate-1.8-h9ed2024_5.tar.bz2#de57f72e50f345c08abbc808088cfae9
https://conda.anaconda.org/main/osx-64/libev-4.33-h9ed2024_1.tar.bz2#849fdd014c201a9d2c2aa7c7db38a778
https://conda.anaconda.org/conda-forge/noarch/libgfortran-devel_osx-64-9.3.0-h6c81a4c_23.tar.bz2#d66ac79367c179bf53520066430565e8
https://conda.anaconda.org/main/osx-64/libiconv-1.16-h1de35cc_0.tar.bz2#958cd626d57ef8782b14e5e64c0cc6e1
https://conda.anaconda.org/main/osx-64/libtool-2.4.6-haf1e3a3_1005.tar.bz2#02ab7bb481ac82cba7f99d0e15cd25f4
https://conda.anaconda.org/conda-forge/osx-64/libwebp-base-1.2.1-h0d85af4_0.tar.bz2#8c6f05a6655b7911c62910343ba806d1
https://conda.anaconda.org/conda-forge/osx-64/libzlib-1.2.11-h9173be1_1013.tar.bz2#a3a6a53beaa92c5cfe52ee3a198e78cc
https://conda.anaconda.org/conda-forge/osx-64/llvm-openmp-12.0.1-hda6cdc1_1.tar.bz2#35b1fd6ed9f0f1c68583dc9c9f672513
https://conda.anaconda.org/conda-forge/osx-64/make-4.3-h22f3db7_1.tar.bz2#ac4a1dd58e6d821c518ae0011e8592b7
https://conda.anaconda.org/conda-forge/osx-64/perl-5.32.1-1_h0d85af4_perl5.tar.bz2#500b89467a589a52ba33a64095aea9c2
https://conda.anaconda.org/main/osx-64/pixman-0.40.0-h9ed2024_1.tar.bz2#ecb58f854cae469740631c23643c9c95
https://conda.anaconda.org/main/osx-64/xz-5.2.5-h1de35cc_0.tar.bz2#9ae05a921d148dc61b64b2685145cf82
https://conda.anaconda.org/main/osx-64/brotli-1.0.9-hb1e8313_2.tar.bz2#2a310a7f0f0337a3953900be08438b06
https://conda.anaconda.org/main/osx-64/expat-2.4.1-h23ab428_2.tar.bz2#66171859c5276727cf03ee082f7596b0
https://conda.anaconda.org/main/noarch/fonts-anaconda-1-h8fa9717_0.tar.bz2#7a445a2d9fbe2a88de8f09e9527f4ce1
https://conda.anaconda.org/main/osx-64/gmp-6.2.1-h23ab428_2.tar.bz2#968d9242c8fff7de4cfc82e8cfd22b02
https://conda.anaconda.org/main/osx-64/graphite2-1.3.14-h38d11af_0.tar.bz2#c6099339add3abafd5d969778699cc2d
https://conda.anaconda.org/conda-forge/osx-64/icu-68.2-he49afe7_0.tar.bz2#c5de93735153d0d334a6b841e763fdb2
https://conda.anaconda.org/conda-forge/osx-64/isl-0.22.1-hb1e8313_2.tar.bz2#d875acf04fcf1e4d5f3e179e0799363d
https://conda.anaconda.org/main/osx-64/lerc-3.0-he9d5cce_0.tar.bz2#d9e7e12a2bc017897a1a866e972a04de
https://conda.anaconda.org/main/osx-64/libffi-3.4.2-h23ab428_0.tar.bz2#72a14366fe20e4e47135499d836d50e5
https://conda.anaconda.org/conda-forge/osx-64/libgfortran5-9.3.0-h6c81a4c_23.tar.bz2#a6956ceb628b14594613cefee5127a7a
https://conda.anaconda.org/main/osx-64/lz4-c-1.9.3-h23ab428_1.tar.bz2#8ddb19388a0a9a6b9860d9dc495b5049
https://conda.anaconda.org/main/osx-64/ncurses-6.2-h0a44026_1.tar.bz2#f9b0393a71549899f7b20e100da46904
https://conda.anaconda.org/main/osx-64/ninja-1.10.2-hf7b0b51_1.tar.bz2#2dcab14d91cfe0732acf3c11e830132c
https://conda.anaconda.org/main/osx-64/nodejs-10.13.0-h0a44026_0.tar.bz2#ca49dbaa292548979f85f35378502471
https://conda.anaconda.org/main/osx-64/openssl-1.1.1l-h9ed2024_0.tar.bz2#925300f4cd85e273345086ecfa1ede6e
https://conda.anaconda.org/main/osx-64/pcre-8.45-h23ab428_0.tar.bz2#843db1a9eb10fcc9604c90b2e63272ee
https://conda.anaconda.org/main/osx-64/pkg-config-0.29.2-h3efe00b_8.tar.bz2#3b186bff02439ca4238d5119a6db2606
https://conda.anaconda.org/main/osx-64/tbb-2020.3-h879752b_0.tar.bz2#495f2debd589d580e6d768bc497d8b9d
https://conda.anaconda.org/conda-forge/osx-64/zlib-1.2.11-h9173be1_1013.tar.bz2#cf985617d679990418c380099620b01a
https://conda.anaconda.org/bioconda/osx-64/fastp-0.22.0-hfd59bb5_0.tar.bz2#347389523f2ca1721f38be4f1467812b
https://conda.anaconda.org/main/noarch/fonts-conda-ecosystem-1-hd3eb1b0_0.tar.bz2#81135874e3942ccc48b79c12ec094849
https://conda.anaconda.org/main/osx-64/libedit-3.1.20210714-h9ed2024_0.tar.bz2#9f8724d412ba5b608a31f6d27c7ac7c8
https://conda.anaconda.org/conda-forge/osx-64/libgfortran-5.0.0-9_3_0_h6c81a4c_23.tar.bz2#60f48cef2d50674e0428c5579b6c3f66
https://conda.anaconda.org/conda-forge/osx-64/libllvm12-12.0.1-hd011deb_2.tar.bz2#f1efc65ed2e85c3f138b0c68a8f0d5b7
https://conda.anaconda.org/conda-forge/osx-64/libnghttp2-1.43.0-h6f36284_1.tar.bz2#8489d081927ce544b21a64c9e1c254ee
https://conda.anaconda.org/main/osx-64/libpng-1.6.37-ha441bb4_0.tar.bz2#256b1d19857d350dc549c64d6857c9a9
https://conda.anaconda.org/conda-forge/osx-64/libssh2-1.10.0-h52ee1ee_2.tar.bz2#8c8f3804e8e252b47443cfe8e40eddf9
https://conda.anaconda.org/conda-forge/osx-64/libxml2-2.9.12-h93ec3fd_0.tar.bz2#3bb7e5cd72ee6520ce6e26600a1283db
https://conda.anaconda.org/conda-forge/osx-64/mpfr-4.1.0-h0f52abe_1.tar.bz2#afe26b08c2d2265b4d663d199000e5da
https://conda.anaconda.org/conda-forge/osx-64/pcre2-10.37-ha16e1b2_0.tar.bz2#a3be43be1fcee194d1e82e5ca2ce47bc
https://conda.anaconda.org/main/osx-64/readline-8.1-h9ed2024_0.tar.bz2#837571deab2ef7edabfa8e734889e548
https://conda.anaconda.org/main/osx-64/tapi-1100.0.11-h0025ef7_0.tar.bz2#57f7e2d52d273161ee20cced55a425a8
https://conda.anaconda.org/main/osx-64/tk-8.6.11-h7bc2e8c_0.tar.bz2#15c65455e45c51b5f750ee3ebb5593ff
https://conda.anaconda.org/main/osx-64/zstd-1.5.0-hcb37349_1.tar.bz2#22644a5590fd6e53049b8dfc2147c9e3
https://conda.anaconda.org/conda-forge/osx-64/bwidget-1.9.14-h694c41f_1.tar.bz2#bfebc1f663c38331b8d0dca32a515e95
https://conda.anaconda.org/main/osx-64/freetype-2.11.0-hd8bbffd_0.tar.bz2#161a798f97f48e75b94e831cdf75fc41
https://conda.anaconda.org/main/osx-64/gettext-0.21.0-h7535e17_0.tar.bz2#ea416bbaf2bd162d9dcc580f33bfe2fd
https://conda.anaconda.org/main/osx-64/krb5-1.19.2-hcd88c3b_0.tar.bz2#bb8319a771b8cb88a047a8d47e990719
https://conda.anaconda.org/conda-forge/osx-64/ld64_osx-64-609-h2487922_2.tar.bz2#2a174d565d6c19a3be0f6c361de5dc27
https://conda.anaconda.org/conda-forge/osx-64/libclang-cpp12-12.0.1-default_he082bbe_4.tar.bz2#2e53c06139a0b687f970e0538c0c4fd7
https://conda.anaconda.org/conda-forge/osx-64/libopenblas-0.3.18-openmp_h3351f45_0.tar.bz2#a0636ed965924977a848fd0d0258cf17
https://conda.anaconda.org/conda-forge/osx-64/libtiff-4.3.0-hd146c10_2.tar.bz2#f83e9c7a6f2458e85a267df87cd57ca1
https://conda.anaconda.org/conda-forge/osx-64/libxslt-1.1.33-h5739fc3_2.tar.bz2#14333dae9eef1116162a1bb6119d3537
https://conda.anaconda.org/conda-forge/osx-64/llvm-tools-12.0.1-hd011deb_2.tar.bz2#9864ddf73340515b93c2ff18da33ec8d
https://conda.anaconda.org/conda-forge/osx-64/mpc-1.2.1-hbb51d92_0.tar.bz2#9f46d6ad4c460679ee997abc10da3bac
https://conda.anaconda.org/main/osx-64/sqlite-3.36.0-hce871da_0.tar.bz2#103625cbd666d5e054ca50e7123d8e6f
https://conda.anaconda.org/main/osx-64/tktable-2.10-h1de35cc_0.tar.bz2#38711ae78e8c78aaa729be7f8d234122
https://conda.anaconda.org/conda-forge/osx-64/cctools_osx-64-973.0.1-h3e07e27_2.tar.bz2#e5134e345ba3757db2fae5659e16d180
https://conda.anaconda.org/conda-forge/osx-64/clang-12-12.0.1-default_he082bbe_4.tar.bz2#24691a609d62717554c14f2d466677dd
https://conda.anaconda.org/main/osx-64/fontconfig-2.13.1-ha9ee91d_0.tar.bz2#be71e4fc79d21cc67605ed0efb61ce4f
https://conda.anaconda.org/conda-forge/osx-64/gfortran_impl_osx-64-9.3.0-h9cc0e5e_23.tar.bz2#e906ccf40e156c6aa1e7804a1db4b849
https://conda.anaconda.org/main/osx-64/lcms2-2.12-hf1fd2bf_0.tar.bz2#819762fdace9397c0e14a9ed2dcdb829
https://conda.anaconda.org/conda-forge/osx-64/libblas-3.9.0-12_osx64_openblas.tar.bz2#3d38a706f06849a4b08f8a3f642bec93
https://conda.anaconda.org/conda-forge/osx-64/libcurl-7.79.1-hf45b732_1.tar.bz2#41b4362d0cfe1d2c06159ce24c2349e7
https://conda.anaconda.org/conda-forge/osx-64/libglib-2.70.0-hf1fb8c0_1.tar.bz2#22121690c99cc2dd4b6a34b7e0dd345b
https://conda.anaconda.org/conda-forge/osx-64/libwebp-1.2.1-h28dabe5_0.tar.bz2#2617773cd4b8e37efec571f2bf93e646
https://conda.anaconda.org/conda-forge/osx-64/openblas-0.3.18-openmp_h12da7db_0.tar.bz2#f0aabc33cb8f811952e338045bc3ea0f
https://conda.anaconda.org/conda-forge/osx-64/python-3.7.12-haf480d7_100_cpython.tar.bz2#058bace71590dc856684ac8d7e75fb07
https://conda.anaconda.org/conda-forge/noarch/bagit-1.8.1-pyhd8ed1ab_0.tar.bz2#fb50f22b353ed3a12f5e8b7c01b58832
https://conda.anaconda.org/bioconda/osx-64/bowtie-1.2.3-py37h770b8ee_0.tar.bz2#d3b93e718eb02fc649d72b7ddd1e7666
https://conda.anaconda.org/main/osx-64/certifi-2021.10.8-py37hecd8cb5_0.tar.bz2#d2ff184180b00c825a5c6200810647a9
https://conda.anaconda.org/conda-forge/noarch/charset-normalizer-2.0.7-pyhd8ed1ab_0.tar.bz2#e273b79412fceb8e8599e2074519012b
https://conda.anaconda.org/conda-forge/osx-64/clang-12.0.1-h694c41f_4.tar.bz2#4d268a40da1d13cbb60eaf9c9e301c17
https://conda.anaconda.org/main/noarch/click-8.0.3-pyhd3eb1b0_0.tar.bz2#1f6b29974f6c61bc361919fe92bf58cd
https://conda.anaconda.org/conda-forge/osx-64/curl-7.79.1-hf45b732_1.tar.bz2#9b3aff6825c9d9a33eb80450dee87385
https://conda.anaconda.org/conda-forge/noarch/cycler-0.11.0-pyhd8ed1ab_0.tar.bz2#a50559fad0affdbb33729a68669ca1cb
https://conda.anaconda.org/main/noarch/dataclasses-0.8-pyh6d0b6a4_7.tar.bz2#c8c177c84b3e5e6145156045660868e9
https://conda.anaconda.org/conda-forge/osx-64/glib-tools-2.70.0-hcf210ce_1.tar.bz2#e9d3351a53682b811fea47ad4d6281f4
https://conda.anaconda.org/main/noarch/idna-3.2-pyhd3eb1b0_0.tar.bz2#446c2327cab1f48ed9f7313e155363ab
https://conda.anaconda.org/conda-forge/noarch/keepalive-0.5-pyhd8ed1ab_6.tar.bz2#aeb847cf3826ac151091766b7a042b69
https://conda.anaconda.org/conda-forge/osx-64/libcblas-3.9.0-12_osx64_openblas.tar.bz2#0cb9afc4cfdc6e95aa38328fc1befa05
https://conda.anaconda.org/conda-forge/osx-64/libgd-2.3.3-h311d3fc_0.tar.bz2#e0f98f3658d7c759a6017f5357cff411
https://conda.anaconda.org/conda-forge/osx-64/liblapack-3.9.0-12_osx64_openblas.tar.bz2#ca35c8b85ced3a53059c7a001518cbae
https://conda.anaconda.org/main/osx-64/lockfile-0.12.2-py37hecd8cb5_0.tar.bz2#4647a8b0adfe535e983874683e1773ff
https://conda.anaconda.org/main/osx-64/mistune-0.8.4-py37h1de35cc_0.tar.bz2#d1d60c6bb2b142ad18cb2052ff79212b
https://conda.anaconda.org/main/osx-64/msgpack-python-1.0.2-py37hf7b0b51_1.tar.bz2#a0c0a6b1b5ef917e40d1d9d25fca964b
https://conda.anaconda.org/main/noarch/munkres-1.1.4-py_0.tar.bz2#67857cc5e9044770d2b15f9d94a4521d
https://conda.anaconda.org/main/osx-64/mypy_extensions-0.4.3-py37_0.tar.bz2#287402ab3c0eb745ecb763a691a464aa
https://conda.anaconda.org/main/noarch/networkx-2.6.3-pyhd3eb1b0_0.tar.bz2#24cf78aaef1174bff5b6e7ed18364c12
https://conda.anaconda.org/main/osx-64/olefile-0.46-py37_0.tar.bz2#8ccdf16277b606cebea5461777ba3787
https://conda.anaconda.org/conda-forge/noarch/pathspec-0.9.0-pyhd8ed1ab_0.tar.bz2#f93dc0ccbc0a8472624165f6e256c7d1
https://conda.anaconda.org/conda-forge/noarch/platformdirs-2.3.0-pyhd8ed1ab_0.tar.bz2#7bc119135be2a43e1701432399d8c28a
https://conda.anaconda.org/main/noarch/pycparser-2.20-py_2.tar.bz2#bc20c885814700fdc0187918f9aff9ac
https://conda.anaconda.org/main/noarch/pyparsing-3.0.4-pyhd3eb1b0_0.tar.bz2#e91ec54770326963c1b7e3641cb91e7a
https://conda.anaconda.org/main/osx-64/pysocks-1.7.1-py37hecd8cb5_0.tar.bz2#cf526aaa629cea4681f394b64c843732
https://conda.anaconda.org/conda-forge/osx-64/python_abi-3.7-2_cp37m.tar.bz2#4b564389f52917cfe8fbc537284d42e6
https://conda.anaconda.org/main/noarch/pytz-2021.3-pyhd3eb1b0_0.tar.bz2#9d6c5d80787e35781e862f0a5f1492f8
https://conda.anaconda.org/main/osx-64/ruamel.yaml.clib-0.2.2-py37haf1e3a3_0.tar.bz2#87b85cad61f2b8b30fbec0b67cf9efb9
https://conda.anaconda.org/bioconda/noarch/shellescape-3.4.1-py_1.tar.bz2#fe54078488e8cb18154999306fa28742
https://conda.anaconda.org/main/noarch/six-1.16.0-pyhd3eb1b0_0.tar.bz2#4b46cefc41f565ce5a7a5d572d851c49
https://conda.anaconda.org/conda-forge/noarch/tomli-1.2.2-pyhd8ed1ab_0.tar.bz2#1c8a2f9ea18c267414e244cee668cd00
https://conda.anaconda.org/main/osx-64/tornado-6.1-py37h9ed2024_0.tar.bz2#cb076bc030b0b2a3dfdb275a2f7f04ce
https://conda.anaconda.org/main/osx-64/typed-ast-1.4.3-py37h9ed2024_1.tar.bz2#4c6891c12bba600f67ba0a77d6316a72
https://conda.anaconda.org/main/noarch/typing_extensions-3.10.0.2-pyh06a4308_0.tar.bz2#d09d17d9b56d0a70bc42ef11789570ce
https://conda.anaconda.org/main/osx-64/unicodedata2-13.0.0.post2-py37h9ed2024_0.tar.bz2#0f2313776da2278f222a62c9e87404aa
https://conda.anaconda.org/main/osx-64/webencodings-0.5.1-py37_1.tar.bz2#a14bd3b5746f475e9235e249131ab4e4
https://conda.anaconda.org/main/noarch/wheel-0.37.0-pyhd3eb1b0_1.tar.bz2#df67d909e48e4bc8ea0792ece2cae16d
https://conda.anaconda.org/main/noarch/zipp-3.6.0-pyhd3eb1b0_0.tar.bz2#aadbefd3008013a40b76321d79b790e2
https://conda.anaconda.org/conda-forge/osx-64/cffi-1.15.0-py37h446072c_0.tar.bz2#611c1a6063a004935f3eedc5c4e70adf
https://conda.anaconda.org/conda-forge/osx-64/clangxx-12.0.1-default_he082bbe_4.tar.bz2#02ecfcb40a46039c64fcccb703bf9f7a
https://conda.anaconda.org/conda-forge/osx-64/fonttools-4.28.0-py37h271585c_0.tar.bz2#503d877d8b850ab6b4ea3914bab766bb
https://conda.anaconda.org/conda-forge/osx-64/g-ir-build-tools-1.70.0-py37h4645836_1.tar.bz2#663026ee5845a9959db875ca716bd0ca
https://conda.anaconda.org/conda-forge/osx-64/glib-2.70.0-hcf210ce_1.tar.bz2#6ec0c46ea7bd755f2ac7a8e23e3ac10e
https://conda.anaconda.org/conda-forge/osx-64/gsl-2.7-h93259b0_0.tar.bz2#b4942b1ee2a52fd67f446074488d774d
https://conda.anaconda.org/main/noarch/html5lib-1.1-pyhd3eb1b0_0.tar.bz2#7a9fa936878258757f23ffe4b2e8ecf7
https://conda.anaconda.org/conda-forge/osx-64/humanfriendly-10.0-py37hf985489_0.tar.bz2#3fe31fc2031ff63c4522869eb099e230
https://conda.anaconda.org/main/osx-64/importlib-metadata-4.8.1-py37hecd8cb5_0.tar.bz2#0bfa6924299badfc72990350d1df2d9b
https://conda.anaconda.org/main/noarch/isodate-0.6.0-pyhd3eb1b0_1.tar.bz2#847e7f71e050f3f8e168105822a950c4
https://conda.anaconda.org/conda-forge/osx-64/kiwisolver-1.3.2-py37h737db71_1.tar.bz2#180ac8613a28e96a558d56a194307cca
https://conda.anaconda.org/conda-forge/osx-64/liblapacke-3.9.0-12_osx64_openblas.tar.bz2#39a6086d52da37fdea582d214e86cc5e
https://conda.anaconda.org/conda-forge/osx-64/lxml-4.6.4-py37h250624f_0.tar.bz2#1f968ee569d8bb2b136382d0b0f7cc43
https://conda.anaconda.org/main/osx-64/pillow-8.4.0-py37h98e4679_0.tar.bz2#7c33e6236f9cde98cbc7be9efc8f9dd5
https://conda.anaconda.org/conda-forge/osx-64/psutil-5.8.0-py37h271585c_2.tar.bz2#bcd3a6fbda025b230528310a66593d88
https://conda.anaconda.org/main/noarch/python-dateutil-2.8.2-pyhd3eb1b0_0.tar.bz2#2eb923cc014094f4acf7f849d67d73f8
https://conda.anaconda.org/conda-forge/osx-64/regex-2021.11.2-py37h271585c_0.tar.bz2#ecc3d2c9ca63de86e715e3a7dba8b361
https://conda.anaconda.org/main/osx-64/setuptools-52.0.0-py37hecd8cb5_1.tar.bz2#055fa360d1c8e1aba52caac17581c8df
https://conda.anaconda.org/conda-forge/osx-64/sparqlwrapper-1.8.5-py37hf985489_1006.tar.bz2#e72b958011ec77e7c64ec9bcc6b441b1
https://conda.anaconda.org/conda-forge/noarch/black-21.10b0-pyhd8ed1ab_0.tar.bz2#b155ac8dd08d3f52b27cb89eacb2a2aa
https://conda.anaconda.org/conda-forge/osx-64/blas-devel-3.9.0-12_osx64_openblas.tar.bz2#ba0f3eef3dac039962e627b3d7ae298e
https://conda.anaconda.org/main/osx-64/brotlipy-0.7.0-py37h9ed2024_1003.tar.bz2#410378dfab9b88406e864a1a89b6a4cc
https://conda.anaconda.org/main/osx-64/cairo-1.16.0-h8023c5d_1.tar.bz2#6773b4a22f7d6dceef607adf48ad156d
https://conda.anaconda.org/main/osx-64/coloredlogs-15.0.1-py37hecd8cb5_0.tar.bz2#226b92e10c3e51458da783dd545542bb
https://conda.anaconda.org/conda-forge/noarch/compiler-rt_osx-64-12.0.1-hd3f61c9_0.tar.bz2#ad214e8ed70a3875d7274e2d35ff29ed
https://conda.anaconda.org/main/osx-64/cryptography-35.0.0-py37h2fd3fbb_0.tar.bz2#50a2f2e07f1ebaa955edd2fc03b903db
https://conda.anaconda.org/main/osx-64/gts-0.7.6-hd732f65_2.tar.bz2#de1d02ee4d5e3f562328bf84f9a670e7
https://conda.anaconda.org/main/noarch/importlib_metadata-4.8.1-hd3eb1b0_0.tar.bz2#43a1b0f52d5f0bfadeacaadbe689e6f2
https://conda.anaconda.org/conda-forge/noarch/pip-21.2.4-pyhd8ed1ab_0.tar.bz2#4104ada314dd5639ea36cc12bce0a2cd
https://conda.anaconda.org/conda-forge/osx-64/rdflib-4.2.2-py37_1000.tar.bz2#e7ab0b207d288522f889ba7b5e893423
https://conda.anaconda.org/main/osx-64/ruamel.yaml-0.16.5-py37h1de35cc_1.tar.bz2#cccc012817b21594fa1fdba57144964e
https://conda.anaconda.org/main/noarch/argcomplete-1.12.3-pyhd3eb1b0_0.tar.bz2#81ddda1312e9afe03a448f7b6a68dd50
https://conda.anaconda.org/conda-forge/osx-64/blas-2.112-openblas.tar.bz2#a46a805cadd68764a955518c8f407581
https://conda.anaconda.org/conda-forge/osx-64/compiler-rt-12.0.1-he01351e_0.tar.bz2#aa2cb3794dae4a09f19c3b7169b5df1f
https://conda.anaconda.org/conda-forge/osx-64/harfbuzz-3.1.0-h159f659_0.tar.bz2#887f3d5d0143037f77baf38719db8fea
https://conda.anaconda.org/conda-forge/osx-64/libgirepository-1.70.0-h128b86d_1.tar.bz2#c7ce03d92c028fa30535b0a0913971b1
https://conda.anaconda.org/main/noarch/pyopenssl-21.0.0-pyhd3eb1b0_1.tar.bz2#149191e4f3c8a7975d338dd5afbf02b7
https://conda.anaconda.org/conda-forge/osx-64/clang_osx-64-12.0.1-hb91bd55_1.tar.bz2#b5eaa8133de57c2d037f58dc7dea28d2
https://conda.anaconda.org/conda-forge/osx-64/g-ir-host-tools-1.70.0-h7190600_1.tar.bz2#dac47f7e62d5a6aa3442dd25779d2f85
https://conda.anaconda.org/main/osx-64/numpy-base-1.19.2-py37h68fea81_0.tar.bz2#7fe181b50a4fc9d6c4954b06dbf90544
https://conda.anaconda.org/conda-forge/osx-64/pango-1.48.10-h056538c_2.tar.bz2#223f4846f40a8c14467bddb24f652985
https://conda.anaconda.org/main/noarch/urllib3-1.26.7-pyhd3eb1b0_0.tar.bz2#9f82a6d1ee4c69359f6cc7e169602eb1
https://conda.anaconda.org/conda-forge/osx-64/clangxx_osx-64-12.0.1-h7e1b574_1.tar.bz2#6135a250efd7ac3b677261da2bc0dd6a
https://conda.anaconda.org/conda-forge/osx-64/gfortran_osx-64-9.3.0-h18f7dce_14.tar.bz2#ba880ffed9748573da098f694a098e62
https://conda.anaconda.org/conda-forge/osx-64/gobject-introspection-1.70.0-py37h899b35e_1.tar.bz2#85aeb4b773aeedfaba7d33b150199056
https://conda.anaconda.org/main/osx-64/numpy-1.19.2-py37h63973fd_0.tar.bz2#52d3d552560c42c93cbeb8c9da698aa8
https://conda.anaconda.org/main/noarch/requests-2.26.0-pyhd3eb1b0_0.tar.bz2#84222158477f12beee8a80aac433e669
https://conda.anaconda.org/main/osx-64/atk-1.0-2.36.0-hb642b71_0.tar.bz2#b8eac97ee6c0f859891a17db8677688e
https://conda.anaconda.org/conda-forge/noarch/cachecontrol-0.12.10-pyhd8ed1ab_0.tar.bz2#db145c90f18ed56d798492b1de1a774b
https://conda.anaconda.org/main/osx-64/gdk-pixbuf-2.42.6-h712c34a_5.tar.bz2#905500e87c2b282dae52d256bb6c9e4a
https://conda.anaconda.org/main/osx-64/matplotlib-base-3.4.3-py37h0a11d32_0.tar.bz2#07c5167213d8f1ff1b1e35aae270316e
https://conda.anaconda.org/main/osx-64/pandas-1.2.4-py37h23ab428_0.tar.bz2#ffc06ce2739512da9b982a58ef847bb4
https://conda.anaconda.org/conda-forge/osx-64/r-base-4.1.1-h65845f3_1.tar.bz2#224d1b54bf09c33f27427327fa8b5d80
https://conda.anaconda.org/conda-forge/osx-64/gtk2-2.24.33-h675d97a_1.tar.bz2#5042a5243c79120f5970ddf050e60bb4
https://conda.anaconda.org/conda-forge/osx-64/librsvg-2.52.3-h02b643e_0.tar.bz2#609b28af67610009a33b057e177bae3e
https://conda.anaconda.org/conda-forge/osx-64/matplotlib-3.4.3-py37hf985489_1.tar.bz2#3685bcb573b031ce59f1ebe7aef91c15
https://conda.anaconda.org/conda-forge/osx-64/schema-salad-8.2.20211104054942-py37h271585c_0.tar.bz2#b5d7c8282ecb465e5514c02f05be2c9e
https://conda.anaconda.org/conda-forge/osx-64/graphviz-2.49.3-h77de9ca_0.tar.bz2#52301d7f8cff81dff9507b71fa247309
https://conda.anaconda.org/conda-forge/osx-64/pydot-1.4.2-py37hf985489_1.tar.bz2#05c8cb1347c7bba5e577356632e60592
https://conda.anaconda.org/main/noarch/pydotplus-2.0.2-py_3.tar.bz2#cfb123d1e6b3375ae2acab4c290390ae
https://conda.anaconda.org/conda-forge/noarch/prov-1.5.1-py_1.tar.bz2#66e578dc9f4bfe65728ad547a81cd6dd
https://conda.anaconda.org/conda-forge/osx-64/cwltool-3.1.20211001174446-py37h6871eb5_0.tar.bz2#c2fa00f2e43d7c9cfaa8364d6046dcf2
