# Generated by conda-lock.
# platform: osx-64
# input_hash: 577f5c6c1176b776e514aaef44e7ab48f671a93b5967987669cdd3cad85cb699
@EXPLICIT
https://conda.anaconda.org/conda-forge/noarch/_r-mutex-1.0.1-anacondar_1.tar.bz2#19f9db5f4f1b7f5ef5f6d67207f25f38
https://conda.anaconda.org/main/osx-64/bzip2-1.0.8-h1de35cc_0.tar.bz2#ab3b4e83407001e7f1603ca1fa0f4873
https://conda.anaconda.org/main/osx-64/c-ares-1.19.0-h6c40b1e_0.tar.bz2#4d5560b2f7bc027c059f0070d75ffb56
https://conda.anaconda.org/conda-forge/osx-64/ca-certificates-2023.5.7-h8857fd0_0.conda#b704e4b79ba0d887c4870b7b09d6a4df
https://conda.anaconda.org/main/noarch/font-ttf-dejavu-sans-mono-2.37-hd3eb1b0_0.tar.bz2#801b4743a301a4e11cbd9609d418e101
https://conda.anaconda.org/conda-forge/noarch/font-ttf-inconsolata-3.000-h77eed37_0.tar.bz2#34893075a5c9e55cdafac56607368fc6
https://conda.anaconda.org/conda-forge/noarch/font-ttf-source-code-pro-2.038-h77eed37_0.tar.bz2#4d59c254e01d9cde7957100457e2d5fb
https://conda.anaconda.org/main/noarch/font-ttf-ubuntu-0.83-h8b1ccd4_0.tar.bz2#0b017158a7cd7c1683e00b4ae688dce4
https://conda.anaconda.org/main/osx-64/fribidi-1.0.10-haf1e3a3_0.tar.bz2#58df1c8d8878f3fe462eb75826d5fbd7
https://conda.anaconda.org/main/osx-64/giflib-5.2.1-h6c40b1e_3.tar.bz2#e4a732941f74b8062c8bcbfe5c5c2b56
https://conda.anaconda.org/main/osx-64/gsl-2.7.1-hdbe807d_1.tar.bz2#8d10f1c94483a865799b8166386cba71
https://conda.anaconda.org/main/osx-64/isa-l-2.30.0-h6c40b1e_0.tar.bz2#1dcf82fd6018aeef5d2f5ca351981bdd
https://conda.anaconda.org/main/osx-64/jpeg-9e-h6c40b1e_1.tar.bz2#0d5b0c3bf5f1ac9a0fb97a23aec8a7b9
https://conda.anaconda.org/main/osx-64/libbrotlicommon-1.0.9-hca72f7f_7.tar.bz2#7dba7aa5b971febb55281659843586ba
https://conda.anaconda.org/conda-forge/osx-64/libcxx-16.0.3-hd57cbcb_0.conda#a18d8a09f5f3037723862e5ffd3d8efa
https://conda.anaconda.org/conda-forge/osx-64/libdeflate-1.13-h775f41a_0.tar.bz2#9751c945d288bc6cebcf91e934efd4aa
https://conda.anaconda.org/main/osx-64/libev-4.33-h9ed2024_1.tar.bz2#849fdd014c201a9d2c2aa7c7db38a778
https://conda.anaconda.org/conda-forge/osx-64/libexpat-2.5.0-hf0c8a7f_1.conda#6c81cb022780ee33435cca0127dd43c9
https://conda.anaconda.org/main/osx-64/libffi-3.4.2-hecd8cb5_6.tar.bz2#747fa0432852d7193edecd984091cade
https://conda.anaconda.org/main/noarch/libgfortran-devel_osx-64-11.3.0-h9dfd629_28.tar.bz2#60b9d857617d2304700e3a6d559032c9
https://conda.anaconda.org/main/osx-64/libgfortran-ng-3.0.1-h93005f0_2.tar.bz2#b9ee195bc9f08f7f301ba89753cf3e59
https://conda.anaconda.org/conda-forge/osx-64/libiconv-1.17-hac89ed1_0.tar.bz2#691d103d11180486154af49c037b7ed9
https://conda.anaconda.org/conda-forge/osx-64/libtool-2.4.7-hf0c8a7f_0.conda#1f87b8f56ae1210c77f6133705ef24af
https://conda.anaconda.org/main/osx-64/libuv-1.44.2-h6c40b1e_0.tar.bz2#67fd80127242ad9ecbe7ae55c0935623
https://conda.anaconda.org/main/osx-64/libwebp-base-1.2.4-h6c40b1e_1.tar.bz2#731442ada0984ef37f94457dc41a4e3e
https://conda.anaconda.org/conda-forge/osx-64/libzlib-1.2.13-hfd90126_4.tar.bz2#35eb3fce8d51ed3c1fd4122bad48250b
https://conda.anaconda.org/conda-forge/osx-64/llvm-openmp-16.0.3-hff08bdf_0.conda#4493294698b915041f100126923769e3
https://conda.anaconda.org/conda-forge/osx-64/make-4.3-h22f3db7_1.tar.bz2#ac4a1dd58e6d821c518ae0011e8592b7
https://conda.anaconda.org/conda-forge/noarch/mscorefonts-0.0.1-3.tar.bz2#1e88c07eb93ef0b423c0acc694adcbef
https://conda.anaconda.org/main/osx-64/ncurses-6.4-hcec6c5f_0.tar.bz2#20344bea303e2aff2796ee9963c12c7d
https://conda.anaconda.org/conda-forge/osx-64/oniguruma-6.9.8-hac89ed1_0.tar.bz2#4b0b9b7334c349f7e9f0827f3f98d8af
https://conda.anaconda.org/main/osx-64/pixman-0.40.0-h9ed2024_1.tar.bz2#ecb58f854cae469740631c23643c9c95
https://conda.anaconda.org/conda-forge/noarch/poppler-data-0.4.12-hd8ed1ab_0.conda#d8d7293c5b37f39b2ac32940621c6592
https://conda.anaconda.org/main/noarch/tzdata-2023c-h04d1e81_0.tar.bz2#a815d3bdb160bcc71687f2dda70d3ca4
https://conda.anaconda.org/main/osx-64/xz-5.2.10-h6c40b1e_1.tar.bz2#57a9d65783c884d1dabe3a905861d0f5
https://conda.anaconda.org/main/osx-64/yaml-0.2.5-haf1e3a3_0.tar.bz2#cbfabc8518e50cc4726b86d1d8b6400a
https://conda.anaconda.org/conda-forge/osx-64/expat-2.5.0-hf0c8a7f_1.conda#e12630038077877cbb6c7851e139c17c
https://conda.anaconda.org/bioconda/osx-64/fastp-0.23.2-h15641a5_3.tar.bz2#1c9234fb9977b4e6dd408c08bc8fe7e0
https://conda.anaconda.org/main/noarch/fonts-anaconda-1-h8fa9717_0.tar.bz2#7a445a2d9fbe2a88de8f09e9527f4ce1
https://conda.anaconda.org/conda-forge/osx-64/gettext-0.21.1-h8a4c099_0.tar.bz2#1e3aff29ce703d421c43f371ad676cc5
https://conda.anaconda.org/main/osx-64/gmp-6.2.1-he9d5cce_3.tar.bz2#e0c3ff3de3d5896b080f777be9badbbc
https://conda.anaconda.org/main/osx-64/graphite2-1.3.14-he9d5cce_1.tar.bz2#620cdc76e94f58e22d16e8c9bbbd331d
https://conda.anaconda.org/conda-forge/osx-64/icu-70.1-h96cf925_0.tar.bz2#376635049e9b9b0bb875efd39dcd7b3b
https://conda.anaconda.org/main/osx-64/isl-0.22.1-he9d5cce_3.tar.bz2#cd3138f80d8c0dcfff73e0243764aac5
https://conda.anaconda.org/main/osx-64/jq-1.6-h9ed2024_1000.tar.bz2#4b4edee71ba8608f85b49be8ae580887
https://conda.anaconda.org/conda-forge/osx-64/lerc-4.0.0-hb486fe8_0.tar.bz2#f9d6a4c82889d5ecedec1d90eb673c55
https://conda.anaconda.org/main/osx-64/libbrotlidec-1.0.9-hca72f7f_7.tar.bz2#f78a158983f0bbaba56f34b976bc6dae
https://conda.anaconda.org/main/osx-64/libbrotlienc-1.0.9-hca72f7f_7.tar.bz2#36a1d885725d3ab4d1fadc5a29f978d2
https://conda.anaconda.org/main/osx-64/libedit-3.1.20221030-h6c40b1e_0.tar.bz2#b549aa024097c9f2790ba6eb89bc53fd
https://conda.anaconda.org/conda-forge/osx-64/libgfortran5-12.2.0-he409387_31.conda#5a544130e584b1f204ac896ff071d5b3
https://conda.anaconda.org/conda-forge/osx-64/libsqlite-3.40.0-ha978bb4_1.conda#3fe0656cc909897be258fb2aa33537b7
https://conda.anaconda.org/main/osx-64/lz4-c-1.9.4-hcec6c5f_0.tar.bz2#d5f58d056b4bfc67aec30c77035ba889
https://conda.anaconda.org/conda-forge/osx-64/nspr-4.35-hea0b92c_0.conda#a9e56c98d13d8b7ce72bf4357317c29b
https://conda.anaconda.org/conda-forge/osx-64/openblas-0.3.1-hd130d23_0.tar.bz2#54535f43670ada1d83f75d57a8a0eb6a
https://conda.anaconda.org/main/osx-64/openssl-1.1.1t-hca72f7f_0.tar.bz2#ca5937e682d945681eea05bc74c4c83d
https://conda.anaconda.org/conda-forge/osx-64/pcre2-10.40-h1c4e4bc_0.tar.bz2#e0f80c8f3a0352a54eddfe59cd2b25b1
https://conda.anaconda.org/main/osx-64/readline-8.2-hca72f7f_0.tar.bz2#e8977fc2e69cb52f8dbb1b676d04cc45
https://conda.anaconda.org/main/osx-64/tapi-1100.0.11-h1527ee5_1.tar.bz2#e1196997138701768732ba6cb54227c7
https://conda.anaconda.org/conda-forge/osx-64/tbb-2021.9.0-hb8565cd_0.conda#6aedf8fdcdf5f2d7b4db21853a7d42ed
https://conda.anaconda.org/conda-forge/osx-64/zlib-1.2.13-hfd90126_4.tar.bz2#be90e6223c74ea253080abae19b3bdb1
https://conda.anaconda.org/conda-forge/osx-64/blas-1.1-openblas.tar.bz2#794dbf30b6f568889ba6b04a50fd7989
https://conda.anaconda.org/main/osx-64/brotli-bin-1.0.9-hca72f7f_7.tar.bz2#caf1073dc2ca5aeb832a2877394eae12
https://conda.anaconda.org/main/noarch/fonts-conda-ecosystem-1-hd3eb1b0_0.tar.bz2#81135874e3942ccc48b79c12ec094849
https://conda.anaconda.org/main/osx-64/gdbm-1.18-hdccc71a_4.tar.bz2#a149a5085504c44be8f6be50d6cbf7bd
https://conda.anaconda.org/conda-forge/osx-64/krb5-1.20.1-h0165f36_0.conda#9345f11991753ef75a35754c83319db2
https://conda.anaconda.org/conda-forge/osx-64/libgfortran-5.0.0-11_3_0_h97931a8_31.conda#97451338600bd9c5b535eb224ef6c471
https://conda.anaconda.org/conda-forge/osx-64/libglib-2.76.2-hc62aa5d_0.conda#94427b86aaa2d0840bca2f1a14650f78
https://conda.anaconda.org/conda-forge/osx-64/libnghttp2-1.51.0-h0dd9d14_0.conda#6c83a076112d9496b4cb5f940e40023a
https://conda.anaconda.org/main/osx-64/libpng-1.6.39-h6c40b1e_0.tar.bz2#cc2688c4d0b91033ee4d9064bebfcf3d
https://conda.anaconda.org/main/osx-64/libssh2-1.10.0-h0a4fc7d_0.tar.bz2#4041fb6cbb94d10dcf1e6dd85e8c0584
https://conda.anaconda.org/conda-forge/osx-64/libxml2-2.10.3-h201ad9d_4.conda#2101dd548f0601be252e27e48fa532fa
https://conda.anaconda.org/conda-forge/osx-64/mpfr-4.2.0-h4f9bd69_0.conda#f48a2f4515be334c5cfeed82517b96e0
https://conda.anaconda.org/conda-forge/osx-64/nodejs-18.12.1-h3591b89_0.tar.bz2#eaa2e7361e9ab5f82253a84e8de46dd9
https://conda.anaconda.org/conda-forge/osx-64/nss-3.89-h78b00b3_0.conda#1eb1408ecae62d98a902636d46f5595c
https://conda.anaconda.org/conda-forge/osx-64/sigtool-0.1.3-h57ddcff_0.tar.bz2#e0dcb354df4ad4f79539d57e4f8ec1bd
https://conda.anaconda.org/main/osx-64/sqlite-3.41.2-h6c40b1e_0.tar.bz2#82e4db6a498480a75d53c55bd35b6478
https://conda.anaconda.org/main/osx-64/tk-8.6.12-h5d9f67b_0.tar.bz2#d5b05e38d3bc8fe6d9bcdd91029db1c7
https://conda.anaconda.org/main/osx-64/zstd-1.5.5-hc035e20_0.tar.bz2#f1465fbd810b3746c6de6babfd4fe28a
https://conda.anaconda.org/conda-forge/osx-64/boost-cpp-1.81.0-h2942534_0.conda#8700bc029d8a00667adc4893b16dc64d
https://conda.anaconda.org/main/osx-64/brotli-1.0.9-hca72f7f_7.tar.bz2#31d6d04cd2388d8f19004501271b3545
https://conda.anaconda.org/conda-forge/osx-64/bwidget-1.9.14-h694c41f_1.tar.bz2#bfebc1f663c38331b8d0dca32a515e95
https://conda.anaconda.org/main/osx-64/freetype-2.12.1-hd8bbffd_0.tar.bz2#9a52880a01116b72d3e7b98d685abf67
https://conda.anaconda.org/conda-forge/osx-64/glib-tools-2.76.2-h7d26f99_0.conda#37ca03ea9dab48187a1371b0191632b1
https://conda.anaconda.org/conda-forge/osx-64/libcurl-7.87.0-haf73cf8_0.conda#c5ad60467758fbc6a285c96d3c59a74c
https://conda.anaconda.org/conda-forge/osx-64/libllvm16-16.0.1-h7001e86_0.conda#9132098d615b9c910060393c87233513
https://conda.anaconda.org/main/osx-64/libopenblas-0.3.21-h54e7dc3_0.tar.bz2#ce5c24f93932e1a53d7d89e502f28783
https://conda.anaconda.org/conda-forge/osx-64/libtiff-4.4.0-h5e0c7b4_3.tar.bz2#dc8de12a82ac940edaaee12803b86c42
https://conda.anaconda.org/conda-forge/osx-64/libxslt-1.1.37-h5d22bc9_0.tar.bz2#532015104e2167790a59430b5e10dd7f
https://conda.anaconda.org/conda-forge/osx-64/mpc-1.3.1-h81bd1dd_0.conda#c752c0eb6c250919559172c011e5f65b
https://conda.anaconda.org/main/osx-64/perl-5.34.0-h435f0c2_2.tar.bz2#24969ef7ba7a75bf6f783562c5cd011e
https://conda.anaconda.org/main/osx-64/python-3.10.11-h218abb5_2.tar.bz2#7a8ba26f72627f9427960c0754c7fcbd
https://conda.anaconda.org/main/osx-64/tktable-2.10-h1de35cc_0.tar.bz2#38711ae78e8c78aaa729be7f8d234122
https://conda.anaconda.org/conda-forge/noarch/argcomplete-3.0.8-pyhd8ed1ab_0.conda#0b3460f5bf4ae27dfd72fdcccc9667a9
https://conda.anaconda.org/conda-forge/noarch/bagit-1.8.1-pyhd8ed1ab_0.tar.bz2#fb50f22b353ed3a12f5e8b7c01b58832
https://conda.anaconda.org/main/osx-64/boltons-23.0.0-py310hecd8cb5_0.tar.bz2#fec3e41d53e1a9aace3ecdf1cebf4608
https://conda.anaconda.org/conda-forge/noarch/certifi-2023.5.7-pyhd8ed1ab_0.conda#5d1b71c942b8421285934dad1d891ebc
https://conda.anaconda.org/conda-forge/noarch/charset-normalizer-3.1.0-pyhd8ed1ab_0.conda#7fcff9f6f123696e940bda77bd4d6551
https://conda.anaconda.org/conda-forge/osx-64/curl-7.87.0-haf73cf8_0.conda#34ea7748d232177be914a5f36735cb51
https://conda.anaconda.org/main/noarch/cycler-0.11.0-pyhd3eb1b0_0.tar.bz2#dfb0ca8055c9a72aaca7b845a6edea17
https://conda.anaconda.org/conda-forge/osx-64/fontconfig-2.14.2-h5bb23bf_0.conda#86cc5867dfbee4178118392bae4a3c89
https://conda.anaconda.org/main/osx-64/future-0.18.3-py310hecd8cb5_0.tar.bz2#ff866d814e469b178a449b9bc22ee869
https://conda.anaconda.org/main/osx-64/gfortran_impl_osx-64-11.3.0-h29cdc64_28.tar.bz2#95a7c8f319f1d80b17f2df858804531a
https://conda.anaconda.org/conda-forge/osx-64/glib-2.76.2-h7d26f99_0.conda#0c987ebd645635f553450f3071f3efd0
https://conda.anaconda.org/main/osx-64/humanfriendly-10.0-py310hecd8cb5_1.tar.bz2#cf934ee06ef7cd6a59630ba185db36d6
https://conda.anaconda.org/main/osx-64/idna-3.4-py310hecd8cb5_0.tar.bz2#b9a7575212d1d752f9a9b917ba5c6685
https://conda.anaconda.org/main/noarch/jsonpointer-2.1-pyhd3eb1b0_0.tar.bz2#f4129d80d8832a5520403970ca2a1103
https://conda.anaconda.org/main/osx-64/kiwisolver-1.4.4-py310hcec6c5f_0.tar.bz2#f4ed6fff2814558c3b717017465d8e2a
https://conda.anaconda.org/conda-forge/osx-64/lcms2-2.14-h90f4b2a_0.tar.bz2#e56c432e9a78c63692fa6bd076a15713
https://conda.anaconda.org/conda-forge/osx-64/ld64_osx-64-609-hbfe4790_13.conda#db5b18302e29e823656f2a7a69df7bd9
https://conda.anaconda.org/conda-forge/osx-64/libblas-3.9.0-16_osx64_openblas.tar.bz2#644d63e9379867490b67bace400b2a0f
https://conda.anaconda.org/conda-forge/osx-64/libclang-cpp16-16.0.1-default_hd25f202_0.conda#5e694cf30485a5b8325b5e23113a8d79
https://conda.anaconda.org/main/osx-64/libwebp-1.2.4-hf6ce154_1.tar.bz2#8dff346159bc27be2be33a114fe5760d
https://conda.anaconda.org/conda-forge/osx-64/llvm-tools-16.0.1-h7001e86_0.conda#6c2c2a3d5cbd90b53c2e8b3330260dc4
https://conda.anaconda.org/main/osx-64/lockfile-0.12.2-py310hecd8cb5_0.tar.bz2#c572116837cb2729377f069b23c9c747
https://conda.anaconda.org/main/osx-64/lxml-4.9.2-py310h6c40b1e_0.tar.bz2#f324defa113bec6493c85dc237da0cf8
https://conda.anaconda.org/conda-forge/noarch/mistune-2.0.5-pyhd8ed1ab_0.conda#61a07195cfc935f1c1901d8ecf4af441
https://conda.anaconda.org/main/noarch/munkres-1.1.4-py_0.tar.bz2#67857cc5e9044770d2b15f9d94a4521d
https://conda.anaconda.org/conda-forge/noarch/mypy_extensions-1.0.0-pyha770c72_0.conda#4eccaeba205f0aed9ac3a9ea58568ca3
https://conda.anaconda.org/conda-forge/noarch/networkx-3.1-pyhd8ed1ab_0.conda#254f787d5068bc89f578bf63893ce8b4
https://conda.anaconda.org/main/osx-64/numpy-base-1.24.3-py310h992e150_0.tar.bz2#99ef847e0ea54224090aa890e69c8dd8
https://conda.anaconda.org/conda-forge/osx-64/openjpeg-2.5.0-h5d0d7b0_1.tar.bz2#be533cc782981a0ec5eed28aa618470a
https://conda.anaconda.org/conda-forge/noarch/packaging-23.1-pyhd8ed1ab_0.conda#91cda59e66e1e4afe9476f8ef98f5c30
https://conda.anaconda.org/conda-forge/noarch/pathspec-0.11.1-pyhd8ed1ab_0.conda#dbb80d1e8dc2dba5c8b106dc0768ad45
https://conda.anaconda.org/main/osx-64/pluggy-1.0.0-py310hecd8cb5_1.tar.bz2#469a732ee8970e3bac5a4d0da663e8f9
https://conda.anaconda.org/main/osx-64/pycosat-0.6.4-py310hca72f7f_0.tar.bz2#7f27a0f4e7c32b060fb7f40bfc1af405
https://conda.anaconda.org/main/noarch/pycparser-2.21-pyhd3eb1b0_0.tar.bz2#e70944ff53d19af4f65073a4f21c7b05
https://conda.anaconda.org/main/noarch/pyparsing-2.4.7-pyhd3eb1b0_0.tar.bz2#b4511d563c82fbfb8be42afb8814b144
https://conda.anaconda.org/main/osx-64/pysocks-1.7.1-py310hecd8cb5_0.tar.bz2#8b1372e62747adb48891711705ecf67c
https://conda.anaconda.org/conda-forge/noarch/python-tzdata-2023.3-pyhd8ed1ab_0.conda#2590495f608a63625e165915fb4e2e34
https://conda.anaconda.org/conda-forge/osx-64/python_abi-3.10-2_cp310.tar.bz2#502ca4a8b43b424316f380d864832877
https://conda.anaconda.org/conda-forge/noarch/pytz-2023.3-pyhd8ed1ab_0.conda#d3076b483092a435832603243567bc31
https://conda.anaconda.org/main/osx-64/pyyaml-6.0-py310h6c40b1e_1.tar.bz2#d0a9b39e4393d770b7d370cb6f09056e
https://conda.anaconda.org/main/osx-64/repoze.lru-0.7-py310hecd8cb5_0.tar.bz2#901b33691d023468356b1ac0fd24f9c0
https://conda.anaconda.org/conda-forge/noarch/setuptools-67.7.2-pyhd8ed1ab_0.conda#3b68bc43ec6baa48f7354a446267eefe
https://conda.anaconda.org/bioconda/noarch/shellescape-3.4.1-py_1.tar.bz2#fe54078488e8cb18154999306fa28742
https://conda.anaconda.org/main/noarch/six-1.16.0-pyhd3eb1b0_1.tar.bz2#0a3ab834ba49016e183e715bff48a2b6
https://conda.anaconda.org/main/noarch/sortedcontainers-2.4.0-pyhd3eb1b0_0.tar.bz2#4cad993b0f80bc23fb66a97592299cbb
https://conda.anaconda.org/main/noarch/toml-0.10.2-pyhd3eb1b0_0.tar.bz2#c879bdd2c6714030b3b0f7aea4e84f0d
https://conda.anaconda.org/main/osx-64/tomli-2.0.1-py310hecd8cb5_0.tar.bz2#f6deefbee1ee7036626fc1157dd6876e
https://conda.anaconda.org/conda-forge/noarch/tomlkit-0.11.8-pyha770c72_0.conda#75838e8556166263a82038b51d01d5f1
https://conda.anaconda.org/main/osx-64/toolz-0.12.0-py310hecd8cb5_0.tar.bz2#1631da9c8a71594c1426ad0a4abcc728
https://conda.anaconda.org/main/osx-64/tqdm-4.65.0-py310h20db666_0.tar.bz2#76f0e82559e0d2cb25cd00721d0ec899
https://conda.anaconda.org/main/osx-64/typing_extensions-4.5.0-py310hecd8cb5_0.tar.bz2#5c016af97109a21a037b7f7a69cfdbee
https://conda.anaconda.org/main/osx-64/unicodedata2-15.0.0-py310h6c40b1e_0.tar.bz2#50d7c5f29ea7261d8c56d8949635f4a9
https://conda.anaconda.org/main/osx-64/webencodings-0.5.1-py310hecd8cb5_1.tar.bz2#7502e3b07c9f996017a9171d056b3865
https://conda.anaconda.org/conda-forge/noarch/wheel-0.40.0-pyhd8ed1ab_0.conda#49bb0d9e60ce1db25e151780331bb5f3
https://conda.anaconda.org/main/noarch/whoosh-2.7.4-pyhd3eb1b0_1.tar.bz2#bab5e839f3f12a08e124bce425401a19
https://conda.anaconda.org/conda-forge/noarch/xmltodict-0.13.0-pyhd8ed1ab_0.tar.bz2#b5b33faed6ed2b4ba47a690b8f5c0818
https://conda.anaconda.org/conda-forge/noarch/zipp-3.15.0-pyhd8ed1ab_0.conda#13018819ca8f5b7cc675a8faf1f5fedf
https://conda.anaconda.org/conda-forge/noarch/zipstream-new-1.1.8-pyhd8ed1ab_0.tar.bz2#c9684165242c51d36acb49e0df4d9390
https://conda.anaconda.org/conda-forge/noarch/bleach-6.0.0-pyhd8ed1ab_0.conda#d48b143d01385872a88ef8417e96c30e
https://conda.anaconda.org/bioconda/osx-64/bowtie-1.3.1-py310h6e42bf5_4.tar.bz2#5c93cc5d2f645f7dd45dab0733335303
https://conda.anaconda.org/main/osx-64/cairo-1.16.0-h3ce6f7e_3.tar.bz2#4ce65d85aed58a02f46c06b971679d3e
https://conda.anaconda.org/conda-forge/osx-64/cctools_osx-64-973.0.1-h5676edf_13.conda#86fa34ad281d649490b616b7026e8f7e
https://conda.anaconda.org/main/osx-64/cffi-1.15.1-py310h6c40b1e_3.tar.bz2#ea3b438028199e3d6bd7ae93786d2834
https://conda.anaconda.org/conda-forge/osx-64/cheetah3-3.2.6.post2-py310h90acd4f_3.tar.bz2#e5481c049cbd2be93e0a158d680efe8b
https://conda.anaconda.org/conda-forge/osx-64/clang-16-16.0.1-default_hd25f202_0.conda#58c912519e1e3d0e1a3756f98c4d50a4
https://conda.anaconda.org/conda-forge/osx-64/click-8.1.3-py310h2ec42d9_1.tar.bz2#a8091c28b6bf9ef06dcf6a33fc68af14
https://conda.anaconda.org/main/osx-64/coloredlogs-15.0.1-py310hecd8cb5_1.tar.bz2#52c975a48ae982f41ce2eb6dd8f38b6a
https://conda.anaconda.org/conda-forge/osx-64/cython-0.29.34-py310h7a76584_0.conda#40b734755f9e9d8855754e1f91fb14ea
https://conda.anaconda.org/conda-forge/osx-64/docutils-0.19-py310h2ec42d9_1.tar.bz2#932d057a35046e6eb92561c723d4ebe6
https://conda.anaconda.org/conda-forge/osx-64/fonttools-4.39.3-py310h90acd4f_0.conda#bd5352a044be0a2ac87981439307dd1c
https://conda.anaconda.org/main/osx-64/gdk-pixbuf-2.42.10-h6c40b1e_0.tar.bz2#6fb7b1cf76189ca9725037e33fa8acd7
https://conda.anaconda.org/main/osx-64/gts-0.7.6-h6759243_3.tar.bz2#ab667044e8133d96e27ff4689dcb86f3
https://conda.anaconda.org/conda-forge/noarch/importlib-metadata-6.6.0-pyha770c72_0.conda#f91a5d5175fb7ff2a91952ec7da59cb9
https://conda.anaconda.org/conda-forge/noarch/importlib_resources-5.12.0-pyhd8ed1ab_0.conda#e5fd2260a231ee63b6969f4801082f2b
https://conda.anaconda.org/conda-forge/noarch/isodate-0.6.1-pyhd8ed1ab_0.tar.bz2#4a62c93c1b5c0b920508ae3fd285eaf5
https://conda.anaconda.org/main/noarch/jsonpatch-1.32-pyhd3eb1b0_0.tar.bz2#933be63c7b1aba7b9990f42ada8bc833
https://conda.anaconda.org/main/osx-64/libgd-2.3.3-he7e2580_1.tar.bz2#1256140bf83fffd8eaf48b9cb5036486
https://conda.anaconda.org/conda-forge/osx-64/liblapack-3.9.0-16_osx64_openblas.tar.bz2#406ad426aade5578b90544cc2ed4a79b
https://conda.anaconda.org/conda-forge/osx-64/markupsafe-2.1.2-py310h90acd4f_0.conda#a230aa9172440ace9a1b33a74f7b6fbd
https://conda.anaconda.org/conda-forge/osx-64/msgpack-python-1.0.5-py310ha23aa8a_0.conda#eaca50d68ad312e2930b2f9eca8756ef
https://conda.anaconda.org/main/osx-64/numpy-1.24.3-py310he50c29a_0.tar.bz2#29f4f4f78a84e8946b3aa6369e9df5f3
https://conda.anaconda.org/main/osx-64/pillow-9.4.0-py310hcec6c5f_0.tar.bz2#a21d92e14f21842d580320cc5c7c85e8
https://conda.anaconda.org/conda-forge/noarch/pip-23.1.2-pyhd8ed1ab_0.conda#7288da0d36821349cf1126e8670292df
https://conda.anaconda.org/conda-forge/osx-64/psutil-5.9.5-py310h90acd4f_0.conda#1111504c53989e065a98171156fc376a
https://conda.anaconda.org/conda-forge/osx-64/pycryptodome-3.16.0-py310hf412752_0.conda#bd0fc3bba30127d0570fa90200b95d90
https://conda.anaconda.org/bioconda/osx-64/pysam-0.20.0-py310h958c131_0.tar.bz2#01dbf9c71231399855ecdde09b5d4218
https://conda.anaconda.org/main/noarch/python-dateutil-2.8.2-pyhd3eb1b0_0.tar.bz2#2eb923cc014094f4acf7f849d67d73f8
https://conda.anaconda.org/main/osx-64/routes-2.5.1-py310hecd8cb5_0.tar.bz2#1b5c5ed41606ff69b45df5191a0bd9b5
https://conda.anaconda.org/conda-forge/osx-64/ruamel.yaml.clib-0.2.7-py310h90acd4f_1.conda#d27546735a054dd67e626b17ff07c089
https://conda.anaconda.org/conda-forge/osx-64/tornado-6.3-py310h90acd4f_0.conda#9b65b4a66a5ee3a3eeec2ad6b82b749b
https://conda.anaconda.org/main/osx-64/typing-extensions-4.5.0-py310hecd8cb5_0.tar.bz2#e4cc16565621b98e7bf76c9fbc301740
https://conda.anaconda.org/conda-forge/noarch/yq-3.2.2-pyhd8ed1ab_0.conda#e028c252352d88b554214cbe1cff9f7a
https://conda.anaconda.org/main/osx-64/brotlipy-0.7.0-py310hca72f7f_1002.tar.bz2#74c06782af0dd75df79b57eec5f1eb7e
https://conda.anaconda.org/conda-forge/osx-64/clang-16.0.1-h49458c0_0.conda#84c53046b4349bde49bdf1cd74c2b431
https://conda.anaconda.org/conda-forge/osx-64/contourpy-1.0.7-py310ha23aa8a_0.conda#bc714cc57ec6422105ed991167987a9d
https://conda.anaconda.org/main/osx-64/cryptography-39.0.1-py310hf6deb26_0.tar.bz2#87aed93e39051f15ee04af922b4b2d6d
https://conda.anaconda.org/conda-forge/osx-64/harfbuzz-6.0.0-h08f8713_0.conda#3852d6ef7b77da3e81074a8e487e7df5
https://conda.anaconda.org/conda-forge/osx-64/pandas-2.0.1-py310h5e4fcda_1.conda#24acbaa1a659e357cba1ad1cf4eb9bac
https://conda.anaconda.org/conda-forge/noarch/platformdirs-3.5.0-pyhd8ed1ab_0.conda#6c36f1c42dd0069b7f23acc74f19be46
https://conda.anaconda.org/main/osx-64/poppler-22.12.0-h731d9fb_0.tar.bz2#52284788daef2a7e998c4425e1f131eb
https://conda.anaconda.org/conda-forge/osx-64/pydantic-1.10.7-py310h90acd4f_0.conda#1aa94a23cea46c493f87d64ae805edae
https://conda.anaconda.org/conda-forge/noarch/rdflib-6.3.2-pyhd8ed1ab_0.conda#ef37f754e65328229ecf4488b5909b8d
https://conda.anaconda.org/main/osx-64/ruamel.yaml-0.17.21-py310hca72f7f_0.tar.bz2#e0d31fab9ce876aa10029f1306b2b841
https://conda.anaconda.org/main/osx-64/zstandard-0.19.0-py310h6c40b1e_0.tar.bz2#9b87d11d81ea6d9aed8fba5255dee7aa
https://conda.anaconda.org/main/osx-64/black-23.3.0-py310hecd8cb5_0.tar.bz2#82d2ce51003044ec4b31ee64aa3de14b
https://conda.anaconda.org/conda-forge/osx-64/clangxx-16.0.1-default_hd25f202_0.conda#d2fd8e5ff71e68910d3f7bb1f675047c
https://conda.anaconda.org/main/osx-64/conda-package-streaming-0.7.0-py310hecd8cb5_0.tar.bz2#c55cde63d1039966729ca4ee6087b667
https://conda.anaconda.org/conda-forge/noarch/cwlformat-2022.02.18-pyhd8ed1ab_0.tar.bz2#f071cac5c531575e0b0dcaee3661fef7
https://conda.anaconda.org/main/osx-64/matplotlib-base-3.7.1-py310ha533b9c_1.tar.bz2#7ffa357f191641321c69f6a357074f4a
https://conda.anaconda.org/conda-forge/osx-64/pango-1.50.14-hbd9bf65_0.conda#7de54d83e9c685b742e0a4d81b271de0
https://conda.anaconda.org/conda-forge/noarch/pyopenssl-23.1.1-pyhd8ed1ab_0.conda#0b34aa3ab7e7ccb1765a03dd9ed29938
https://conda.anaconda.org/conda-forge/noarch/compiler-rt_osx-64-16.0.1-h613da45_0.conda#f276c02406940cd541b159f18a349dde
https://conda.anaconda.org/main/osx-64/conda-package-handling-2.0.2-py310hecd8cb5_0.tar.bz2#4dfbf233d6858761681dde7735a7e0a6
https://conda.anaconda.org/bioconda/osx-64/htseq-2.0.2-py310hec0d4ff_0.tar.bz2#ce4a5b08e033cef5540f749b93d1c950
https://conda.anaconda.org/conda-forge/osx-64/librsvg-2.54.4-h3d48ba6_0.tar.bz2#1a106d9119086f73b5f88c650f700210
https://conda.anaconda.org/conda-forge/osx-64/matplotlib-3.7.1-py310h2ec42d9_0.conda#958029c1236746d27149fca648c41cab
https://conda.anaconda.org/main/osx-64/urllib3-1.26.15-py310hecd8cb5_0.tar.bz2#49dee5fa9d1f2ea24279a9e1735c9f8b
https://conda.anaconda.org/conda-forge/osx-64/compiler-rt-16.0.1-h613da45_0.conda#2033a5bb7d9c9ab558f6abdfb0114b13
https://conda.anaconda.org/main/osx-64/graphviz-2.50.0-h3da5528_1.tar.bz2#1408d3adc03d9440d0c87e40d3358206
https://conda.anaconda.org/main/osx-64/requests-2.29.0-py310hecd8cb5_0.tar.bz2#b22b00aa831d9d4bb245b52b5aa35d13
https://conda.anaconda.org/main/osx-64/cachecontrol-0.12.11-py310hecd8cb5_1.tar.bz2#047b75656cd7010710c6c0e1cc90e927
https://conda.anaconda.org/conda-forge/osx-64/clang_osx-64-16.0.1-hac0a0c4_1.conda#fe62ac2612b93dab371096301103d128
https://conda.anaconda.org/main/osx-64/conda-23.3.1-py310hecd8cb5_0.tar.bz2#93279e05f97fc63ccc960f636b5e0b7e
https://conda.anaconda.org/conda-forge/noarch/galaxy-util-22.1.1-pyhd8ed1ab_0.tar.bz2#8a6d099ca1bb78a14141d132947a2f70
https://conda.anaconda.org/main/osx-64/pydot-1.4.2-py310hecd8cb5_0.tar.bz2#22c0bc1d47f460d42b3d516c72fa5fa3
https://conda.anaconda.org/main/noarch/pydotplus-2.0.2-py_3.tar.bz2#cfb123d1e6b3375ae2acab4c290390ae
https://conda.anaconda.org/conda-forge/osx-64/clangxx_osx-64-16.0.1-h950475c_1.conda#e794792c5758b6b1694786c17ec49b92
https://conda.anaconda.org/conda-forge/noarch/galaxy-containers-22.1.1-pyhd8ed1ab_0.tar.bz2#f31587a27d77a1d9e3e0f02abf231ef0
https://conda.anaconda.org/main/osx-64/gfortran_osx-64-11.3.0-h96634ac_0.tar.bz2#15b706365cad9247f6a04ccd72b77a41
https://conda.anaconda.org/conda-forge/noarch/prov-1.5.1-py_1.tar.bz2#66e578dc9f4bfe65728ad547a81cd6dd
https://conda.anaconda.org/conda-forge/osx-64/schema-salad-8.4.20230426093816-py310h6729b98_0.conda#6db0a247ba47da4b762c3db997440a20
https://conda.anaconda.org/conda-forge/noarch/cwl-upgrader-1.2.6-pyhd8ed1ab_0.conda#8bf402bd12b3c4ff81a526e2eb442c65
https://conda.anaconda.org/conda-forge/noarch/galaxy-tool-util-22.1.5-pyhd8ed1ab_0.tar.bz2#01e03f88ef58292e3faa017714bb015f
https://conda.anaconda.org/conda-forge/osx-64/r-base-4.2.2-h6e3643f_2.conda#52be862a98170c470a17903eedd070dc
https://conda.anaconda.org/bioconda/noarch/bioconductor-biocgenerics-0.44.0-r42hdfd78af_0.tar.bz2#ad7705e81b15e89b8aac79e3c7e0c596
https://conda.anaconda.org/bioconda/noarch/bioconductor-data-packages-20230420-hdfd78af_0.tar.bz2#1ff71c9ad48852a18f5e7847a81bdb15
https://conda.anaconda.org/bioconda/osx-64/bioconductor-zlibbioc-1.44.0-r42h3be46a4_0.tar.bz2#f0247fc359022387768d20ef598e515f
https://conda.anaconda.org/conda-forge/noarch/cwl-utils-0.25-pyhc268e32_0.conda#47fea91a246ae52f0137017d0886c494
https://conda.anaconda.org/conda-forge/noarch/r-bh-1.81.0_1-r42hc72bb7e_0.conda#4e21ae5b780964cbe738d42af30b5dd5
https://conda.anaconda.org/conda-forge/osx-64/r-bit-4.0.5-r42h815d134_0.tar.bz2#da9570dcb48c8fd3f1021a914254c7a9
https://conda.anaconda.org/conda-forge/osx-64/r-bitops-1.0_7-r42h815d134_1.tar.bz2#ad14e33a18b6dbcbb0bc51618ef18303
https://conda.anaconda.org/conda-forge/osx-64/r-cli-3.6.1-r42h49197e3_0.conda#e2c581d73dc45c1f4eedfd986a7de564
https://conda.anaconda.org/conda-forge/noarch/r-codetools-0.2_19-r42hc72bb7e_0.conda#f6cc72c2b1ed4aa66be1751eeee83a41
https://conda.anaconda.org/conda-forge/osx-64/r-colorspace-2.1_0-r42h815d134_0.conda#5c03413b4816b346e5e63006da6f7fcc
https://conda.anaconda.org/conda-forge/noarch/r-cpp11-0.4.3-r42hc72bb7e_0.tar.bz2#1d2ba6722610fe535be2a100728efe90
https://conda.anaconda.org/conda-forge/noarch/r-crayon-1.5.2-r42hc72bb7e_1.tar.bz2#d3a61c67c3e71c383a62a0f96a34e96b
https://conda.anaconda.org/conda-forge/osx-64/r-curl-4.3.3-r42h815d134_1.tar.bz2#17740efd334508ff1eb975e0011b2784
https://conda.anaconda.org/conda-forge/noarch/r-dbi-1.1.3-r42hc72bb7e_1.tar.bz2#82b0e4010272fc42548c3beac90ed199
https://conda.anaconda.org/conda-forge/osx-64/r-fansi-1.0.4-r42h815d134_0.conda#b79f846a151913a7c7e63102fd3385d5
https://conda.anaconda.org/conda-forge/osx-64/r-farver-2.1.1-r42h49197e3_1.tar.bz2#eb18d93a6b4a54c181a238413ba5a6bb
https://conda.anaconda.org/conda-forge/osx-64/r-fastmap-1.1.1-r42h49197e3_0.conda#435c55687accf4308cd82c8a2fd04315
https://conda.anaconda.org/conda-forge/noarch/r-formatr-1.14-r42hc72bb7e_0.conda#2b329e35e792b52b2586e3a4507e73f0
https://conda.anaconda.org/conda-forge/noarch/r-futile.options-1.0.1-r42hc72bb7e_1003.tar.bz2#ad1f1317857340532c957e767394b4d4
https://conda.anaconda.org/conda-forge/osx-64/r-glue-1.6.2-r42h815d134_1.tar.bz2#90c38492a68c3b80f5d57f09cee76cf9
https://conda.anaconda.org/conda-forge/osx-64/r-isoband-0.2.7-r42h49197e3_1.conda#be7f96cf7d3a0b8378a789fb76d6db93
https://conda.anaconda.org/conda-forge/osx-64/r-jsonlite-1.8.4-r42h815d134_0.conda#dabe127c3bd6c42f7c4823b21e7c7140
https://conda.anaconda.org/conda-forge/noarch/r-labeling-0.4.2-r42hc72bb7e_2.tar.bz2#a8c6275f22169dfb4f147a63d7b1b4fd
https://conda.anaconda.org/conda-forge/osx-64/r-lattice-0.21_8-r42h815d134_0.conda#31caf3ebf461b1a2485c39db036b13c3
https://conda.anaconda.org/conda-forge/osx-64/r-magrittr-2.0.3-r42h815d134_1.tar.bz2#a1ccec74e2c5daf98f024e2a820b1842
https://conda.anaconda.org/conda-forge/osx-64/r-mass-7.3_60-r42h6dc245f_0.conda#bfd437bfeb36d3e8e159efcf030c524a
https://conda.anaconda.org/conda-forge/osx-64/r-matrixstats-0.63.0-r42h815d134_0.conda#9f265828e14f96a9cc3696b7bc5dd7af
https://conda.anaconda.org/conda-forge/osx-64/r-mime-0.12-r42h815d134_1.tar.bz2#f36cb9118775f312525ee38526adad90
https://conda.anaconda.org/conda-forge/noarch/r-pkgconfig-2.0.3-r42hc72bb7e_2.tar.bz2#25fa2c5cbea8f1171413e01150626691
https://conda.anaconda.org/conda-forge/noarch/r-plogr-0.2.0-r42hc72bb7e_1004.tar.bz2#8c5ce3fd599afe51f77e4449ce9417bd
https://conda.anaconda.org/conda-forge/osx-64/r-png-0.1_8-r42hbf2103b_0.conda#8717e1aa8bd292edc9c427dcfb65e878
https://conda.anaconda.org/conda-forge/noarch/r-r6-2.5.1-r42hc72bb7e_1.tar.bz2#31feba961dbabe1897d50c4cbb50b383
https://conda.anaconda.org/conda-forge/noarch/r-rcolorbrewer-1.1_3-r42h785f33e_1.tar.bz2#fa52cd7e8c99fff352794b4e699d0f76
https://conda.anaconda.org/conda-forge/osx-64/r-rcpp-1.0.10-r42h49197e3_0.conda#798aa6e691c3477fd914e50b83d1c77a
https://conda.anaconda.org/conda-forge/osx-64/r-rlang-1.1.1-r42hac7d2d5_0.conda#e5ffa7d78eff64745625b71efd9d83d2
https://conda.anaconda.org/conda-forge/noarch/r-snow-0.4_4-r42hc72bb7e_1.tar.bz2#14bb231e001f434a37a401030ac3e7a6
https://conda.anaconda.org/conda-forge/osx-64/r-sys-3.4.1-r42h815d134_0.tar.bz2#b1f8fe8dd22b56a053bcc241a8e2fd9d
https://conda.anaconda.org/conda-forge/osx-64/r-utf8-1.2.3-r42h815d134_0.conda#7118e7a2d21ea8025e3dd1c1bc2cd54e
https://conda.anaconda.org/conda-forge/noarch/r-viridislite-0.4.1-r42hc72bb7e_1.tar.bz2#412de380396e466ddb7cd48fae639072
https://conda.anaconda.org/conda-forge/noarch/r-withr-2.5.0-r42hc72bb7e_1.tar.bz2#aa5c3e131a8e5a1c9576f484afa86c51
https://conda.anaconda.org/conda-forge/osx-64/r-xml-3.99_0.14-r42h67ce8dc_0.conda#1bcfec9f43fd535f728832dc6099f746
https://conda.anaconda.org/conda-forge/noarch/r-xtable-1.8_4-r42hc72bb7e_4.tar.bz2#28a6bce0b87124a67a28d99568432c78
https://conda.anaconda.org/bioconda/osx-64/bioconductor-biobase-2.58.0-r42h3be46a4_0.tar.bz2#2824b9348014583081fda9959019e08e
https://conda.anaconda.org/bioconda/noarch/bioconductor-genomeinfodbdata-1.2.9-r42hdfd78af_0.tar.bz2#4af93b040f3a44af5804ab44066ee7cd
https://conda.anaconda.org/bioconda/noarch/bioconductor-matrixgenerics-1.10.0-r42hdfd78af_0.tar.bz2#5ef80e5c26d03a75d62e2ee02054e665
https://conda.anaconda.org/bioconda/osx-64/bioconductor-s4vectors-0.36.0-r42h3be46a4_0.tar.bz2#14feffa61b725d7dbe43e24dd9164087
https://conda.anaconda.org/conda-forge/osx-64/cwltool-3.1.20230425144158-py310h2f27fe4_0.conda#0e8184f840cbcbe58637468375a6606e
https://conda.anaconda.org/conda-forge/osx-64/r-askpass-1.1-r42h815d134_3.tar.bz2#61d817a6b3c55df5fe990678aee374a8
https://conda.anaconda.org/conda-forge/osx-64/r-bit64-4.0.5-r42h815d134_1.tar.bz2#5fb97c679bd89083b4d4da5458af25c9
https://conda.anaconda.org/conda-forge/osx-64/r-cachem-1.0.8-r42h6dc245f_0.conda#f54221d50674e08690e7b22ea5aeca64
https://conda.anaconda.org/conda-forge/osx-64/r-ellipsis-0.3.2-r42h815d134_1.tar.bz2#733f88a145776b71406094f1bd91f1b3
https://conda.anaconda.org/conda-forge/noarch/r-lambda.r-1.2.4-r42hc72bb7e_2.tar.bz2#a34d4479c0b26d8c903f0e05d48800dd
https://conda.anaconda.org/conda-forge/noarch/r-lifecycle-1.0.3-r42hc72bb7e_1.tar.bz2#a380eaafa79a6fb6866924accc451f1b
https://conda.anaconda.org/conda-forge/osx-64/r-locfit-1.5_9.7-r42h815d134_0.conda#e8c7f616128df55e231f032639bc5cf0
https://conda.anaconda.org/conda-forge/osx-64/r-matrix-1.5_4-r42hce01bf1_0.conda#aa7aec373c98ff95095291e9a7e39b75
https://conda.anaconda.org/conda-forge/noarch/r-munsell-0.5.0-r42hc72bb7e_1005.tar.bz2#e7c53fd2064700ff07429966a7da7508
https://conda.anaconda.org/conda-forge/osx-64/r-nlme-3.1_162-r42h1e4e481_0.conda#9655986da096423520f48b1ffa7f3325
https://conda.anaconda.org/conda-forge/osx-64/r-rcpparmadillo-0.12.2.0.0-r42hf5e6a41_0.conda#71494d027f0aa82d470b812288638049
https://conda.anaconda.org/conda-forge/osx-64/r-rcurl-1.98_1.10-r42h815d134_0.conda#dce748afe7f60db226acfcb7bc2845f4
https://conda.anaconda.org/bioconda/osx-64/bioconductor-iranges-2.32.0-r42h3be46a4_0.tar.bz2#071093e9be31af88c3ddce1e30589e56
https://conda.anaconda.org/conda-forge/noarch/r-futile.logger-1.4.3-r42hc72bb7e_1004.tar.bz2#7b9365f78e1f2fe8d36a1e3c74ec6856
https://conda.anaconda.org/conda-forge/noarch/r-gtable-0.3.3-r42hc72bb7e_0.conda#3d7ba7ed44328d61a94837f19780f3c0
https://conda.anaconda.org/conda-forge/noarch/r-memoise-2.0.1-r42hc72bb7e_1.tar.bz2#09eed81f8d22963b0c0ffc8795a380ff
https://conda.anaconda.org/conda-forge/osx-64/r-mgcv-1.8_42-r42h40f944a_0.conda#55cd60dcb3f575b1162a19190e31b9ad
https://conda.anaconda.org/conda-forge/osx-64/r-openssl-2.0.5-r42h13d56fc_0.conda#9ac851ece68c7dd3414b9ff94f3621ae
https://conda.anaconda.org/conda-forge/noarch/r-scales-1.2.1-r42hc72bb7e_1.tar.bz2#96555320620b4a81211bef1d355deefe
https://conda.anaconda.org/conda-forge/osx-64/r-survival-3.5_5-r42h815d134_0.conda#3080d4f329fe8fd5d4e67cb427000f30
https://conda.anaconda.org/conda-forge/osx-64/r-vctrs-0.6.2-r42hac7d2d5_0.conda#d7b8288c6a77768ee61b29160d146622
https://conda.anaconda.org/bioconda/osx-64/bioconductor-biocparallel-1.32.5-r42hb890f52_0.tar.bz2#0b7f33ede281961ed4bd5c2967952df2
https://conda.anaconda.org/bioconda/osx-64/bioconductor-delayedarray-0.24.0-r42h3be46a4_0.tar.bz2#9bae5ab108a4fc208c4c54b478dc68c0
https://conda.anaconda.org/bioconda/noarch/bioconductor-genomeinfodb-1.34.9-r42hdfd78af_0.tar.bz2#10961a4cf078c3e368caa1465a45feca
https://conda.anaconda.org/bioconda/osx-64/bioconductor-xvector-0.38.0-r42h3be46a4_0.tar.bz2#c43771da3c506a73df699e8a166b0d17
https://conda.anaconda.org/conda-forge/noarch/r-blob-1.2.4-r42hc72bb7e_0.conda#c1ca3fcfc8cbff48ccd3796e22c9daf9
https://conda.anaconda.org/conda-forge/noarch/r-httr-1.4.5-r42hc72bb7e_0.conda#4ef716635774c8aa6ff0cf3f35eba7e3
https://conda.anaconda.org/conda-forge/noarch/r-pillar-1.9.0-r42hc72bb7e_0.conda#3ee1760065c70c190878381582ef1d41
https://conda.anaconda.org/bioconda/osx-64/bioconductor-biostrings-2.66.0-r42h3be46a4_0.tar.bz2#b2d641dcfb6d364221478c3f8741a044
https://conda.anaconda.org/bioconda/osx-64/bioconductor-genomicranges-1.50.0-r42h3be46a4_0.tar.bz2#3c73655c683c98faeffa80d1a1a0e707
https://conda.anaconda.org/conda-forge/osx-64/r-rsqlite-2.3.1-r42h49197e3_0.conda#5a629a50922c0ea29890ecfc99ad32af
https://conda.anaconda.org/conda-forge/osx-64/r-tibble-3.2.1-r42h815d134_1.conda#a7fc7afcb5e77b3025571036627b453e
https://conda.anaconda.org/bioconda/noarch/bioconductor-keggrest-1.38.0-r42hdfd78af_0.tar.bz2#0bfca4c24d7e3d77fd0c425343dab7fe
https://conda.anaconda.org/bioconda/noarch/bioconductor-summarizedexperiment-1.28.0-r42hdfd78af_0.tar.bz2#3bfc1739950dd7f3f57b35c5ff6d59e7
https://conda.anaconda.org/conda-forge/noarch/r-ggplot2-3.4.2-r42hc72bb7e_0.conda#a48ecf50d630e0a9f530f875cee4bc5e
https://conda.anaconda.org/bioconda/noarch/bioconductor-annotationdbi-1.60.0-r42hdfd78af_0.tar.bz2#c99dc80c410ee2cb813e59eb3c022b00
https://conda.anaconda.org/bioconda/noarch/bioconductor-annotate-1.76.0-r42hdfd78af_0.tar.bz2#c4ff237ef3e3833c2ceabb53978a3850
https://conda.anaconda.org/bioconda/osx-64/bioconductor-genefilter-1.80.0-r42h238a2e4_0.tar.bz2#84837701e4e335f4b868d8ac32df2d26
https://conda.anaconda.org/bioconda/noarch/bioconductor-geneplotter-1.76.0-r42hdfd78af_0.tar.bz2#936274098486d93cdc981f0cfd25aa58
https://conda.anaconda.org/bioconda/osx-64/bioconductor-deseq2-1.38.0-r42hb890f52_0.tar.bz2#b607d382ee280da2b7e0fa3eebf6adcd
