# Generated by conda-lock.
# platform: osx-64
# input_hash: 69ed73b62621e2bc9db4e932361b47c47bf2cafeceeede1d27fd21a1ed1caa88
@EXPLICIT
https://conda.anaconda.org/conda-forge/noarch/_r-mutex-1.0.1-anacondar_1.tar.bz2#19f9db5f4f1b7f5ef5f6d67207f25f38
https://conda.anaconda.org/main/osx-64/blas-1.0-mkl.tar.bz2#e2f3248e2a5009a02f7b8e54f83314ef
https://conda.anaconda.org/main/osx-64/bzip2-1.0.8-h1de35cc_0.tar.bz2#ab3b4e83407001e7f1603ca1fa0f4873
https://conda.anaconda.org/conda-forge/osx-64/c-ares-1.19.1-h0dc2134_0.conda#b3e62631b4e1b9801477523ce1d6f355
https://conda.anaconda.org/main/osx-64/ca-certificates-2023.05.30-hecd8cb5_0.tar.bz2#d5b90359e8d1255a8fdb9b8e224ab661
https://conda.anaconda.org/main/noarch/font-ttf-dejavu-sans-mono-2.37-hd3eb1b0_0.tar.bz2#801b4743a301a4e11cbd9609d418e101
https://conda.anaconda.org/conda-forge/noarch/font-ttf-inconsolata-3.000-h77eed37_0.tar.bz2#34893075a5c9e55cdafac56607368fc6
https://conda.anaconda.org/conda-forge/noarch/font-ttf-source-code-pro-2.038-h77eed37_0.tar.bz2#4d59c254e01d9cde7957100457e2d5fb
https://conda.anaconda.org/main/noarch/font-ttf-ubuntu-0.83-h8b1ccd4_0.tar.bz2#0b017158a7cd7c1683e00b4ae688dce4
https://conda.anaconda.org/main/osx-64/fribidi-1.0.10-haf1e3a3_0.tar.bz2#58df1c8d8878f3fe462eb75826d5fbd7
https://conda.anaconda.org/main/osx-64/giflib-5.2.1-h6c40b1e_3.tar.bz2#e4a732941f74b8062c8bcbfe5c5c2b56
https://conda.anaconda.org/main/osx-64/gsl-2.7.1-hdbe807d_1.tar.bz2#8d10f1c94483a865799b8166386cba71
https://conda.anaconda.org/conda-forge/osx-64/icu-72.1-h7336db1_0.conda#c9689510a50a4bb2ae978421671a125e
https://conda.anaconda.org/main/osx-64/isa-l-2.30.0-h6c40b1e_0.tar.bz2#1dcf82fd6018aeef5d2f5ca351981bdd
https://conda.anaconda.org/main/osx-64/libbrotlicommon-1.0.9-hca72f7f_7.tar.bz2#7dba7aa5b971febb55281659843586ba
https://conda.anaconda.org/conda-forge/osx-64/libcxx-16.0.5-hd57cbcb_0.conda#d34eed0a4fb993f0d934db6394ba23ef
https://conda.anaconda.org/conda-forge/osx-64/libdeflate-1.18-hac1461d_0.conda#3d131584456b277ce0871e6481fde49b
https://conda.anaconda.org/main/osx-64/libev-4.33-h9ed2024_1.tar.bz2#849fdd014c201a9d2c2aa7c7db38a778
https://conda.anaconda.org/conda-forge/osx-64/libexpat-2.5.0-hf0c8a7f_1.conda#6c81cb022780ee33435cca0127dd43c9
https://conda.anaconda.org/main/osx-64/libffi-3.4.4-hecd8cb5_0.tar.bz2#817848d0e2b2808acdc9b3fbbf581726
https://conda.anaconda.org/main/noarch/libgfortran-devel_osx-64-11.3.0-h9dfd629_28.tar.bz2#60b9d857617d2304700e3a6d559032c9
https://conda.anaconda.org/conda-forge/osx-64/libiconv-1.17-hac89ed1_0.tar.bz2#691d103d11180486154af49c037b7ed9
https://conda.anaconda.org/conda-forge/osx-64/libjpeg-turbo-2.1.5.1-hb7f2c08_0.conda#d7309a152b9b79799063b8bb47e34a3a
https://conda.anaconda.org/conda-forge/osx-64/libtool-2.4.7-hf0c8a7f_0.conda#1f87b8f56ae1210c77f6133705ef24af
https://conda.anaconda.org/main/osx-64/libuv-1.44.2-h6c40b1e_0.tar.bz2#67fd80127242ad9ecbe7ae55c0935623
https://conda.anaconda.org/conda-forge/osx-64/libwebp-base-1.3.0-hb7f2c08_0.conda#18981e4c840126d6118d8952485fea51
https://conda.anaconda.org/conda-forge/osx-64/libzlib-1.2.13-h8a1eda9_5.conda#4a3ad23f6e16f99c04e166767193d700
https://conda.anaconda.org/conda-forge/osx-64/llvm-openmp-16.0.6-hff08bdf_0.conda#39a5227d906f75102bf8586741690128
https://conda.anaconda.org/conda-forge/osx-64/make-4.3-h22f3db7_1.tar.bz2#ac4a1dd58e6d821c518ae0011e8592b7
https://conda.anaconda.org/conda-forge/noarch/mscorefonts-0.0.1-3.tar.bz2#1e88c07eb93ef0b423c0acc694adcbef
https://conda.anaconda.org/main/osx-64/ncurses-6.4-hcec6c5f_0.tar.bz2#20344bea303e2aff2796ee9963c12c7d
https://conda.anaconda.org/conda-forge/osx-64/oniguruma-6.9.8-hac89ed1_0.tar.bz2#4b0b9b7334c349f7e9f0827f3f98d8af
https://conda.anaconda.org/main/osx-64/pixman-0.40.0-h9ed2024_1.tar.bz2#ecb58f854cae469740631c23643c9c95
https://conda.anaconda.org/conda-forge/osx-64/pthread-stubs-0.4-hc929b4f_1001.tar.bz2#addd19059de62181cd11ae8f4ef26084
https://conda.anaconda.org/main/noarch/tzdata-2023c-h04d1e81_0.tar.bz2#a815d3bdb160bcc71687f2dda70d3ca4
https://conda.anaconda.org/conda-forge/osx-64/xorg-libxau-1.0.11-h0dc2134_0.conda#9566b4c29274125b0266d0177b5eb97b
https://conda.anaconda.org/conda-forge/osx-64/xorg-libxdmcp-1.1.3-h35c211d_0.tar.bz2#86ac76d6bf1cbb9621943eb3bd9ae36e
https://conda.anaconda.org/main/osx-64/xz-5.4.2-h6c40b1e_0.tar.bz2#e243baa546432c8394a8059a44a5a3e4
https://conda.anaconda.org/main/osx-64/yaml-0.2.5-haf1e3a3_0.tar.bz2#cbfabc8518e50cc4726b86d1d8b6400a
https://conda.anaconda.org/conda-forge/osx-64/expat-2.5.0-hf0c8a7f_1.conda#e12630038077877cbb6c7851e139c17c
https://conda.anaconda.org/bioconda/osx-64/fastp-0.23.4-h5712c04_1.tar.bz2#e76d6cbb4787a58104fd0e9e45dc2e3d
https://conda.anaconda.org/main/noarch/fonts-anaconda-1-h8fa9717_0.tar.bz2#7a445a2d9fbe2a88de8f09e9527f4ce1
https://conda.anaconda.org/conda-forge/osx-64/gettext-0.21.1-h8a4c099_0.tar.bz2#1e3aff29ce703d421c43f371ad676cc5
https://conda.anaconda.org/main/osx-64/gmp-6.2.1-he9d5cce_3.tar.bz2#e0c3ff3de3d5896b080f777be9badbbc
https://conda.anaconda.org/main/osx-64/graphite2-1.3.14-he9d5cce_1.tar.bz2#620cdc76e94f58e22d16e8c9bbbd331d
https://conda.anaconda.org/main/osx-64/intel-openmp-2023.1.0-ha357a0b_43547.tar.bz2#78baea934985ccd9514a366cc7e80ed4
https://conda.anaconda.org/main/osx-64/isl-0.22.1-he9d5cce_3.tar.bz2#cd3138f80d8c0dcfff73e0243764aac5
https://conda.anaconda.org/main/osx-64/jq-1.6-h9ed2024_1000.tar.bz2#4b4edee71ba8608f85b49be8ae580887
https://conda.anaconda.org/conda-forge/osx-64/lerc-4.0.0-hb486fe8_0.tar.bz2#f9d6a4c82889d5ecedec1d90eb673c55
https://conda.anaconda.org/main/osx-64/libbrotlidec-1.0.9-hca72f7f_7.tar.bz2#f78a158983f0bbaba56f34b976bc6dae
https://conda.anaconda.org/main/osx-64/libbrotlienc-1.0.9-hca72f7f_7.tar.bz2#36a1d885725d3ab4d1fadc5a29f978d2
https://conda.anaconda.org/main/osx-64/libedit-3.1.20221030-h6c40b1e_0.tar.bz2#b549aa024097c9f2790ba6eb89bc53fd
https://conda.anaconda.org/conda-forge/osx-64/libgfortran5-12.2.0-he409387_31.conda#5a544130e584b1f204ac896ff071d5b3
https://conda.anaconda.org/conda-forge/osx-64/libsqlite-3.42.0-h58db7d2_0.conda#a7d3b44b7b0c9901ac7813b7a0462893
https://conda.anaconda.org/conda-forge/osx-64/libxcb-1.15-hb7f2c08_0.conda#5513f57e0238c87c12dffedbcc9c1a4a
https://conda.anaconda.org/conda-forge/osx-64/libxml2-2.10.4-h554bb67_0.conda#003fef825b16c26c44d97e115bf8840e
https://conda.anaconda.org/main/osx-64/lz4-c-1.9.4-hcec6c5f_0.tar.bz2#d5f58d056b4bfc67aec30c77035ba889
https://conda.anaconda.org/conda-forge/osx-64/openssl-3.1.1-h8a1eda9_1.conda#c7822d6ee74e34af1fd74365cfd18983
https://conda.anaconda.org/conda-forge/osx-64/pcre2-10.40-h1c4e4bc_0.tar.bz2#e0f80c8f3a0352a54eddfe59cd2b25b1
https://conda.anaconda.org/main/osx-64/readline-8.2-hca72f7f_0.tar.bz2#e8977fc2e69cb52f8dbb1b676d04cc45
https://conda.anaconda.org/main/osx-64/tapi-1100.0.11-h1527ee5_1.tar.bz2#e1196997138701768732ba6cb54227c7
https://conda.anaconda.org/conda-forge/osx-64/tbb-2021.9.0-hb8565cd_0.conda#6aedf8fdcdf5f2d7b4db21853a7d42ed
https://conda.anaconda.org/conda-forge/osx-64/zlib-1.2.13-h8a1eda9_5.conda#75a8a98b1c4671c5d2897975731da42d
https://conda.anaconda.org/main/osx-64/brotli-bin-1.0.9-hca72f7f_7.tar.bz2#caf1073dc2ca5aeb832a2877394eae12
https://conda.anaconda.org/main/noarch/fonts-conda-ecosystem-1-hd3eb1b0_0.tar.bz2#81135874e3942ccc48b79c12ec094849
https://conda.anaconda.org/main/osx-64/gdbm-1.18-hdccc71a_4.tar.bz2#a149a5085504c44be8f6be50d6cbf7bd
https://conda.anaconda.org/main/osx-64/krb5-1.20.1-h2dd1343_0.tar.bz2#b2b460fa5e1b5d4cf02948c85430b367
https://conda.anaconda.org/conda-forge/osx-64/libgfortran-5.0.0-11_3_0_h97931a8_31.conda#97451338600bd9c5b535eb224ef6c471
https://conda.anaconda.org/conda-forge/osx-64/libglib-2.76.3-hc62aa5d_0.conda#3687b3c1d257dec787418281cfc58358
https://conda.anaconda.org/main/osx-64/libllvm14-14.0.6-h91fad77_3.tar.bz2#b5e470c224000a6bda6f655c155b53e7
https://conda.anaconda.org/main/osx-64/libnghttp2-1.52.0-h9beae6a_0.tar.bz2#40b9d74179f49bf69e52ae3c0c660894
https://conda.anaconda.org/main/osx-64/libpng-1.6.39-h6c40b1e_0.tar.bz2#cc2688c4d0b91033ee4d9064bebfcf3d
https://conda.anaconda.org/conda-forge/osx-64/libssh2-1.11.0-hd019ec5_0.conda#ca3a72efba692c59a90d4b9fc0dfe774
https://conda.anaconda.org/conda-forge/osx-64/libxslt-1.1.37-h5d22bc9_0.tar.bz2#532015104e2167790a59430b5e10dd7f
https://conda.anaconda.org/main/osx-64/mkl-2023.1.0-h59209a4_43558.tar.bz2#332f3a628ce64c7bd63aa7bf3820f8db
https://conda.anaconda.org/conda-forge/osx-64/mpfr-4.2.0-h4f9bd69_0.conda#f48a2f4515be334c5cfeed82517b96e0
https://conda.anaconda.org/conda-forge/osx-64/nodejs-16.19.0-hc123b9e_1.conda#1bad614e461cf6137d40a0317250b2a0
https://conda.anaconda.org/conda-forge/osx-64/sigtool-0.1.3-h88f4db0_0.tar.bz2#fbfb84b9de9a6939cb165c02c69b1865
https://conda.anaconda.org/conda-forge/osx-64/sqlite-3.42.0-h2b0dec6_0.conda#6c22b83608a6e3bd324ab29d3092592f
https://conda.anaconda.org/main/osx-64/tk-8.6.12-h5d9f67b_0.tar.bz2#d5b05e38d3bc8fe6d9bcdd91029db1c7
https://conda.anaconda.org/main/osx-64/zstd-1.5.5-hc035e20_0.tar.bz2#f1465fbd810b3746c6de6babfd4fe28a
https://conda.anaconda.org/conda-forge/osx-64/atk-1.0-2.38.0-h1d18e73_1.tar.bz2#5a538295f97a484ee332aacc131718b5
https://conda.anaconda.org/main/osx-64/brotli-1.0.9-hca72f7f_7.tar.bz2#31d6d04cd2388d8f19004501271b3545
https://conda.anaconda.org/conda-forge/osx-64/bwidget-1.9.14-h694c41f_1.tar.bz2#bfebc1f663c38331b8d0dca32a515e95
https://conda.anaconda.org/main/osx-64/freetype-2.12.1-hd8bbffd_0.tar.bz2#9a52880a01116b72d3e7b98d685abf67
https://conda.anaconda.org/conda-forge/osx-64/glib-tools-2.76.3-h7d26f99_0.conda#43d414c01245d3655df3115c078b90d8
https://conda.anaconda.org/conda-forge/osx-64/ld64_osx-64-609-hfd63004_13.conda#58fcda6a84fb42f51c6c2d6d175b435d
https://conda.anaconda.org/conda-forge/osx-64/libblas-3.9.0-1_h508aa58_netlib.tar.bz2#ff35133aba8ee634aff6f059674c3adc
https://conda.anaconda.org/main/osx-64/libclang-cpp14-14.0.6-default_hd95374b_1.tar.bz2#f50c34442bebe94de14c05e82cbf3d1a
https://conda.anaconda.org/conda-forge/osx-64/libcurl-8.1.2-hbee3ae8_0.conda#d51e337da844262f9033c9a26452520f
https://conda.anaconda.org/conda-forge/osx-64/libtiff-4.5.1-hf955e92_0.conda#56523ed556e3a44c0fd55bcf17045892
https://conda.anaconda.org/main/osx-64/llvm-tools-14.0.6-he0576d7_3.tar.bz2#11493eba63bf948a2c9d8c6c24b430c5
https://conda.anaconda.org/conda-forge/osx-64/mpc-1.3.1-h81bd1dd_0.conda#c752c0eb6c250919559172c011e5f65b
https://conda.anaconda.org/main/osx-64/perl-5.34.0-h435f0c2_2.tar.bz2#24969ef7ba7a75bf6f783562c5cd011e
https://conda.anaconda.org/main/osx-64/python-3.10.11-h5ee71fb_3.tar.bz2#2cf808e3a275dd3e93c2e49593eb1830
https://conda.anaconda.org/main/osx-64/tktable-2.10-h1de35cc_0.tar.bz2#38711ae78e8c78aaa729be7f8d234122
https://conda.anaconda.org/conda-forge/noarch/argcomplete-3.1.1-pyhd8ed1ab_0.conda#964bace0c38ce4733851a2a29679e3f9
https://conda.anaconda.org/main/osx-64/boltons-23.0.0-py310hecd8cb5_0.tar.bz2#fec3e41d53e1a9aace3ecdf1cebf4608
https://conda.anaconda.org/conda-forge/osx-64/cctools_osx-64-973.0.1-hcc6d90d_13.conda#76e5fa849e2042cd657d9eec96095680
https://conda.anaconda.org/main/osx-64/certifi-2023.5.7-py310hecd8cb5_0.tar.bz2#200383bbf6bc8fedb10a140dd27ce93e
https://conda.anaconda.org/conda-forge/noarch/charset-normalizer-3.1.0-pyhd8ed1ab_0.conda#7fcff9f6f123696e940bda77bd4d6551
https://conda.anaconda.org/main/osx-64/clang-14-14.0.6-default_hd95374b_1.tar.bz2#357e453005774787f27471632d8d118b
https://conda.anaconda.org/conda-forge/osx-64/curl-8.1.2-hbee3ae8_0.conda#6cc301a6c2ba26e29949818efdc133ca
https://conda.anaconda.org/main/noarch/cycler-0.11.0-pyhd3eb1b0_0.tar.bz2#dfb0ca8055c9a72aaca7b845a6edea17
https://conda.anaconda.org/main/osx-64/cython-0.29.35-py310hcec6c5f_0.tar.bz2#a8a7b562c28b8ba964584b22dcad1c22
https://conda.anaconda.org/conda-forge/noarch/filelock-3.12.2-pyhd8ed1ab_0.conda#53522ec72e6adae42bd373ef58357230
https://conda.anaconda.org/conda-forge/osx-64/fontconfig-2.14.2-h5bb23bf_0.conda#86cc5867dfbee4178118392bae4a3c89
https://conda.anaconda.org/main/osx-64/future-0.18.3-py310hecd8cb5_0.tar.bz2#ff866d814e469b178a449b9bc22ee869
https://conda.anaconda.org/conda-forge/osx-64/gdk-pixbuf-2.42.10-hff535ac_2.conda#405b15593c08effacec24b6c0bf74f21
https://conda.anaconda.org/main/osx-64/gfortran_impl_osx-64-11.3.0-h29cdc64_28.tar.bz2#95a7c8f319f1d80b17f2df858804531a
https://conda.anaconda.org/conda-forge/osx-64/glib-2.76.3-h7d26f99_0.conda#a062952a59c0a26adb18899ac6472a7e
https://conda.anaconda.org/main/osx-64/humanfriendly-10.0-py310hecd8cb5_1.tar.bz2#cf934ee06ef7cd6a59630ba185db36d6
https://conda.anaconda.org/main/osx-64/idna-3.4-py310hecd8cb5_0.tar.bz2#b9a7575212d1d752f9a9b917ba5c6685
https://conda.anaconda.org/main/noarch/jsonpointer-2.1-pyhd3eb1b0_0.tar.bz2#f4129d80d8832a5520403970ca2a1103
https://conda.anaconda.org/main/osx-64/kiwisolver-1.4.4-py310hcec6c5f_0.tar.bz2#f4ed6fff2814558c3b717017465d8e2a
https://conda.anaconda.org/conda-forge/osx-64/lcms2-2.15-h2dcdeff_1.conda#f1df9b0c2d9fbe985e62f4b24773a9e4
https://conda.anaconda.org/conda-forge/osx-64/ld64-609-hc6ad406_13.conda#5d7676eee44dfa3e48bf21700e044aa9
https://conda.anaconda.org/conda-forge/osx-64/liblapack-3.9.0-5_h0661a58_netlib.tar.bz2#9772e2078c8a7fc1bb11ffc49f1fbca2
https://conda.anaconda.org/conda-forge/osx-64/libwebp-1.3.0-ha9aa8fa_0.conda#da767942db1b11e8139a5a2ab9afc989
https://conda.anaconda.org/main/osx-64/lxml-4.9.2-py310h6c40b1e_0.tar.bz2#f324defa113bec6493c85dc237da0cf8
https://conda.anaconda.org/conda-forge/noarch/mistune-2.0.5-pyhd8ed1ab_0.conda#61a07195cfc935f1c1901d8ecf4af441
https://conda.anaconda.org/main/osx-64/mkl-service-2.4.0-py310h6c40b1e_1.tar.bz2#195f192460854e93de48e9680245b77e
https://conda.anaconda.org/main/noarch/munkres-1.1.4-py_0.tar.bz2#67857cc5e9044770d2b15f9d94a4521d
https://conda.anaconda.org/conda-forge/noarch/mypy_extensions-1.0.0-pyha770c72_0.conda#4eccaeba205f0aed9ac3a9ea58568ca3
https://conda.anaconda.org/conda-forge/noarch/networkx-3.1-pyhd8ed1ab_0.conda#254f787d5068bc89f578bf63893ce8b4
https://conda.anaconda.org/conda-forge/osx-64/openjpeg-2.5.0-h13ac156_2.conda#299a29af9ac9f550ad459d655739280b
https://conda.anaconda.org/conda-forge/noarch/packaging-23.1-pyhd8ed1ab_0.conda#91cda59e66e1e4afe9476f8ef98f5c30
https://conda.anaconda.org/conda-forge/noarch/pathspec-0.11.1-pyhd8ed1ab_0.conda#dbb80d1e8dc2dba5c8b106dc0768ad45
https://conda.anaconda.org/main/osx-64/pluggy-1.0.0-py310hecd8cb5_1.tar.bz2#469a732ee8970e3bac5a4d0da663e8f9
https://conda.anaconda.org/main/osx-64/pycosat-0.6.4-py310hca72f7f_0.tar.bz2#7f27a0f4e7c32b060fb7f40bfc1af405
https://conda.anaconda.org/main/noarch/pycparser-2.21-pyhd3eb1b0_0.tar.bz2#e70944ff53d19af4f65073a4f21c7b05
https://conda.anaconda.org/main/osx-64/pyparsing-3.0.9-py310hecd8cb5_0.tar.bz2#47485dc392cbae53021ae382b8dc08ae
https://conda.anaconda.org/main/osx-64/pysocks-1.7.1-py310hecd8cb5_0.tar.bz2#8b1372e62747adb48891711705ecf67c
https://conda.anaconda.org/conda-forge/noarch/python-tzdata-2023.3-pyhd8ed1ab_0.conda#2590495f608a63625e165915fb4e2e34
https://conda.anaconda.org/conda-forge/osx-64/python_abi-3.10-2_cp310.tar.bz2#502ca4a8b43b424316f380d864832877
https://conda.anaconda.org/conda-forge/noarch/pytz-2023.3-pyhd8ed1ab_0.conda#d3076b483092a435832603243567bc31
https://conda.anaconda.org/main/osx-64/pyyaml-6.0-py310h6c40b1e_1.tar.bz2#d0a9b39e4393d770b7d370cb6f09056e
https://conda.anaconda.org/main/osx-64/repoze.lru-0.7-py310hecd8cb5_0.tar.bz2#901b33691d023468356b1ac0fd24f9c0
https://conda.anaconda.org/main/osx-64/setuptools-67.8.0-py310hecd8cb5_0.tar.bz2#1945d8ca1ce5d8ee7cb8ee0cf76ceab9
https://conda.anaconda.org/bioconda/noarch/shellescape-3.4.1-py_1.tar.bz2#fe54078488e8cb18154999306fa28742
https://conda.anaconda.org/main/noarch/six-1.16.0-pyhd3eb1b0_1.tar.bz2#0a3ab834ba49016e183e715bff48a2b6
https://conda.anaconda.org/main/noarch/sortedcontainers-2.4.0-pyhd3eb1b0_0.tar.bz2#4cad993b0f80bc23fb66a97592299cbb
https://conda.anaconda.org/main/noarch/toml-0.10.2-pyhd3eb1b0_0.tar.bz2#c879bdd2c6714030b3b0f7aea4e84f0d
https://conda.anaconda.org/main/osx-64/tomli-2.0.1-py310hecd8cb5_0.tar.bz2#f6deefbee1ee7036626fc1157dd6876e
https://conda.anaconda.org/conda-forge/noarch/tomlkit-0.11.8-pyha770c72_0.conda#75838e8556166263a82038b51d01d5f1
https://conda.anaconda.org/main/osx-64/toolz-0.12.0-py310hecd8cb5_0.tar.bz2#1631da9c8a71594c1426ad0a4abcc728
https://conda.anaconda.org/main/osx-64/tqdm-4.65.0-py310h20db666_0.tar.bz2#76f0e82559e0d2cb25cd00721d0ec899
https://conda.anaconda.org/main/osx-64/typing_extensions-4.6.3-py310hecd8cb5_0.tar.bz2#4a89c282244ad63d906ef075d6f26cb5
https://conda.anaconda.org/main/osx-64/unicodedata2-15.0.0-py310h6c40b1e_0.tar.bz2#50d7c5f29ea7261d8c56d8949635f4a9
https://conda.anaconda.org/main/osx-64/webencodings-0.5.1-py310hecd8cb5_1.tar.bz2#7502e3b07c9f996017a9171d056b3865
https://conda.anaconda.org/conda-forge/noarch/wheel-0.40.0-pyhd8ed1ab_0.conda#49bb0d9e60ce1db25e151780331bb5f3
https://conda.anaconda.org/main/noarch/whoosh-2.7.4-pyhd3eb1b0_1.tar.bz2#bab5e839f3f12a08e124bce425401a19
https://conda.anaconda.org/conda-forge/noarch/xmltodict-0.13.0-pyhd8ed1ab_0.tar.bz2#b5b33faed6ed2b4ba47a690b8f5c0818
https://conda.anaconda.org/conda-forge/noarch/zipp-3.15.0-pyhd8ed1ab_0.conda#13018819ca8f5b7cc675a8faf1f5fedf
https://conda.anaconda.org/conda-forge/noarch/zipstream-new-1.1.8-pyhd8ed1ab_0.tar.bz2#c9684165242c51d36acb49e0df4d9390
https://conda.anaconda.org/conda-forge/noarch/bleach-6.0.0-pyhd8ed1ab_0.conda#d48b143d01385872a88ef8417e96c30e
https://conda.anaconda.org/bioconda/osx-64/bowtie-1.3.1-py310h30d4ff4_6.tar.bz2#fb3f249e82873399c415724e28d03197
https://conda.anaconda.org/main/osx-64/cairo-1.16.0-h3ce6f7e_3.tar.bz2#4ce65d85aed58a02f46c06b971679d3e
https://conda.anaconda.org/conda-forge/osx-64/cctools-973.0.1-h76f1dac_13.conda#802cae917abdc5a7cdfa699ff02da42d
https://conda.anaconda.org/main/osx-64/cffi-1.15.1-py310h6c40b1e_3.tar.bz2#ea3b438028199e3d6bd7ae93786d2834
https://conda.anaconda.org/conda-forge/osx-64/cheetah3-3.2.6.post2-py310h90acd4f_3.tar.bz2#e5481c049cbd2be93e0a158d680efe8b
https://conda.anaconda.org/main/osx-64/clang-14.0.6-hecd8cb5_1.tar.bz2#e3645b81a12b9ffb55c86fd8cb52b740
https://conda.anaconda.org/conda-forge/osx-64/click-8.1.3-py310h2ec42d9_1.tar.bz2#a8091c28b6bf9ef06dcf6a33fc68af14
https://conda.anaconda.org/main/osx-64/coloredlogs-15.0.1-py310hecd8cb5_1.tar.bz2#52c975a48ae982f41ce2eb6dd8f38b6a
https://conda.anaconda.org/conda-forge/osx-64/docutils-0.20.1-py310h2ec42d9_0.conda#8a265c138482db77a8d4b257fb6793a0
https://conda.anaconda.org/conda-forge/osx-64/fonttools-4.40.0-py310h6729b98_0.conda#15dcc729f2102b4b64e0e6f53f2fb377
https://conda.anaconda.org/main/osx-64/gts-0.7.6-h6759243_3.tar.bz2#ab667044e8133d96e27ff4689dcb86f3
https://conda.anaconda.org/conda-forge/noarch/importlib-metadata-6.6.0-pyha770c72_0.conda#f91a5d5175fb7ff2a91952ec7da59cb9
https://conda.anaconda.org/conda-forge/noarch/importlib_resources-5.12.0-pyhd8ed1ab_0.conda#e5fd2260a231ee63b6969f4801082f2b
https://conda.anaconda.org/conda-forge/noarch/isodate-0.6.1-pyhd8ed1ab_0.tar.bz2#4a62c93c1b5c0b920508ae3fd285eaf5
https://conda.anaconda.org/main/noarch/jsonpatch-1.32-pyhd3eb1b0_0.tar.bz2#933be63c7b1aba7b9990f42ada8bc833
https://conda.anaconda.org/conda-forge/osx-64/libgd-2.3.3-h3d994df_6.conda#9aaabf57991a8839e63df1ea31142218
https://conda.anaconda.org/conda-forge/osx-64/markupsafe-2.1.3-py310h6729b98_0.conda#b23ce1495527802905791489c3b1f129
https://conda.anaconda.org/conda-forge/osx-64/msgpack-python-1.0.5-py310ha23aa8a_0.conda#eaca50d68ad312e2930b2f9eca8756ef
https://conda.anaconda.org/main/osx-64/numpy-base-1.24.3-py310ha186be2_1.tar.bz2#c22a492dd6f7ba250becd40b149bcfb8
https://conda.anaconda.org/conda-forge/osx-64/pillow-9.5.0-py310hd63a8c7_1.conda#232305e60a0619ecab517742a3ce46b1
https://conda.anaconda.org/main/osx-64/pip-23.1.2-py310hecd8cb5_0.tar.bz2#b4e5dfe4057586a8afb7036509b4bcdd
https://conda.anaconda.org/conda-forge/osx-64/psutil-5.9.5-py310h90acd4f_0.conda#1111504c53989e065a98171156fc376a
https://conda.anaconda.org/conda-forge/osx-64/pycryptodome-3.18.0-py310h7e2be6d_0.conda#9ecf049c12af8efa0df25264094c02a1
https://conda.anaconda.org/bioconda/osx-64/pysam-0.21.0-py310h2f18660_1.tar.bz2#a20380a86254732a8e2815e2e72fb148
https://conda.anaconda.org/main/noarch/python-dateutil-2.8.2-pyhd3eb1b0_0.tar.bz2#2eb923cc014094f4acf7f849d67d73f8
https://conda.anaconda.org/main/osx-64/routes-2.5.1-py310hecd8cb5_0.tar.bz2#1b5c5ed41606ff69b45df5191a0bd9b5
https://conda.anaconda.org/conda-forge/osx-64/ruamel.yaml.clib-0.2.7-py310h90acd4f_1.conda#d27546735a054dd67e626b17ff07c089
https://conda.anaconda.org/conda-forge/osx-64/tornado-6.3.2-py310h6729b98_0.conda#369ce2c5cd18205e4917f515b4052376
https://conda.anaconda.org/main/osx-64/typing-extensions-4.6.3-py310hecd8cb5_0.tar.bz2#fc7ab8a71588d4c064fac6d64a7de4ea
https://conda.anaconda.org/conda-forge/noarch/yq-3.2.2-pyhd8ed1ab_0.conda#e028c252352d88b554214cbe1cff9f7a
https://conda.anaconda.org/main/osx-64/brotlipy-0.7.0-py310hca72f7f_1002.tar.bz2#74c06782af0dd75df79b57eec5f1eb7e
https://conda.anaconda.org/main/osx-64/clangxx-14.0.6-default_hd95374b_1.tar.bz2#3da308c2046918d0cdf606d197f2eefc
https://conda.anaconda.org/conda-forge/osx-64/cryptography-41.0.1-py310ha1817de_0.conda#f66541237ec50c9d89228ded177b8d65
https://conda.anaconda.org/conda-forge/osx-64/harfbuzz-7.3.0-h413ba03_0.conda#52a090078d890befdd4865270d1164ec
https://conda.anaconda.org/conda-forge/noarch/platformdirs-3.5.3-pyhd8ed1ab_0.conda#c085a16ba3d0c9ee282c438308b57724
https://conda.anaconda.org/conda-forge/osx-64/pydantic-1.10.9-py310h6729b98_0.conda#c60221557cbddbfa647581d65ec3ba74
https://conda.anaconda.org/conda-forge/noarch/rdflib-6.3.2-pyhd8ed1ab_0.conda#ef37f754e65328229ecf4488b5909b8d
https://conda.anaconda.org/main/osx-64/ruamel.yaml-0.17.21-py310hca72f7f_0.tar.bz2#e0d31fab9ce876aa10029f1306b2b841
https://conda.anaconda.org/main/osx-64/zstandard-0.19.0-py310h6c40b1e_0.tar.bz2#9b87d11d81ea6d9aed8fba5255dee7aa
https://conda.anaconda.org/main/osx-64/black-23.3.0-py310hecd8cb5_0.tar.bz2#82d2ce51003044ec4b31ee64aa3de14b
https://conda.anaconda.org/main/osx-64/compiler-rt_osx-64-14.0.6-h8d5cb93_0.tar.bz2#9f7363eddde408eca806467e09664bd8
https://conda.anaconda.org/main/osx-64/conda-package-streaming-0.8.0-py310hecd8cb5_0.tar.bz2#fbfa096013585f85b853d263559aab30
https://conda.anaconda.org/conda-forge/noarch/cwlformat-2022.02.18-pyhd8ed1ab_0.tar.bz2#f071cac5c531575e0b0dcaee3661fef7
https://conda.anaconda.org/conda-forge/osx-64/pango-1.50.14-hbce5e75_1.conda#32514c385f1a25896c5106aa99fc8a3e
https://conda.anaconda.org/conda-forge/noarch/pyopenssl-23.2.0-pyhd8ed1ab_1.conda#34f7d568bf59d18e3fef8c405cbece21
https://conda.anaconda.org/main/osx-64/compiler-rt-14.0.6-hda8b6b8_0.tar.bz2#afb8aa029443d600be3ca57fa0ffdbee
https://conda.anaconda.org/main/osx-64/conda-package-handling-2.1.0-py310hecd8cb5_0.tar.bz2#7c0c632cb631cd34804cac06f0779d37
https://conda.anaconda.org/main/osx-64/gtk2-2.24.33-h4d89f74_2.tar.bz2#965c768ed91ba68098897eee9f7115ba
https://conda.anaconda.org/conda-forge/osx-64/librsvg-2.56.0-h123f2dd_0.conda#d9f80a2642763dc9762bcfce5ffe355f
https://conda.anaconda.org/conda-forge/noarch/urllib3-1.26.15-pyhd8ed1ab_0.conda#27db656619a55d727eaf5a6ece3d2fd6
https://conda.anaconda.org/main/osx-64/clang_osx-64-14.0.6-hb1e4b1b_0.tar.bz2#c9321c5a90942a5999f4c85e66692d83
https://conda.anaconda.org/conda-forge/osx-64/graphviz-8.0.5-hc7f41f9_0.conda#93ed159bc8fae9c9a483443f7ec76129
https://conda.anaconda.org/conda-forge/noarch/requests-2.31.0-pyhd8ed1ab_0.conda#a30144e4156cdbb236f99ebb49828f8b
https://conda.anaconda.org/conda-forge/osx-64/c-compiler-1.5.2-hbf74d83_0.conda#c1413ef5a20d658923e12dd3b566d8f3
https://conda.anaconda.org/conda-forge/noarch/cachecontrol-0.13.0-pyhd8ed1ab_0.conda#9f0b2eb5f5dd2cec36d5342a80adfec0
https://conda.anaconda.org/main/osx-64/clangxx_osx-64-14.0.6-hd8b9576_0.tar.bz2#8afe8337d03ccb94e6060c6d0248cfa2
https://conda.anaconda.org/main/osx-64/conda-23.5.0-py310hecd8cb5_0.tar.bz2#06dba6f08c73f1d000f2f165e5cffce0
https://conda.anaconda.org/conda-forge/noarch/galaxy-util-22.1.1-pyhd8ed1ab_0.tar.bz2#8a6d099ca1bb78a14141d132947a2f70
https://conda.anaconda.org/main/osx-64/gfortran_osx-64-11.3.0-h96634ac_0.tar.bz2#15b706365cad9247f6a04ccd72b77a41
https://conda.anaconda.org/conda-forge/osx-64/pydot-1.4.2-py310h2ec42d9_3.tar.bz2#70b74c0b2233a61842bae7e309c4a503
https://conda.anaconda.org/main/noarch/pydotplus-2.0.2-py_3.tar.bz2#cfb123d1e6b3375ae2acab4c290390ae
https://conda.anaconda.org/conda-forge/osx-64/cxx-compiler-1.5.2-hb8565cd_0.conda#349ae14723b98f76ea0fcb8e532b2ead
https://conda.anaconda.org/conda-forge/noarch/galaxy-containers-22.1.1-pyhd8ed1ab_0.tar.bz2#f31587a27d77a1d9e3e0f02abf231ef0
https://conda.anaconda.org/conda-forge/noarch/prov-1.5.1-py_1.tar.bz2#66e578dc9f4bfe65728ad547a81cd6dd
https://conda.anaconda.org/conda-forge/osx-64/r-base-4.2.3-h29e1f52_2.conda#1978557aede6bfb9318f51009b6b3b1e
https://conda.anaconda.org/conda-forge/osx-64/schema-salad-8.4.20230606143604-py310h6729b98_0.conda#64d779ee6d795b7a4a058c8d686bc342
https://conda.anaconda.org/bioconda/noarch/bioconductor-biocgenerics-0.44.0-r42hdfd78af_0.tar.bz2#ad7705e81b15e89b8aac79e3c7e0c596
https://conda.anaconda.org/bioconda/noarch/bioconductor-data-packages-20230420-hdfd78af_0.tar.bz2#1ff71c9ad48852a18f5e7847a81bdb15
https://conda.anaconda.org/bioconda/osx-64/bioconductor-zlibbioc-1.44.0-r42h4c50009_2.tar.bz2#7ab094f61e4913acd3c2c7025348d8ae
https://conda.anaconda.org/conda-forge/noarch/cwl-upgrader-1.2.8-pyhd8ed1ab_0.conda#93246414c802754eb6b223748d5e5854
https://conda.anaconda.org/conda-forge/noarch/galaxy-tool-util-22.1.5-pyhd8ed1ab_0.tar.bz2#01e03f88ef58292e3faa017714bb015f
https://conda.anaconda.org/conda-forge/noarch/r-bh-1.81.0_1-r42hc72bb7e_1.conda#ec9828d673ae0ee92202c8be910dca74
https://conda.anaconda.org/conda-forge/osx-64/r-bit-4.0.5-r42h6dc245f_1.conda#31b6934d019a5f467f7b1719be9b8d3f
https://conda.anaconda.org/conda-forge/osx-64/r-bitops-1.0_7-r42h6dc245f_2.conda#6ede1c4ac38c0e3377fec414bbab158b
https://conda.anaconda.org/conda-forge/osx-64/r-cli-3.6.1-r42hac7d2d5_1.conda#1cd723730fbe6a22fe7482e937bc6f95
https://conda.anaconda.org/conda-forge/noarch/r-codetools-0.2_19-r42hc72bb7e_1.conda#ab3b9c9eaa1aeba869350405541a28ab
https://conda.anaconda.org/conda-forge/osx-64/r-colorspace-2.1_0-r42h6dc245f_1.conda#92fa612a4593d6301d6062488c07180d
https://conda.anaconda.org/conda-forge/noarch/r-cpp11-0.4.3-r42hc72bb7e_1.conda#f65a3195c5208829bcab099e57f4572a
https://conda.anaconda.org/conda-forge/noarch/r-crayon-1.5.2-r42hc72bb7e_2.conda#0d77b1723809ebf4c38d2e9efd952904
https://conda.anaconda.org/conda-forge/osx-64/r-curl-5.0.0-r42h0100ac3_1.conda#b3b2cc23fae9087dd6ffa4704911f1de
https://conda.anaconda.org/conda-forge/noarch/r-dbi-1.1.3-r42hc72bb7e_2.conda#410bbdb9fa78738f3e1df38310414ebc
https://conda.anaconda.org/conda-forge/osx-64/r-fansi-1.0.4-r42h6dc245f_1.conda#1d537cdda25597415cd2b947a819f64f
https://conda.anaconda.org/conda-forge/osx-64/r-farver-2.1.1-r42hac7d2d5_2.conda#39506ccf41f39d1f473f1560dcf10733
https://conda.anaconda.org/conda-forge/osx-64/r-fastmap-1.1.1-r42hac7d2d5_1.conda#d9c3835c762c53a64cdb4ce2ac8b7456
https://conda.anaconda.org/conda-forge/noarch/r-formatr-1.14-r42hc72bb7e_1.conda#5f3a9262f18e0eb806d688f110938ca9
https://conda.anaconda.org/conda-forge/noarch/r-futile.options-1.0.1-r42hc72bb7e_1004.conda#7c630b9ab8098aa41937b5e061d7ae35
https://conda.anaconda.org/conda-forge/osx-64/r-glue-1.6.2-r42h6dc245f_2.conda#f2749de6e49deb5a79c97646779d7694
https://conda.anaconda.org/conda-forge/osx-64/r-isoband-0.2.7-r42hac7d2d5_2.conda#f44c51e2d368128d475dd23b51690750
https://conda.anaconda.org/conda-forge/osx-64/r-jsonlite-1.8.5-r42h6dc245f_1.conda#fcd2774f75bfbdfec0b064a3a7920e65
https://conda.anaconda.org/conda-forge/noarch/r-labeling-0.4.2-r42hc72bb7e_3.conda#04494692df959c3d41fa3a79ff619200
https://conda.anaconda.org/conda-forge/osx-64/r-lattice-0.21_8-r42h6dc245f_1.conda#dd831096cb3dc56f7bf5bb5a5df47cdb
https://conda.anaconda.org/conda-forge/osx-64/r-magrittr-2.0.3-r42h6dc245f_2.conda#d38d6d1199608fe32aba6b6e934dee44
https://conda.anaconda.org/conda-forge/osx-64/r-mass-7.3_60-r42h6dc245f_1.conda#5ad39862c40dc34fa52f9dc666d3f56c
https://conda.anaconda.org/conda-forge/osx-64/r-matrixstats-1.0.0-r42h6dc245f_1.conda#f0a3cc22ffb59d8be60c8d9c79c68482
https://conda.anaconda.org/conda-forge/osx-64/r-mime-0.12-r42h6dc245f_2.conda#e33d4e5d4c2c120b5572a84ce27c23dd
https://conda.anaconda.org/conda-forge/noarch/r-pkgconfig-2.0.3-r42hc72bb7e_3.conda#469b66f84a5d234689b423c9821b188c
https://conda.anaconda.org/conda-forge/noarch/r-plogr-0.2.0-r42hc72bb7e_1005.conda#a5e3af4a9dd9498cbbaac8ce73cdc877
https://conda.anaconda.org/conda-forge/osx-64/r-png-0.1_8-r42h9ae9e50_1.conda#8371d40a432155d95d0caefcf6972bad
https://conda.anaconda.org/conda-forge/noarch/r-r6-2.5.1-r42hc72bb7e_2.conda#1473a12b55128f8ac776ae5595a4d0cb
https://conda.anaconda.org/conda-forge/noarch/r-rcolorbrewer-1.1_3-r42h785f33e_2.conda#b7b475c73493f70cbbb9d7213b94aed1
https://conda.anaconda.org/conda-forge/osx-64/r-rcpp-1.0.10-r42hac7d2d5_1.conda#07098696260d14d09f5904c5f5f3ef10
https://conda.anaconda.org/conda-forge/osx-64/r-rlang-1.1.1-r42hac7d2d5_1.conda#bbae46ca0ab5d8f1c168e2a785e4ba31
https://conda.anaconda.org/conda-forge/noarch/r-snow-0.4_4-r42hc72bb7e_2.conda#97cc50b630391cbc89ea70425ebb6ade
https://conda.anaconda.org/conda-forge/osx-64/r-sys-3.4.2-r42h6dc245f_1.conda#9d7f81ed89979fde9b8fca215d9c62d3
https://conda.anaconda.org/conda-forge/osx-64/r-utf8-1.2.3-r42h6dc245f_1.conda#401376243f12f0804d2d7a5267bb4384
https://conda.anaconda.org/conda-forge/noarch/r-viridislite-0.4.2-r42hc72bb7e_1.conda#e7a6483f639fb958747100bd17550ed6
https://conda.anaconda.org/conda-forge/noarch/r-withr-2.5.0-r42hc72bb7e_2.conda#360cdf13d5885470714618d851c3e419
https://conda.anaconda.org/conda-forge/osx-64/r-xml-3.99_0.14-r42h67ce8dc_0.conda#1bcfec9f43fd535f728832dc6099f746
https://conda.anaconda.org/conda-forge/noarch/r-xtable-1.8_4-r42hc72bb7e_5.conda#07daad79fd80a6a8483dc4a6a2f9479e
https://conda.anaconda.org/bioconda/osx-64/bioconductor-biobase-2.58.0-r42h4c50009_1.tar.bz2#0ec3acd3ced3927aacaaa51f3798329c
https://conda.anaconda.org/bioconda/noarch/bioconductor-genomeinfodbdata-1.2.9-r42hdfd78af_0.tar.bz2#4af93b040f3a44af5804ab44066ee7cd
https://conda.anaconda.org/bioconda/noarch/bioconductor-matrixgenerics-1.10.0-r42hdfd78af_0.tar.bz2#5ef80e5c26d03a75d62e2ee02054e665
https://conda.anaconda.org/bioconda/osx-64/bioconductor-s4vectors-0.36.0-r42h4c50009_1.tar.bz2#da77b3bdd6b896af26b0ed2bc9170dce
https://conda.anaconda.org/conda-forge/noarch/cwl-utils-0.28-pyh1d7be83_0.conda#981185bf935be5eb26509270c9e28465
https://conda.anaconda.org/conda-forge/osx-64/r-askpass-1.1-r42h6dc245f_4.conda#e4f28bb2403aa462908365064d3df694
https://conda.anaconda.org/conda-forge/osx-64/r-bit64-4.0.5-r42h6dc245f_2.conda#1b9c8f4bb1064ec3a6685ada66db0a84
https://conda.anaconda.org/conda-forge/osx-64/r-cachem-1.0.8-r42h6dc245f_1.conda#c7d305d55563539e07c67a3eb6d4b48d
https://conda.anaconda.org/conda-forge/osx-64/r-ellipsis-0.3.2-r42h6dc245f_2.conda#8befd760c6fba3b40f90b297245ec0b8
https://conda.anaconda.org/conda-forge/noarch/r-lambda.r-1.2.4-r42hc72bb7e_3.conda#cec65435c9d1160da986502241f119c5
https://conda.anaconda.org/conda-forge/noarch/r-lifecycle-1.0.3-r42hc72bb7e_2.conda#5954d7c19693dcc1de33547350fcd296
https://conda.anaconda.org/conda-forge/osx-64/r-locfit-1.5_9.8-r42h6dc245f_1.conda#b23b5cb703339642524cb92cc305e099
https://conda.anaconda.org/conda-forge/osx-64/r-matrix-1.5_4.1-r42hc46c21c_1.conda#24167035640ad97ad6bb7c042765a82c
https://conda.anaconda.org/conda-forge/noarch/r-munsell-0.5.0-r42hc72bb7e_1006.conda#38eb6efc7fa1804565e82f6808fb95c7
https://conda.anaconda.org/conda-forge/osx-64/r-nlme-3.1_162-r42hfe07776_1.conda#ce1336cb8fcee5a4e7176149a570a727
https://conda.anaconda.org/conda-forge/osx-64/r-rcpparmadillo-0.12.4.0.0-r42he9b8800_1.conda#63f7cea72c734d7d981180d29913e3a4
https://conda.anaconda.org/conda-forge/osx-64/r-rcurl-1.98_1.12-r42h0100ac3_2.conda#bb308067584b4f6548b4cdacfc29d0b9
https://conda.anaconda.org/bioconda/osx-64/bioconductor-iranges-2.32.0-r42h4c50009_1.tar.bz2#834a29afb3161141aab8c43ea9359982
https://conda.anaconda.org/conda-forge/osx-64/cwltool-3.1.20230601100705-py310h66fa038_0.conda#6938d53cfe8a682f201d501153b9749f
https://conda.anaconda.org/conda-forge/noarch/r-futile.logger-1.4.3-r42hc72bb7e_1005.conda#fdc799d2053fc494c4a234698c349326
https://conda.anaconda.org/conda-forge/noarch/r-gtable-0.3.3-r42hc72bb7e_1.conda#e5d3080282242379b84cf89301f9f66d
https://conda.anaconda.org/conda-forge/noarch/r-memoise-2.0.1-r42hc72bb7e_2.conda#b463525f1d20873104e8d738c8e28b5e
https://conda.anaconda.org/conda-forge/osx-64/r-mgcv-1.8_42-r42h9c380c6_1.conda#c210c7c8c24ccab826c2923dacd66399
https://conda.anaconda.org/conda-forge/osx-64/r-openssl-2.0.6-r42hc61a7e2_1.conda#8a77762c2167b43fe5c287b51d5e5b67
https://conda.anaconda.org/conda-forge/noarch/r-scales-1.2.1-r42hc72bb7e_2.conda#97a8135c449118bbb0bf059ae09383c9
https://conda.anaconda.org/conda-forge/osx-64/r-survival-3.5_5-r42h6dc245f_1.conda#805a2908243a8dfba24986edf983cb92
https://conda.anaconda.org/conda-forge/osx-64/r-vctrs-0.6.3-r42hac7d2d5_0.conda#3898592ee1238a32a7b1f70ec74dd54e
https://conda.anaconda.org/bioconda/osx-64/bioconductor-biocparallel-1.32.5-r42hc0ef7c4_1.tar.bz2#e85ae00326200c84345f46834bb7f9ff
https://conda.anaconda.org/bioconda/osx-64/bioconductor-delayedarray-0.24.0-r42h4c50009_1.tar.bz2#18848b1f050f08c77de02d803b6429a8
https://conda.anaconda.org/bioconda/noarch/bioconductor-genomeinfodb-1.34.9-r42hdfd78af_0.tar.bz2#10961a4cf078c3e368caa1465a45feca
https://conda.anaconda.org/bioconda/osx-64/bioconductor-xvector-0.38.0-r42h4c50009_1.tar.bz2#f19b7d05cc74a33a1091363c3b23e984
https://conda.anaconda.org/conda-forge/noarch/r-blob-1.2.4-r42hc72bb7e_1.conda#3c6f866c45c42158ff15bd8237aa68d1
https://conda.anaconda.org/conda-forge/noarch/r-httr-1.4.6-r42hc72bb7e_1.conda#e58e9f7048d2c29215d357cfbc9afa57
https://conda.anaconda.org/conda-forge/noarch/r-pillar-1.9.0-r42hc72bb7e_1.conda#07d5ce8e710897745f14c951ff947cdd
https://conda.anaconda.org/bioconda/osx-64/bioconductor-biostrings-2.66.0-r42h4c50009_1.tar.bz2#8dfe4add1aac17a62f3f92bb3fface86
https://conda.anaconda.org/bioconda/osx-64/bioconductor-genomicranges-1.50.0-r42h4c50009_1.tar.bz2#15bf16cec261eb86f830b7dff2105ecb
https://conda.anaconda.org/conda-forge/osx-64/r-rsqlite-2.3.1-r42hac7d2d5_1.conda#7b798ca87401fd575c88121d48d47ea9
https://conda.anaconda.org/conda-forge/osx-64/r-tibble-3.2.1-r42h6dc245f_2.conda#618b77101dcc7005eadfcbb29e6bf6d5
https://conda.anaconda.org/bioconda/noarch/bioconductor-keggrest-1.38.0-r42hdfd78af_0.tar.bz2#0bfca4c24d7e3d77fd0c425343dab7fe
https://conda.anaconda.org/bioconda/noarch/bioconductor-summarizedexperiment-1.28.0-r42hdfd78af_0.tar.bz2#3bfc1739950dd7f3f57b35c5ff6d59e7
https://conda.anaconda.org/conda-forge/noarch/r-ggplot2-3.4.2-r42hc72bb7e_1.conda#e40f0f59e15c5e65ffc46d385778fc51
https://conda.anaconda.org/bioconda/noarch/bioconductor-annotationdbi-1.60.0-r42hdfd78af_0.tar.bz2#c99dc80c410ee2cb813e59eb3c022b00
https://conda.anaconda.org/bioconda/noarch/bioconductor-annotate-1.76.0-r42hdfd78af_0.tar.bz2#c4ff237ef3e3833c2ceabb53978a3850
https://conda.anaconda.org/bioconda/osx-64/bioconductor-genefilter-1.80.0-r42hae0947f_1.tar.bz2#f29539d0411063d8bcf2e1abce9b158a
https://conda.anaconda.org/bioconda/noarch/bioconductor-geneplotter-1.76.0-r42hdfd78af_0.tar.bz2#936274098486d93cdc981f0cfd25aa58
https://conda.anaconda.org/bioconda/osx-64/bioconductor-deseq2-1.38.0-r42hc0ef7c4_1.tar.bz2#6301a3d04ba507325fe7261aa0e5bf89
https://conda.anaconda.org/conda-forge/osx-64/contourpy-1.1.0-py310h88cfcbd_0.conda#0cfd4a8d0f1d785675d5e41e17c8b122
https://conda.anaconda.org/conda-forge/osx-64/matplotlib-3.7.1-py310h2ec42d9_0.conda#958029c1236746d27149fca648c41cab
https://conda.anaconda.org/main/osx-64/matplotlib-base-3.7.1-py310ha533b9c_1.tar.bz2#7ffa357f191641321c69f6a357074f4a
https://conda.anaconda.org/bioconda/osx-64/htseq-2.0.3-py310hf0e8b49_1.tar.bz2#0e36f15c51efc230b4b8c1a8657e6ba7
https://conda.anaconda.org/main/osx-64/mkl_fft-1.3.6-py310h3ea8b11_1.tar.bz2#25bbe74bc680a2663da51ab84c57f943
https://conda.anaconda.org/main/osx-64/mkl_random-1.2.2-py310h3ea8b11_1.tar.bz2#07c7baaf45d95939cb2a3fd031c29631
https://conda.anaconda.org/main/osx-64/numpy-1.24.3-py310h827a554_1.tar.bz2#41e671c0c0165aaa3ac5bf783d8f0495
https://conda.anaconda.org/conda-forge/osx-64/pandas-2.0.2-py310h5e4fcda_0.conda#3abc4115cc90cc1530e0acbf8457cd71
